// !$*UTF8*$!
{
	archiveVersion = 1;
	classes = {
	};
	objectVersion = 77;
	objects = {

/* Begin PBXContainerItemProxy section */
		5E2DDD8B2CF700D900D730B7 /* PBXContainerItemProxy */ = {
			isa = PBXContainerItemProxy;
			containerPortal = 5E2DDD6C2CF700D700D730B7 /* Project object */;
			proxyType = 1;
			remoteGlobalIDString = 5E2DDD732CF700D700D730B7;
			remoteInfo = "The Selection sorting algorithm";
		};
		5E2DDD952CF700D900D730B7 /* PBXContainerItemProxy */ = {
			isa = PBXContainerItemProxy;
			containerPortal = 5E2DDD6C2CF700D700D730B7 /* Project object */;
			proxyType = 1;
			remoteGlobalIDString = 5E2DDD732CF700D700D730B7;
			remoteInfo = "The Selection sorting algorithm";
		};
/* End PBXContainerItemProxy section */

/* Begin PBXFileReference section */
		5E2DDD742CF700D700D730B7 /* The Selection sorting algorithm.app */ = {isa = PBXFileReference; explicitFileType = wrapper.application; includeInIndex = 0; path = "The Selection sorting algorithm.app"; sourceTree = BUILT_PRODUCTS_DIR; };
		5E2DDD8A2CF700D900D730B7 /* The Selection sorting algorithmTests.xctest */ = {isa = PBXFileReference; explicitFileType = wrapper.cfbundle; includeInIndex = 0; path = "The Selection sorting algorithmTests.xctest"; sourceTree = BUILT_PRODUCTS_DIR; };
		5E2DDD942CF700D900D730B7 /* The Selection sorting algorithmUITests.xctest */ = {isa = PBXFileReference; explicitFileType = wrapper.cfbundle; includeInIndex = 0; path = "The Selection sorting algorithmUITests.xctest"; sourceTree = BUILT_PRODUCTS_DIR; };
/* End PBXFileReference section */

/* Begin PBXFileSystemSynchronizedBuildFileExceptionSet section */
		5E2DDD9C2CF700D900D730B7 /* Exceptions for "The Selection sorting algorithm" folder in "The Selection sorting algorithm" target */ = {
			isa = PBXFileSystemSynchronizedBuildFileExceptionSet;
			membershipExceptions = (
				Info.plist,
			);
			target = 5E2DDD732CF700D700D730B7 /* The Selection sorting algorithm */;
		};
/* End PBXFileSystemSynchronizedBuildFileExceptionSet section */

/* Begin PBXFileSystemSynchronizedRootGroup section */
		5E2DDD762CF700D700D730B7 /* The Selection sorting algorithm */ = {
			isa = PBXFileSystemSynchronizedRootGroup;
			exceptions = (
				5E2DDD9C2CF700D900D730B7 /* Exceptions for "The Selection sorting algorithm" folder in "The Selection sorting algorithm" target */,
			);
			path = "The Selection sorting algorithm";
			sourceTree = "<group>";
		};
		5E2DDD8D2CF700D900D730B7 /* The Selection sorting algorithmTests */ = {
			isa = PBXFileSystemSynchronizedRootGroup;
			path = "The Selection sorting algorithmTests";
			sourceTree = "<group>";
		};
		5E2DDD972CF700D900D730B7 /* The Selection sorting algorithmUITests */ = {
			isa = PBXFileSystemSynchronizedRootGroup;
			path = "The Selection sorting algorithmUITests";
			sourceTree = "<group>";
		};
/* End PBXFileSystemSynchronizedRootGroup section */

/* Begin PBXFrameworksBuildPhase section */
		5E2DDD712CF700D700D730B7 /* Frameworks */ = {
			isa = PBXFrameworksBuildPhase;
			buildActionMask = 2147483647;
			files = (
			);
			runOnlyForDeploymentPostprocessing = 0;
		};
		5E2DDD872CF700D900D730B7 /* Frameworks */ = {
			isa = PBXFrameworksBuildPhase;
			buildActionMask = 2147483647;
			files = (
			);
			runOnlyForDeploymentPostprocessing = 0;
		};
		5E2DDD912CF700D900D730B7 /* Frameworks */ = {
			isa = PBXFrameworksBuildPhase;
			buildActionMask = 2147483647;
			files = (
			);
			runOnlyForDeploymentPostprocessing = 0;
		};
/* End PBXFrameworksBuildPhase section */

/* Begin PBXGroup section */
		5E2DDD6B2CF700D700D730B7 = {
			isa = PBXGroup;
			children = (
				5E2DDD762CF700D700D730B7 /* The Selection sorting algorithm */,
				5E2DDD8D2CF700D900D730B7 /* The Selection sorting algorithmTests */,
				5E2DDD972CF700D900D730B7 /* The Selection sorting algorithmUITests */,
				5E2DDD752CF700D700D730B7 /* Products */,
			);
			sourceTree = "<group>";
		};
		5E2DDD752CF700D700D730B7 /* Products */ = {
			isa = PBXGroup;
			children = (
				5E2DDD742CF700D700D730B7 /* The Selection sorting algorithm.app */,
				5E2DDD8A2CF700D900D730B7 /* The Selection sorting algorithmTests.xctest */,
				5E2DDD942CF700D900D730B7 /* The Selection sorting algorithmUITests.xctest */,
			);
			name = Products;
			sourceTree = "<group>";
		};
/* End PBXGroup section */

/* Begin PBXNativeTarget section */
		5E2DDD732CF700D700D730B7 /* The Selection sorting algorithm */ = {
			isa = PBXNativeTarget;
			buildConfigurationList = 5E2DDD9D2CF700D900D730B7 /* Build configuration list for PBXNativeTarget "The Selection sorting algorithm" */;
			buildPhases = (
				5E2DDD702CF700D700D730B7 /* Sources */,
				5E2DDD712CF700D700D730B7 /* Frameworks */,
				5E2DDD722CF700D700D730B7 /* Resources */,
			);
			buildRules = (
			);
			dependencies = (
			);
			fileSystemSynchronizedGroups = (
				5E2DDD762CF700D700D730B7 /* The Selection sorting algorithm */,
			);
			name = "The Selection sorting algorithm";
			packageProductDependencies = (
			);
			productName = "The Selection sorting algorithm";
			productReference = 5E2DDD742CF700D700D730B7 /* The Selection sorting algorithm.app */;
			productType = "com.apple.product-type.application";
		};
		5E2DDD892CF700D900D730B7 /* The Selection sorting algorithmTests */ = {
			isa = PBXNativeTarget;
			buildConfigurationList = 5E2DDDA22CF700D900D730B7 /* Build configuration list for PBXNativeTarget "The Selection sorting algorithmTests" */;
			buildPhases = (
				5E2DDD862CF700D900D730B7 /* Sources */,
				5E2DDD872CF700D900D730B7 /* Frameworks */,
				5E2DDD882CF700D900D730B7 /* Resources */,
			);
			buildRules = (
			);
			dependencies = (
				5E2DDD8C2CF700D900D730B7 /* PBXTargetDependency */,
			);
			fileSystemSynchronizedGroups = (
				5E2DDD8D2CF700D900D730B7 /* The Selection sorting algorithmTests */,
			);
			name = "The Selection sorting algorithmTests";
			packageProductDependencies = (
			);
			productName = "The Selection sorting algorithmTests";
			productReference = 5E2DDD8A2CF700D900D730B7 /* The Selection sorting algorithmTests.xctest */;
			productType = "com.apple.product-type.bundle.unit-test";
		};
		5E2DDD932CF700D900D730B7 /* The Selection sorting algorithmUITests */ = {
			isa = PBXNativeTarget;
			buildConfigurationList = 5E2DDDA52CF700D900D730B7 /* Build configuration list for PBXNativeTarget "The Selection sorting algorithmUITests" */;
			buildPhases = (
				5E2DDD902CF700D900D730B7 /* Sources */,
				5E2DDD912CF700D900D730B7 /* Frameworks */,
				5E2DDD922CF700D900D730B7 /* Resources */,
			);
			buildRules = (
			);
			dependencies = (
				5E2DDD962CF700D900D730B7 /* PBXTargetDependency */,
			);
			fileSystemSynchronizedGroups = (
				5E2DDD972CF700D900D730B7 /* The Selection sorting algorithmUITests */,
			);
			name = "The Selection sorting algorithmUITests";
			packageProductDependencies = (
			);
			productName = "The Selection sorting algorithmUITests";
			productReference = 5E2DDD942CF700D900D730B7 /* The Selection sorting algorithmUITests.xctest */;
			productType = "com.apple.product-type.bundle.ui-testing";
		};
/* End PBXNativeTarget section */

/* Begin PBXProject section */
		5E2DDD6C2CF700D700D730B7 /* Project object */ = {
			isa = PBXProject;
			attributes = {
				BuildIndependentTargetsInParallel = 1;
				LastSwiftUpdateCheck = 1610;
				LastUpgradeCheck = 1610;
				TargetAttributes = {
					5E2DDD732CF700D700D730B7 = {
						CreatedOnToolsVersion = 16.1;
					};
					5E2DDD892CF700D900D730B7 = {
						CreatedOnToolsVersion = 16.1;
						TestTargetID = 5E2DDD732CF700D700D730B7;
					};
					5E2DDD932CF700D900D730B7 = {
						CreatedOnToolsVersion = 16.1;
						TestTargetID = 5E2DDD732CF700D700D730B7;
					};
				};
			};
			buildConfigurationList = 5E2DDD6F2CF700D700D730B7 /* Build configuration list for PBXProject "The Selection sorting algorithm" */;
			developmentRegion = en;
			hasScannedForEncodings = 0;
			knownRegions = (
				en,
				Base,
			);
			mainGroup = 5E2DDD6B2CF700D700D730B7;
			minimizedProjectReferenceProxies = 1;
			preferredProjectObjectVersion = 77;
			productRefGroup = 5E2DDD752CF700D700D730B7 /* Products */;
			projectDirPath = "";
			projectRoot = "";
			targets = (
				5E2DDD732CF700D700D730B7 /* The Selection sorting algorithm */,
				5E2DDD892CF700D900D730B7 /* The Selection sorting algorithmTests */,
				5E2DDD932CF700D900D730B7 /* The Selection sorting algorithmUITests */,
			);
		};
/* End PBXProject section */

/* Begin PBXResourcesBuildPhase section */
		5E2DDD722CF700D700D730B7 /* Resources */ = {
			isa = PBXResourcesBuildPhase;
			buildActionMask = 2147483647;
			files = (
			);
			runOnlyForDeploymentPostprocessing = 0;
		};
		5E2DDD882CF700D900D730B7 /* Resources */ = {
			isa = PBXResourcesBuildPhase;
			buildActionMask = 2147483647;
			files = (
			);
			runOnlyForDeploymentPostprocessing = 0;
		};
		5E2DDD922CF700D900D730B7 /* Resources */ = {
			isa = PBXResourcesBuildPhase;
			buildActionMask = 2147483647;
			files = (
			);
			runOnlyForDeploymentPostprocessing = 0;
		};
/* End PBXResourcesBuildPhase section */

/* Begin PBXSourcesBuildPhase section */
		5E2DDD702CF700D700D730B7 /* Sources */ = {
			isa = PBXSourcesBuildPhase;
			buildActionMask = 2147483647;
			files = (
			);
			runOnlyForDeploymentPostprocessing = 0;
		};
		5E2DDD862CF700D900D730B7 /* Sources */ = {
			isa = PBXSourcesBuildPhase;
			buildActionMask = 2147483647;
			files = (
			);
			runOnlyForDeploymentPostprocessing = 0;
		};
		5E2DDD902CF700D900D730B7 /* Sources */ = {
			isa = PBXSourcesBuildPhase;
			buildActionMask = 2147483647;
			files = (
			);
			runOnlyForDeploymentPostprocessing = 0;
		};
/* End PBXSourcesBuildPhase section */

/* Begin PBXTargetDependency section */
		5E2DDD8C2CF700D900D730B7 /* PBXTargetDependency */ = {
			isa = PBXTargetDependency;
			target = 5E2DDD732CF700D700D730B7 /* The Selection sorting algorithm */;
			targetProxy = 5E2DDD8B2CF700D900D730B7 /* PBXContainerItemProxy */;
		};
		5E2DDD962CF700D900D730B7 /* PBXTargetDependency */ = {
			isa = PBXTargetDependency;
			target = 5E2DDD732CF700D700D730B7 /* The Selection sorting algorithm */;
			targetProxy = 5E2DDD952CF700D900D730B7 /* PBXContainerItemProxy */;
		};
/* End PBXTargetDependency section */

/* Begin XCBuildConfiguration section */
		5E2DDD9E2CF700D900D730B7 /* Debug */ = {
			isa = XCBuildConfiguration;
			buildSettings = {
				ASSETCATALOG_COMPILER_APPICON_NAME = AppIcon;
				ASSETCATALOG_COMPILER_GLOBAL_ACCENT_COLOR_NAME = AccentColor;
				CODE_SIGN_STYLE = Automatic;
				CURRENT_PROJECT_VERSION = 1;
				DEVELOPMENT_TEAM = 4N7GUZ7JN7;
				GENERATE_INFOPLIST_FILE = YES;
				INFOPLIST_FILE = "The Selection sorting algorithm/Info.plist";
				INFOPLIST_KEY_UIApplicationSupportsIndirectInputEvents = YES;
				INFOPLIST_KEY_UILaunchStoryboardName = LaunchScreen;
				INFOPLIST_KEY_UIMainStoryboardFile = Main;
				INFOPLIST_KEY_UISupportedInterfaceOrientations_iPad = "UIInterfaceOrientationPortrait UIInterfaceOrientationPortraitUpsideDown UIInterfaceOrientationLandscapeLeft UIInterfaceOrientationLandscapeRight";
				INFOPLIST_KEY_UISupportedInterfaceOrientations_iPhone = "UIInterfaceOrientationPortrait UIInterfaceOrientationLandscapeLeft UIInterfaceOrientationLandscapeRight";
				LD_RUNPATH_SEARCH_PATHS = (
					"$(inherited)",
					"@executable_path/Frameworks",
				);
				MARKETING_VERSION = 1.0;
				PRODUCT_BUNDLE_IDENTIFIER = "com.websitejulio.The-Selection-sorting-algorithm";
				PRODUCT_NAME = "$(TARGET_NAME)";
				SWIFT_EMIT_LOC_STRINGS = YES;
				SWIFT_VERSION = 5.0;
				TARGETED_DEVICE_FAMILY = "1,2";
			};
			name = Debug;
		};
		5E2DDD9F2CF700D900D730B7 /* Release */ = {
			isa = XCBuildConfiguration;
			buildSettings = {
				ASSETCATALOG_COMPILER_APPICON_NAME = AppIcon;
				ASSETCATALOG_COMPILER_GLOBAL_ACCENT_COLOR_NAME = AccentColor;
				CODE_SIGN_STYLE = Automatic;
				CURRENT_PROJECT_VERSION = 1;
				DEVELOPMENT_TEAM = 4N7GUZ7JN7;
				GENERATE_INFOPLIST_FILE = YES;
				INFOPLIST_FILE = "The Selection sorting algorithm/Info.plist";
				INFOPLIST_KEY_UIApplicationSupportsIndirectInputEvents = YES;
				INFOPLIST_KEY_UILaunchStoryboardName = LaunchScreen;
				INFOPLIST_KEY_UIMainStoryboardFile = Main;
				INFOPLIST_KEY_UISupportedInterfaceOrientations_iPad = "UIInterfaceOrientationPortrait UIInterfaceOrientationPortraitUpsideDown UIInterfaceOrientationLandscapeLeft UIInterfaceOrientationLandscapeRight";
				INFOPLIST_KEY_UISupportedInterfaceOrientations_iPhone = "UIInterfaceOrientationPortrait UIInterfaceOrientationLandscapeLeft UIInterfaceOrientationLandscapeRight";
				LD_RUNPATH_SEARCH_PATHS = (
					"$(inherited)",
					"@executable_path/Frameworks",
				);
				MARKETING_VERSION = 1.0;
				PRODUCT_BUNDLE_IDENTIFIER = "com.websitejulio.The-Selection-sorting-algorithm";
				PRODUCT_NAME = "$(TARGET_NAME)";
				SWIFT_EMIT_LOC_STRINGS = YES;
				SWIFT_VERSION = 5.0;
				TARGETED_DEVICE_FAMILY = "1,2";
			};
			name = Release;
		};
		5E2DDDA02CF700D900D730B7 /* Debug */ = {
			isa = XCBuildConfiguration;
			buildSettings = {
				ALWAYS_SEARCH_USER_PATHS = NO;
				ASSETCATALOG_COMPILER_GENERATE_SWIFT_ASSET_SYMBOL_EXTENSIONS = YES;
				CLANG_ANALYZER_NONNULL = YES;
				CLANG_ANALYZER_NUMBER_OBJECT_CONVERSION = YES_AGGRESSIVE;
				CLANG_CXX_LANGUAGE_STANDARD = "gnu++20";
				CLANG_ENABLE_MODULES = YES;
				CLANG_ENABLE_OBJC_ARC = YES;
				CLANG_ENABLE_OBJC_WEAK = YES;
				CLANG_WARN_BLOCK_CAPTURE_AUTORELEASING = YES;
				CLANG_WARN_BOOL_CONVERSION = YES;
				CLANG_WARN_COMMA = YES;
				CLANG_WARN_CONSTANT_CONVERSION = YES;
				CLANG_WARN_DEPRECATED_OBJC_IMPLEMENTATIONS = YES;
				CLANG_WARN_DIRECT_OBJC_ISA_USAGE = YES_ERROR;
				CLANG_WARN_DOCUMENTATION_COMMENTS = YES;
				CLANG_WARN_EMPTY_BODY = YES;
				CLANG_WARN_ENUM_CONVERSION = YES;
				CLANG_WARN_INFINITE_RECURSION = YES;
				CLANG_WARN_INT_CONVERSION = YES;
				CLANG_WARN_NON_LITERAL_NULL_CONVERSION = YES;
				CLANG_WARN_OBJC_IMPLICIT_RETAIN_SELF = YES;
				CLANG_WARN_OBJC_LITERAL_CONVERSION = YES;
				CLANG_WARN_OBJC_ROOT_CLASS = YES_ERROR;
				CLANG_WARN_QUOTED_INCLUDE_IN_FRAMEWORK_HEADER = YES;
				CLANG_WARN_RANGE_LOOP_ANALYSIS = YES;
				CLANG_WARN_STRICT_PROTOTYPES = YES;
				CLANG_WARN_SUSPICIOUS_MOVE = YES;
				CLANG_WARN_UNGUARDED_AVAILABILITY = YES_AGGRESSIVE;
				CLANG_WARN_UNREACHABLE_CODE = YES;
				CLANG_WARN__DUPLICATE_METHOD_MATCH = YES;
				COPY_PHASE_STRIP = NO;
				DEBUG_INFORMATION_FORMAT = dwarf;
				ENABLE_STRICT_OBJC_MSGSEND = YES;
				ENABLE_TESTABILITY = YES;
				ENABLE_USER_SCRIPT_SANDBOXING = YES;
				GCC_C_LANGUAGE_STANDARD = gnu17;
				GCC_DYNAMIC_NO_PIC = NO;
				GCC_NO_COMMON_BLOCKS = YES;
				GCC_OPTIMIZATION_LEVEL = 0;
				GCC_PREPROCESSOR_DEFINITIONS = (
					"DEBUG=1",
					"$(inherited)",
				);
				GCC_WARN_64_TO_32_BIT_CONVERSION = YES;
				GCC_WARN_ABOUT_RETURN_TYPE = YES_ERROR;
				GCC_WARN_UNDECLARED_SELECTOR = YES;
				GCC_WARN_UNINITIALIZED_AUTOS = YES_AGGRESSIVE;
				GCC_WARN_UNUSED_FUNCTION = YES;
				GCC_WARN_UNUSED_VARIABLE = YES;
				IPHONEOS_DEPLOYMENT_TARGET = 18.1;
				LOCALIZATION_PREFERS_STRING_CATALOGS = YES;
				MTL_ENABLE_DEBUG_INFO = INCLUDE_SOURCE;
				MTL_FAST_MATH = YES;
				ONLY_ACTIVE_ARCH = YES;
				SDKROOT = iphoneos;
				SWIFT_ACTIVE_COMPILATION_CONDITIONS = "DEBUG $(inherited)";
				SWIFT_OPTIMIZATION_LEVEL = "-Onone";
			};
			name = Debug;
		};
		5E2DDDA12CF700D900D730B7 /* Release */ = {
			isa = XCBuildConfiguration;
			buildSettings = {
				ALWAYS_SEARCH_USER_PATHS = NO;
				ASSETCATALOG_COMPILER_GENERATE_SWIFT_ASSET_SYMBOL_EXTENSIONS = YES;
				CLANG_ANALYZER_NONNULL = YES;
				CLANG_ANALYZER_NUMBER_OBJECT_CONVERSION = YES_AGGRESSIVE;
				CLANG_CXX_LANGUAGE_STANDARD = "gnu++20";
				CLANG_ENABLE_MODULES = YES;
				CLANG_ENABLE_OBJC_ARC = YES;
				CLANG_ENABLE_OBJC_WEAK = YES;
				CLANG_WARN_BLOCK_CAPTURE_AUTORELEASING = YES;
				CLANG_WARN_BOOL_CONVERSION = YES;
				CLANG_WARN_COMMA = YES;
				CLANG_WARN_CONSTANT_CONVERSION = YES;
				CLANG_WARN_DEPRECATED_OBJC_IMPLEMENTATIONS = YES;
				CLANG_WARN_DIRECT_OBJC_ISA_USAGE = YES_ERROR;
				CLANG_WARN_DOCUMENTATION_COMMENTS = YES;
				CLANG_WARN_EMPTY_BODY = YES;
				CLANG_WARN_ENUM_CONVERSION = YES;
				CLANG_WARN_INFINITE_RECURSION = YES;
				CLANG_WARN_INT_CONVERSION = YES;
				CLANG_WARN_NON_LITERAL_NULL_CONVERSION = YES;
				CLANG_WARN_OBJC_IMPLICIT_RETAIN_SELF = YES;
				CLANG_WARN_OBJC_LITERAL_CONVERSION = YES;
				CLANG_WARN_OBJC_ROOT_CLASS = YES_ERROR;
				CLANG_WARN_QUOTED_INCLUDE_IN_FRAMEWORK_HEADER = YES;
				CLANG_WARN_RANGE_LOOP_ANALYSIS = YES;
				CLANG_WARN_STRICT_PROTOTYPES = YES;
				CLANG_WARN_SUSPICIOUS_MOVE = YES;
				CLANG_WARN_UNGUARDED_AVAILABILITY = YES_AGGRESSIVE;
				CLANG_WARN_UNREACHABLE_CODE = YES;
				CLANG_WARN__DUPLICATE_METHOD_MATCH = YES;
				COPY_PHASE_STRIP = NO;
				DEBUG_INFORMATION_FORMAT = "dwarf-with-dsym";
				ENABLE_NS_ASSERTIONS = NO;
				ENABLE_STRICT_OBJC_MSGSEND = YES;
				ENABLE_USER_SCRIPT_SANDBOXING = YES;
				GCC_C_LANGUAGE_STANDARD = gnu17;
				GCC_NO_COMMON_BLOCKS = YES;
				GCC_WARN_64_TO_32_BIT_CONVERSION = YES;
				GCC_WARN_ABOUT_RETURN_TYPE = YES_ERROR;
				GCC_WARN_UNDECLARED_SELECTOR = YES;
				GCC_WARN_UNINITIALIZED_AUTOS = YES_AGGRESSIVE;
				GCC_WARN_UNUSED_FUNCTION = YES;
				GCC_WARN_UNUSED_VARIABLE = YES;
				IPHONEOS_DEPLOYMENT_TARGET = 18.1;
				LOCALIZATION_PREFERS_STRING_CATALOGS = YES;
				MTL_ENABLE_DEBUG_INFO = NO;
				MTL_FAST_MATH = YES;
				SDKROOT = iphoneos;
				SWIFT_COMPILATION_MODE = wholemodule;
				VALIDATE_PRODUCT = YES;
			};
			name = Release;
		};
		5E2DDDA32CF700D900D730B7 /* Debug */ = {
			isa = XCBuildConfiguration;
			buildSettings = {
				BUNDLE_LOADER = "$(TEST_HOST)";
				CODE_SIGN_STYLE = Automatic;
				CURRENT_PROJECT_VERSION = 1;
				DEVELOPMENT_TEAM = 4N7GUZ7JN7;
				GENERATE_INFOPLIST_FILE = YES;
				IPHONEOS_DEPLOYMENT_TARGET = 18.1;
				MARKETING_VERSION = 1.0;
				PRODUCT_BUNDLE_IDENTIFIER = "com.websitejulio.The-Selection-sorting-algorithmTests";
				PRODUCT_NAME = "$(TARGET_NAME)";
				SWIFT_EMIT_LOC_STRINGS = NO;
				SWIFT_VERSION = 5.0;
				TARGETED_DEVICE_FAMILY = "1,2";
				TEST_HOST = "$(BUILT_PRODUCTS_DIR)/The Selection sorting algorithm.app/$(BUNDLE_EXECUTABLE_FOLDER_PATH)/The Selection sorting algorithm";
			};
			name = Debug;
		};
		5E2DDDA42CF700D900D730B7 /* Release */ = {
			isa = XCBuildConfiguration;
			buildSettings = {
				BUNDLE_LOADER = "$(TEST_HOST)";
				CODE_SIGN_STYLE = Automatic;
				CURRENT_PROJECT_VERSION = 1;
				DEVELOPMENT_TEAM = 4N7GUZ7JN7;
				GENERATE_INFOPLIST_FILE = YES;
				IPHONEOS_DEPLOYMENT_TARGET = 18.1;
				MARKETING_VERSION = 1.0;
				PRODUCT_BUNDLE_IDENTIFIER = "com.websitejulio.The-Selection-sorting-algorithmTests";
				PRODUCT_NAME = "$(TARGET_NAME)";
				SWIFT_EMIT_LOC_STRINGS = NO;
				SWIFT_VERSION = 5.0;
				TARGETED_DEVICE_FAMILY = "1,2";
				TEST_HOST = "$(BUILT_PRODUCTS_DIR)/The Selection sorting algorithm.app/$(BUNDLE_EXECUTABLE_FOLDER_PATH)/The Selection sorting algorithm";
			};
			name = Release;
		};
		5E2DDDA62CF700D900D730B7 /* Debug */ = {
			isa = XCBuildConfiguration;
			buildSettings = {
				CODE_SIGN_STYLE = Automatic;
				CURRENT_PROJECT_VERSION = 1;
				DEVELOPMENT_TEAM = 4N7GUZ7JN7;
				GENERATE_INFOPLIST_FILE = YES;
				MARKETING_VERSION = 1.0;
				PRODUCT_BUNDLE_IDENTIFIER = "com.websitejulio.The-Selection-sorting-algorithmUITests";
				PRODUCT_NAME = "$(TARGET_NAME)";
				SWIFT_EMIT_LOC_STRINGS = NO;
				SWIFT_VERSION = 5.0;
				TARGETED_DEVICE_FAMILY = "1,2";
				TEST_TARGET_NAME = "The Selection sorting algorithm";
			};
			name = Debug;
		};
		5E2DDDA72CF700D900D730B7 /* Release */ = {
			isa = XCBuildConfiguration;
			buildSettings = {
				CODE_SIGN_STYLE = Automatic;
				CURRENT_PROJECT_VERSION = 1;
				DEVELOPMENT_TEAM = 4N7GUZ7JN7;
				GENERATE_INFOPLIST_FILE = YES;
				MARKETING_VERSION = 1.0;
				PRODUCT_BUNDLE_IDENTIFIER = "com.websitejulio.The-Selection-sorting-algorithmUITests";
				PRODUCT_NAME = "$(TARGET_NAME)";
				SWIFT_EMIT_LOC_STRINGS = NO;
				SWIFT_VERSION = 5.0;
				TARGETED_DEVICE_FAMILY = "1,2";
				TEST_TARGET_NAME = "The Selection sorting algorithm";
			};
			name = Release;
		};
/* End XCBuildConfiguration section */

/* Begin XCConfigurationList section */
		5E2DDD6F2CF700D700D730B7 /* Build configuration list for PBXProject "The Selection sorting algorithm" */ = {
			isa = XCConfigurationList;
			buildConfigurations = (
				5E2DDDA02CF700D900D730B7 /* Debug */,
				5E2DDDA12CF700D900D730B7 /* Release */,
			);
			defaultConfigurationIsVisible = 0;
			defaultConfigurationName = Release;
		};
		5E2DDD9D2CF700D900D730B7 /* Build configuration list for PBXNativeTarget "The Selection sorting algorithm" */ = {
			isa = XCConfigurationList;
			buildConfigurations = (
				5E2DDD9E2CF700D900D730B7 /* Debug */,
				5E2DDD9F2CF700D900D730B7 /* Release */,
			);
			defaultConfigurationIsVisible = 0;
			defaultConfigurationName = Release;
		};
		5E2DDDA22CF700D900D730B7 /* Build configuration list for PBXNativeTarget "The Selection sorting algorithmTests" */ = {
			isa = XCConfigurationList;
			buildConfigurations = (
				5E2DDDA32CF700D900D730B7 /* Debug */,
				5E2DDDA42CF700D900D730B7 /* Release */,
			);
			defaultConfigurationIsVisible = 0;
			defaultConfigurationName = Release;
		};
		5E2DDDA52CF700D900D730B7 /* Build configuration list for PBXNativeTarget "The Selection sorting algorithmUITests" */ = {
			isa = XCConfigurationList;
			buildConfigurations = (
				5E2DDDA62CF700D900D730B7 /* Debug */,
				5E2DDDA72CF700D900D730B7 /* Release */,
			);
			defaultConfigurationIsVisible = 0;
			defaultConfigurationName = Release;
		};
/* End XCConfigurationList section */
	};
	rootObject = 5E2DDD6C2CF700D700D730B7 /* Project object */;
}
