// !$*UTF8*$!
{
	archiveVersion = 1;
	classes = {
	};
	objectVersion = 77;
	objects = {

/* Begin PBXContainerItemProxy section */
		5E953B252CCA9B1700C6BA23 /* PBXContainerItemProxy */ = {
			isa = PBXContainerItemProxy;
			containerPortal = 5E953B062CCA9B1300C6BA23 /* Project object */;
			proxyType = 1;
			remoteGlobalIDString = 5E953B0D2CCA9B1300C6BA23;
			remoteInfo = "Message passing between controllers via performSegue";
		};
		5E953B2F2CCA9B1700C6BA23 /* PBXContainerItemProxy */ = {
			isa = PBXContainerItemProxy;
			containerPortal = 5E953B062CCA9B1300C6BA23 /* Project object */;
			proxyType = 1;
			remoteGlobalIDString = 5E953B0D2CCA9B1300C6BA23;
			remoteInfo = "Message passing between controllers via performSegue";
		};
/* End PBXContainerItemProxy section */

/* Begin PBXFileReference section */
		5E953B0E2CCA9B1300C6BA23 /* Message passing between controllers via performSegue.app */ = {isa = PBXFileReference; explicitFileType = wrapper.application; includeInIndex = 0; path = "Message passing between controllers via performSegue.app"; sourceTree = BUILT_PRODUCTS_DIR; };
		5E953B242CCA9B1700C6BA23 /* Message passing between controllers via performSegueTests.xctest */ = {isa = PBXFileReference; explicitFileType = wrapper.cfbundle; includeInIndex = 0; path = "Message passing between controllers via performSegueTests.xctest"; sourceTree = BUILT_PRODUCTS_DIR; };
		5E953B2E2CCA9B1700C6BA23 /* Message passing between controllers via performSegueUITests.xctest */ = {isa = PBXFileReference; explicitFileType = wrapper.cfbundle; includeInIndex = 0; path = "Message passing between controllers via performSegueUITests.xctest"; sourceTree = BUILT_PRODUCTS_DIR; };
/* End PBXFileReference section */

/* Begin PBXFileSystemSynchronizedBuildFileExceptionSet section */
		5E953B362CCA9B1700C6BA23 /* Exceptions for "Message passing between controllers via performSegue" folder in "Message passing between controllers via performSegue" target */ = {
			isa = PBXFileSystemSynchronizedBuildFileExceptionSet;
			membershipExceptions = (
				Info.plist,
			);
			target = 5E953B0D2CCA9B1300C6BA23 /* Message passing between controllers via performSegue */;
		};
/* End PBXFileSystemSynchronizedBuildFileExceptionSet section */

/* Begin PBXFileSystemSynchronizedRootGroup section */
		5E953B102CCA9B1300C6BA23 /* Message passing between controllers via performSegue */ = {
			isa = PBXFileSystemSynchronizedRootGroup;
			exceptions = (
				5E953B362CCA9B1700C6BA23 /* Exceptions for "Message passing between controllers via performSegue" folder in "Message passing between controllers via performSegue" target */,
			);
			path = "Message passing between controllers via performSegue";
			sourceTree = "<group>";
		};
		5E953B272CCA9B1700C6BA23 /* Message passing between controllers via performSegueTests */ = {
			isa = PBXFileSystemSynchronizedRootGroup;
			path = "Message passing between controllers via performSegueTests";
			sourceTree = "<group>";
		};
		5E953B312CCA9B1700C6BA23 /* Message passing between controllers via performSegueUITests */ = {
			isa = PBXFileSystemSynchronizedRootGroup;
			path = "Message passing between controllers via performSegueUITests";
			sourceTree = "<group>";
		};
/* End PBXFileSystemSynchronizedRootGroup section */

/* Begin PBXFrameworksBuildPhase section */
		5E953B0B2CCA9B1300C6BA23 /* Frameworks */ = {
			isa = PBXFrameworksBuildPhase;
			buildActionMask = 2147483647;
			files = (
			);
			runOnlyForDeploymentPostprocessing = 0;
		};
		5E953B212CCA9B1700C6BA23 /* Frameworks */ = {
			isa = PBXFrameworksBuildPhase;
			buildActionMask = 2147483647;
			files = (
			);
			runOnlyForDeploymentPostprocessing = 0;
		};
		5E953B2B2CCA9B1700C6BA23 /* Frameworks */ = {
			isa = PBXFrameworksBuildPhase;
			buildActionMask = 2147483647;
			files = (
			);
			runOnlyForDeploymentPostprocessing = 0;
		};
/* End PBXFrameworksBuildPhase section */

/* Begin PBXGroup section */
		5E953B052CCA9B1300C6BA23 = {
			isa = PBXGroup;
			children = (
				5E953B102CCA9B1300C6BA23 /* Message passing between controllers via performSegue */,
				5E953B272CCA9B1700C6BA23 /* Message passing between controllers via performSegueTests */,
				5E953B312CCA9B1700C6BA23 /* Message passing between controllers via performSegueUITests */,
				5E953B0F2CCA9B1300C6BA23 /* Products */,
			);
			sourceTree = "<group>";
		};
		5E953B0F2CCA9B1300C6BA23 /* Products */ = {
			isa = PBXGroup;
			children = (
				5E953B0E2CCA9B1300C6BA23 /* Message passing between controllers via performSegue.app */,
				5E953B242CCA9B1700C6BA23 /* Message passing between controllers via performSegueTests.xctest */,
				5E953B2E2CCA9B1700C6BA23 /* Message passing between controllers via performSegueUITests.xctest */,
			);
			name = Products;
			sourceTree = "<group>";
		};
/* End PBXGroup section */

/* Begin PBXNativeTarget section */
		5E953B0D2CCA9B1300C6BA23 /* Message passing between controllers via performSegue */ = {
			isa = PBXNativeTarget;
			buildConfigurationList = 5E953B372CCA9B1700C6BA23 /* Build configuration list for PBXNativeTarget "Message passing between controllers via performSegue" */;
			buildPhases = (
				5E953B0A2CCA9B1300C6BA23 /* Sources */,
				5E953B0B2CCA9B1300C6BA23 /* Frameworks */,
				5E953B0C2CCA9B1300C6BA23 /* Resources */,
			);
			buildRules = (
			);
			dependencies = (
			);
			fileSystemSynchronizedGroups = (
				5E953B102CCA9B1300C6BA23 /* Message passing between controllers via performSegue */,
			);
			name = "Message passing between controllers via performSegue";
			packageProductDependencies = (
			);
			productName = "Message passing between controllers via performSegue";
			productReference = 5E953B0E2CCA9B1300C6BA23 /* Message passing between controllers via performSegue.app */;
			productType = "com.apple.product-type.application";
		};
		5E953B232CCA9B1700C6BA23 /* Message passing between controllers via performSegueTests */ = {
			isa = PBXNativeTarget;
			buildConfigurationList = 5E953B3C2CCA9B1700C6BA23 /* Build configuration list for PBXNativeTarget "Message passing between controllers via performSegueTests" */;
			buildPhases = (
				5E953B202CCA9B1700C6BA23 /* Sources */,
				5E953B212CCA9B1700C6BA23 /* Frameworks */,
				5E953B222CCA9B1700C6BA23 /* Resources */,
			);
			buildRules = (
			);
			dependencies = (
				5E953B262CCA9B1700C6BA23 /* PBXTargetDependency */,
			);
			fileSystemSynchronizedGroups = (
				5E953B272CCA9B1700C6BA23 /* Message passing between controllers via performSegueTests */,
			);
			name = "Message passing between controllers via performSegueTests";
			packageProductDependencies = (
			);
			productName = "Message passing between controllers via performSegueTests";
			productReference = 5E953B242CCA9B1700C6BA23 /* Message passing between controllers via performSegueTests.xctest */;
			productType = "com.apple.product-type.bundle.unit-test";
		};
		5E953B2D2CCA9B1700C6BA23 /* Message passing between controllers via performSegueUITests */ = {
			isa = PBXNativeTarget;
			buildConfigurationList = 5E953B3F2CCA9B1700C6BA23 /* Build configuration list for PBXNativeTarget "Message passing between controllers via performSegueUITests" */;
			buildPhases = (
				5E953B2A2CCA9B1700C6BA23 /* Sources */,
				5E953B2B2CCA9B1700C6BA23 /* Frameworks */,
				5E953B2C2CCA9B1700C6BA23 /* Resources */,
			);
			buildRules = (
			);
			dependencies = (
				5E953B302CCA9B1700C6BA23 /* PBXTargetDependency */,
			);
			fileSystemSynchronizedGroups = (
				5E953B312CCA9B1700C6BA23 /* Message passing between controllers via performSegueUITests */,
			);
			name = "Message passing between controllers via performSegueUITests";
			packageProductDependencies = (
			);
			productName = "Message passing between controllers via performSegueUITests";
			productReference = 5E953B2E2CCA9B1700C6BA23 /* Message passing between controllers via performSegueUITests.xctest */;
			productType = "com.apple.product-type.bundle.ui-testing";
		};
/* End PBXNativeTarget section */

/* Begin PBXProject section */
		5E953B062CCA9B1300C6BA23 /* Project object */ = {
			isa = PBXProject;
			attributes = {
				BuildIndependentTargetsInParallel = 1;
				LastSwiftUpdateCheck = 1600;
				LastUpgradeCheck = 1600;
				TargetAttributes = {
					5E953B0D2CCA9B1300C6BA23 = {
						CreatedOnToolsVersion = 16.0;
					};
					5E953B232CCA9B1700C6BA23 = {
						CreatedOnToolsVersion = 16.0;
						TestTargetID = 5E953B0D2CCA9B1300C6BA23;
					};
					5E953B2D2CCA9B1700C6BA23 = {
						CreatedOnToolsVersion = 16.0;
						TestTargetID = 5E953B0D2CCA9B1300C6BA23;
					};
				};
			};
			buildConfigurationList = 5E953B092CCA9B1300C6BA23 /* Build configuration list for PBXProject "Message passing between controllers via performSegue" */;
			developmentRegion = en;
			hasScannedForEncodings = 0;
			knownRegions = (
				en,
				Base,
			);
			mainGroup = 5E953B052CCA9B1300C6BA23;
			minimizedProjectReferenceProxies = 1;
			preferredProjectObjectVersion = 77;
			productRefGroup = 5E953B0F2CCA9B1300C6BA23 /* Products */;
			projectDirPath = "";
			projectRoot = "";
			targets = (
				5E953B0D2CCA9B1300C6BA23 /* Message passing between controllers via performSegue */,
				5E953B232CCA9B1700C6BA23 /* Message passing between controllers via performSegueTests */,
				5E953B2D2CCA9B1700C6BA23 /* Message passing between controllers via performSegueUITests */,
			);
		};
/* End PBXProject section */

/* Begin PBXResourcesBuildPhase section */
		5E953B0C2CCA9B1300C6BA23 /* Resources */ = {
			isa = PBXResourcesBuildPhase;
			buildActionMask = 2147483647;
			files = (
			);
			runOnlyForDeploymentPostprocessing = 0;
		};
		5E953B222CCA9B1700C6BA23 /* Resources */ = {
			isa = PBXResourcesBuildPhase;
			buildActionMask = 2147483647;
			files = (
			);
			runOnlyForDeploymentPostprocessing = 0;
		};
		5E953B2C2CCA9B1700C6BA23 /* Resources */ = {
			isa = PBXResourcesBuildPhase;
			buildActionMask = 2147483647;
			files = (
			);
			runOnlyForDeploymentPostprocessing = 0;
		};
/* End PBXResourcesBuildPhase section */

/* Begin PBXSourcesBuildPhase section */
		5E953B0A2CCA9B1300C6BA23 /* Sources */ = {
			isa = PBXSourcesBuildPhase;
			buildActionMask = 2147483647;
			files = (
			);
			runOnlyForDeploymentPostprocessing = 0;
		};
		5E953B202CCA9B1700C6BA23 /* Sources */ = {
			isa = PBXSourcesBuildPhase;
			buildActionMask = 2147483647;
			files = (
			);
			runOnlyForDeploymentPostprocessing = 0;
		};
		5E953B2A2CCA9B1700C6BA23 /* Sources */ = {
			isa = PBXSourcesBuildPhase;
			buildActionMask = 2147483647;
			files = (
			);
			runOnlyForDeploymentPostprocessing = 0;
		};
/* End PBXSourcesBuildPhase section */

/* Begin PBXTargetDependency section */
		5E953B262CCA9B1700C6BA23 /* PBXTargetDependency */ = {
			isa = PBXTargetDependency;
			target = 5E953B0D2CCA9B1300C6BA23 /* Message passing between controllers via performSegue */;
			targetProxy = 5E953B252CCA9B1700C6BA23 /* PBXContainerItemProxy */;
		};
		5E953B302CCA9B1700C6BA23 /* PBXTargetDependency */ = {
			isa = PBXTargetDependency;
			target = 5E953B0D2CCA9B1300C6BA23 /* Message passing between controllers via performSegue */;
			targetProxy = 5E953B2F2CCA9B1700C6BA23 /* PBXContainerItemProxy */;
		};
/* End PBXTargetDependency section */

/* Begin XCBuildConfiguration section */
		5E953B382CCA9B1700C6BA23 /* Debug */ = {
			isa = XCBuildConfiguration;
			buildSettings = {
				ASSETCATALOG_COMPILER_APPICON_NAME = AppIcon;
				ASSETCATALOG_COMPILER_GLOBAL_ACCENT_COLOR_NAME = AccentColor;
				CODE_SIGN_STYLE = Automatic;
				CURRENT_PROJECT_VERSION = 1;
				DEVELOPMENT_TEAM = 4N7GUZ7JN7;
				GENERATE_INFOPLIST_FILE = YES;
				INFOPLIST_FILE = "Message passing between controllers via performSegue/Info.plist";
				INFOPLIST_KEY_UIApplicationSupportsIndirectInputEvents = YES;
				INFOPLIST_KEY_UILaunchStoryboardName = LaunchScreen;
				INFOPLIST_KEY_UIMainStoryboardFile = Main;
				INFOPLIST_KEY_UISupportedInterfaceOrientations_iPad = "UIInterfaceOrientationPortrait UIInterfaceOrientationPortraitUpsideDown UIInterfaceOrientationLandscapeLeft UIInterfaceOrientationLandscapeRight";
				INFOPLIST_KEY_UISupportedInterfaceOrientations_iPhone = "UIInterfaceOrientationPortrait UIInterfaceOrientationLandscapeLeft UIInterfaceOrientationLandscapeRight";
				LD_RUNPATH_SEARCH_PATHS = (
					"$(inherited)",
					"@executable_path/Frameworks",
				);
				MARKETING_VERSION = 1.0;
				PRODUCT_BUNDLE_IDENTIFIER = "com.websitejulio.Message-passing-between-controllers-via-performSegue";
				PRODUCT_NAME = "$(TARGET_NAME)";
				SWIFT_EMIT_LOC_STRINGS = YES;
				SWIFT_VERSION = 5.0;
				TARGETED_DEVICE_FAMILY = "1,2";
			};
			name = Debug;
		};
		5E953B392CCA9B1700C6BA23 /* Release */ = {
			isa = XCBuildConfiguration;
			buildSettings = {
				ASSETCATALOG_COMPILER_APPICON_NAME = AppIcon;
				ASSETCATALOG_COMPILER_GLOBAL_ACCENT_COLOR_NAME = AccentColor;
				CODE_SIGN_STYLE = Automatic;
				CURRENT_PROJECT_VERSION = 1;
				DEVELOPMENT_TEAM = 4N7GUZ7JN7;
				GENERATE_INFOPLIST_FILE = YES;
				INFOPLIST_FILE = "Message passing between controllers via performSegue/Info.plist";
				INFOPLIST_KEY_UIApplicationSupportsIndirectInputEvents = YES;
				INFOPLIST_KEY_UILaunchStoryboardName = LaunchScreen;
				INFOPLIST_KEY_UIMainStoryboardFile = Main;
				INFOPLIST_KEY_UISupportedInterfaceOrientations_iPad = "UIInterfaceOrientationPortrait UIInterfaceOrientationPortraitUpsideDown UIInterfaceOrientationLandscapeLeft UIInterfaceOrientationLandscapeRight";
				INFOPLIST_KEY_UISupportedInterfaceOrientations_iPhone = "UIInterfaceOrientationPortrait UIInterfaceOrientationLandscapeLeft UIInterfaceOrientationLandscapeRight";
				LD_RUNPATH_SEARCH_PATHS = (
					"$(inherited)",
					"@executable_path/Frameworks",
				);
				MARKETING_VERSION = 1.0;
				PRODUCT_BUNDLE_IDENTIFIER = "com.websitejulio.Message-passing-between-controllers-via-performSegue";
				PRODUCT_NAME = "$(TARGET_NAME)";
				SWIFT_EMIT_LOC_STRINGS = YES;
				SWIFT_VERSION = 5.0;
				TARGETED_DEVICE_FAMILY = "1,2";
			};
			name = Release;
		};
		5E953B3A2CCA9B1700C6BA23 /* Debug */ = {
			isa = XCBuildConfiguration;
			buildSettings = {
				ALWAYS_SEARCH_USER_PATHS = NO;
				ASSETCATALOG_COMPILER_GENERATE_SWIFT_ASSET_SYMBOL_EXTENSIONS = YES;
				CLANG_ANALYZER_NONNULL = YES;
				CLANG_ANALYZER_NUMBER_OBJECT_CONVERSION = YES_AGGRESSIVE;
				CLANG_CXX_LANGUAGE_STANDARD = "gnu++20";
				CLANG_ENABLE_MODULES = YES;
				CLANG_ENABLE_OBJC_ARC = YES;
				CLANG_ENABLE_OBJC_WEAK = YES;
				CLANG_WARN_BLOCK_CAPTURE_AUTORELEASING = YES;
				CLANG_WARN_BOOL_CONVERSION = YES;
				CLANG_WARN_COMMA = YES;
				CLANG_WARN_CONSTANT_CONVERSION = YES;
				CLANG_WARN_DEPRECATED_OBJC_IMPLEMENTATIONS = YES;
				CLANG_WARN_DIRECT_OBJC_ISA_USAGE = YES_ERROR;
				CLANG_WARN_DOCUMENTATION_COMMENTS = YES;
				CLANG_WARN_EMPTY_BODY = YES;
				CLANG_WARN_ENUM_CONVERSION = YES;
				CLANG_WARN_INFINITE_RECURSION = YES;
				CLANG_WARN_INT_CONVERSION = YES;
				CLANG_WARN_NON_LITERAL_NULL_CONVERSION = YES;
				CLANG_WARN_OBJC_IMPLICIT_RETAIN_SELF = YES;
				CLANG_WARN_OBJC_LITERAL_CONVERSION = YES;
				CLANG_WARN_OBJC_ROOT_CLASS = YES_ERROR;
				CLANG_WARN_QUOTED_INCLUDE_IN_FRAMEWORK_HEADER = YES;
				CLANG_WARN_RANGE_LOOP_ANALYSIS = YES;
				CLANG_WARN_STRICT_PROTOTYPES = YES;
				CLANG_WARN_SUSPICIOUS_MOVE = YES;
				CLANG_WARN_UNGUARDED_AVAILABILITY = YES_AGGRESSIVE;
				CLANG_WARN_UNREACHABLE_CODE = YES;
				CLANG_WARN__DUPLICATE_METHOD_MATCH = YES;
				COPY_PHASE_STRIP = NO;
				DEBUG_INFORMATION_FORMAT = dwarf;
				ENABLE_STRICT_OBJC_MSGSEND = YES;
				ENABLE_TESTABILITY = YES;
				ENABLE_USER_SCRIPT_SANDBOXING = YES;
				GCC_C_LANGUAGE_STANDARD = gnu17;
				GCC_DYNAMIC_NO_PIC = NO;
				GCC_NO_COMMON_BLOCKS = YES;
				GCC_OPTIMIZATION_LEVEL = 0;
				GCC_PREPROCESSOR_DEFINITIONS = (
					"DEBUG=1",
					"$(inherited)",
				);
				GCC_WARN_64_TO_32_BIT_CONVERSION = YES;
				GCC_WARN_ABOUT_RETURN_TYPE = YES_ERROR;
				GCC_WARN_UNDECLARED_SELECTOR = YES;
				GCC_WARN_UNINITIALIZED_AUTOS = YES_AGGRESSIVE;
				GCC_WARN_UNUSED_FUNCTION = YES;
				GCC_WARN_UNUSED_VARIABLE = YES;
				IPHONEOS_DEPLOYMENT_TARGET = 18.0;
				LOCALIZATION_PREFERS_STRING_CATALOGS = YES;
				MTL_ENABLE_DEBUG_INFO = INCLUDE_SOURCE;
				MTL_FAST_MATH = YES;
				ONLY_ACTIVE_ARCH = YES;
				SDKROOT = iphoneos;
				SWIFT_ACTIVE_COMPILATION_CONDITIONS = "DEBUG $(inherited)";
				SWIFT_OPTIMIZATION_LEVEL = "-Onone";
			};
			name = Debug;
		};
		5E953B3B2CCA9B1700C6BA23 /* Release */ = {
			isa = XCBuildConfiguration;
			buildSettings = {
				ALWAYS_SEARCH_USER_PATHS = NO;
				ASSETCATALOG_COMPILER_GENERATE_SWIFT_ASSET_SYMBOL_EXTENSIONS = YES;
				CLANG_ANALYZER_NONNULL = YES;
				CLANG_ANALYZER_NUMBER_OBJECT_CONVERSION = YES_AGGRESSIVE;
				CLANG_CXX_LANGUAGE_STANDARD = "gnu++20";
				CLANG_ENABLE_MODULES = YES;
				CLANG_ENABLE_OBJC_ARC = YES;
				CLANG_ENABLE_OBJC_WEAK = YES;
				CLANG_WARN_BLOCK_CAPTURE_AUTORELEASING = YES;
				CLANG_WARN_BOOL_CONVERSION = YES;
				CLANG_WARN_COMMA = YES;
				CLANG_WARN_CONSTANT_CONVERSION = YES;
				CLANG_WARN_DEPRECATED_OBJC_IMPLEMENTATIONS = YES;
				CLANG_WARN_DIRECT_OBJC_ISA_USAGE = YES_ERROR;
				CLANG_WARN_DOCUMENTATION_COMMENTS = YES;
				CLANG_WARN_EMPTY_BODY = YES;
				CLANG_WARN_ENUM_CONVERSION = YES;
				CLANG_WARN_INFINITE_RECURSION = YES;
				CLANG_WARN_INT_CONVERSION = YES;
				CLANG_WARN_NON_LITERAL_NULL_CONVERSION = YES;
				CLANG_WARN_OBJC_IMPLICIT_RETAIN_SELF = YES;
				CLANG_WARN_OBJC_LITERAL_CONVERSION = YES;
				CLANG_WARN_OBJC_ROOT_CLASS = YES_ERROR;
				CLANG_WARN_QUOTED_INCLUDE_IN_FRAMEWORK_HEADER = YES;
				CLANG_WARN_RANGE_LOOP_ANALYSIS = YES;
				CLANG_WARN_STRICT_PROTOTYPES = YES;
				CLANG_WARN_SUSPICIOUS_MOVE = YES;
				CLANG_WARN_UNGUARDED_AVAILABILITY = YES_AGGRESSIVE;
				CLANG_WARN_UNREACHABLE_CODE = YES;
				CLANG_WARN__DUPLICATE_METHOD_MATCH = YES;
				COPY_PHASE_STRIP = NO;
				DEBUG_INFORMATION_FORMAT = "dwarf-with-dsym";
				ENABLE_NS_ASSERTIONS = NO;
				ENABLE_STRICT_OBJC_MSGSEND = YES;
				ENABLE_USER_SCRIPT_SANDBOXING = YES;
				GCC_C_LANGUAGE_STANDARD = gnu17;
				GCC_NO_COMMON_BLOCKS = YES;
				GCC_WARN_64_TO_32_BIT_CONVERSION = YES;
				GCC_WARN_ABOUT_RETURN_TYPE = YES_ERROR;
				GCC_WARN_UNDECLARED_SELECTOR = YES;
				GCC_WARN_UNINITIALIZED_AUTOS = YES_AGGRESSIVE;
				GCC_WARN_UNUSED_FUNCTION = YES;
				GCC_WARN_UNUSED_VARIABLE = YES;
				IPHONEOS_DEPLOYMENT_TARGET = 18.0;
				LOCALIZATION_PREFERS_STRING_CATALOGS = YES;
				MTL_ENABLE_DEBUG_INFO = NO;
				MTL_FAST_MATH = YES;
				SDKROOT = iphoneos;
				SWIFT_COMPILATION_MODE = wholemodule;
				VALIDATE_PRODUCT = YES;
			};
			name = Release;
		};
		5E953B3D2CCA9B1700C6BA23 /* Debug */ = {
			isa = XCBuildConfiguration;
			buildSettings = {
				BUNDLE_LOADER = "$(TEST_HOST)";
				CODE_SIGN_STYLE = Automatic;
				CURRENT_PROJECT_VERSION = 1;
				DEVELOPMENT_TEAM = 4N7GUZ7JN7;
				GENERATE_INFOPLIST_FILE = YES;
				IPHONEOS_DEPLOYMENT_TARGET = 18.0;
				MARKETING_VERSION = 1.0;
				PRODUCT_BUNDLE_IDENTIFIER = "com.websitejulio.Message-passing-between-controllers-via-performSegueTests";
				PRODUCT_NAME = "$(TARGET_NAME)";
				SWIFT_EMIT_LOC_STRINGS = NO;
				SWIFT_VERSION = 5.0;
				TARGETED_DEVICE_FAMILY = "1,2";
				TEST_HOST = "$(BUILT_PRODUCTS_DIR)/Message passing between controllers via performSegue.app/$(BUNDLE_EXECUTABLE_FOLDER_PATH)/Message passing between controllers via performSegue";
			};
			name = Debug;
		};
		5E953B3E2CCA9B1700C6BA23 /* Release */ = {
			isa = XCBuildConfiguration;
			buildSettings = {
				BUNDLE_LOADER = "$(TEST_HOST)";
				CODE_SIGN_STYLE = Automatic;
				CURRENT_PROJECT_VERSION = 1;
				DEVELOPMENT_TEAM = 4N7GUZ7JN7;
				GENERATE_INFOPLIST_FILE = YES;
				IPHONEOS_DEPLOYMENT_TARGET = 18.0;
				MARKETING_VERSION = 1.0;
				PRODUCT_BUNDLE_IDENTIFIER = "com.websitejulio.Message-passing-between-controllers-via-performSegueTests";
				PRODUCT_NAME = "$(TARGET_NAME)";
				SWIFT_EMIT_LOC_STRINGS = NO;
				SWIFT_VERSION = 5.0;
				TARGETED_DEVICE_FAMILY = "1,2";
				TEST_HOST = "$(BUILT_PRODUCTS_DIR)/Message passing between controllers via performSegue.app/$(BUNDLE_EXECUTABLE_FOLDER_PATH)/Message passing between controllers via performSegue";
			};
			name = Release;
		};
		5E953B402CCA9B1700C6BA23 /* Debug */ = {
			isa = XCBuildConfiguration;
			buildSettings = {
				CODE_SIGN_STYLE = Automatic;
				CURRENT_PROJECT_VERSION = 1;
				DEVELOPMENT_TEAM = 4N7GUZ7JN7;
				GENERATE_INFOPLIST_FILE = YES;
				MARKETING_VERSION = 1.0;
				PRODUCT_BUNDLE_IDENTIFIER = "com.websitejulio.Message-passing-between-controllers-via-performSegueUITests";
				PRODUCT_NAME = "$(TARGET_NAME)";
				SWIFT_EMIT_LOC_STRINGS = NO;
				SWIFT_VERSION = 5.0;
				TARGETED_DEVICE_FAMILY = "1,2";
				TEST_TARGET_NAME = "Message passing between controllers via performSegue";
			};
			name = Debug;
		};
		5E953B412CCA9B1700C6BA23 /* Release */ = {
			isa = XCBuildConfiguration;
			buildSettings = {
				CODE_SIGN_STYLE = Automatic;
				CURRENT_PROJECT_VERSION = 1;
				DEVELOPMENT_TEAM = 4N7GUZ7JN7;
				GENERATE_INFOPLIST_FILE = YES;
				MARKETING_VERSION = 1.0;
				PRODUCT_BUNDLE_IDENTIFIER = "com.websitejulio.Message-passing-between-controllers-via-performSegueUITests";
				PRODUCT_NAME = "$(TARGET_NAME)";
				SWIFT_EMIT_LOC_STRINGS = NO;
				SWIFT_VERSION = 5.0;
				TARGETED_DEVICE_FAMILY = "1,2";
				TEST_TARGET_NAME = "Message passing between controllers via performSegue";
			};
			name = Release;
		};
/* End XCBuildConfiguration section */

/* Begin XCConfigurationList section */
		5E953B092CCA9B1300C6BA23 /* Build configuration list for PBXProject "Message passing between controllers via performSegue" */ = {
			isa = XCConfigurationList;
			buildConfigurations = (
				5E953B3A2CCA9B1700C6BA23 /* Debug */,
				5E953B3B2CCA9B1700C6BA23 /* Release */,
			);
			defaultConfigurationIsVisible = 0;
			defaultConfigurationName = Release;
		};
		5E953B372CCA9B1700C6BA23 /* Build configuration list for PBXNativeTarget "Message passing between controllers via performSegue" */ = {
			isa = XCConfigurationList;
			buildConfigurations = (
				5E953B382CCA9B1700C6BA23 /* Debug */,
				5E953B392CCA9B1700C6BA23 /* Release */,
			);
			defaultConfigurationIsVisible = 0;
			defaultConfigurationName = Release;
		};
		5E953B3C2CCA9B1700C6BA23 /* Build configuration list for PBXNativeTarget "Message passing between controllers via performSegueTests" */ = {
			isa = XCConfigurationList;
			buildConfigurations = (
				5E953B3D2CCA9B1700C6BA23 /* Debug */,
				5E953B3E2CCA9B1700C6BA23 /* Release */,
			);
			defaultConfigurationIsVisible = 0;
			defaultConfigurationName = Release;
		};
		5E953B3F2CCA9B1700C6BA23 /* Build configuration list for PBXNativeTarget "Message passing between controllers via performSegueUITests" */ = {
			isa = XCConfigurationList;
			buildConfigurations = (
				5E953B402CCA9B1700C6BA23 /* Debug */,
				5E953B412CCA9B1700C6BA23 /* Release */,
			);
			defaultConfigurationIsVisible = 0;
			defaultConfigurationName = Release;
		};
/* End XCConfigurationList section */
	};
	rootObject = 5E953B062CCA9B1300C6BA23 /* Project object */;
}
