// !$*UTF8*$!
{
	archiveVersion = 1;
	classes = {
	};
	objectVersion = 77;
	objects = {

/* Begin PBXContainerItemProxy section */
		5ECBC1EB2CA5498100656968 /* PBXContainerItemProxy */ = {
			isa = PBXContainerItemProxy;
			containerPortal = 5ECBC1CC2CA5497E00656968 /* Project object */;
			proxyType = 1;
			remoteGlobalIDString = 5ECBC1D32CA5497F00656968;
			remoteInfo = "How to use @discardableResult";
		};
		5ECBC1F52CA5498100656968 /* PBXContainerItemProxy */ = {
			isa = PBXContainerItemProxy;
			containerPortal = 5ECBC1CC2CA5497E00656968 /* Project object */;
			proxyType = 1;
			remoteGlobalIDString = 5ECBC1D32CA5497F00656968;
			remoteInfo = "How to use @discardableResult";
		};
/* End PBXContainerItemProxy section */

/* Begin PBXFileReference section */
		5ECBC1D42CA5497F00656968 /* How to use @discardableResult.app */ = {isa = PBXFileReference; explicitFileType = wrapper.application; includeInIndex = 0; path = "How to use @discardableResult.app"; sourceTree = BUILT_PRODUCTS_DIR; };
		5ECBC1EA2CA5498100656968 /* How to use @discardableResultTests.xctest */ = {isa = PBXFileReference; explicitFileType = wrapper.cfbundle; includeInIndex = 0; path = "How to use @discardableResultTests.xctest"; sourceTree = BUILT_PRODUCTS_DIR; };
		5ECBC1F42CA5498100656968 /* How to use @discardableResultUITests.xctest */ = {isa = PBXFileReference; explicitFileType = wrapper.cfbundle; includeInIndex = 0; path = "How to use @discardableResultUITests.xctest"; sourceTree = BUILT_PRODUCTS_DIR; };
/* End PBXFileReference section */

/* Begin PBXFileSystemSynchronizedBuildFileExceptionSet section */
		5ECBC1FC2CA5498100656968 /* Exceptions for "How to use @discardableResult" folder in "How to use @discardableResult" target */ = {
			isa = PBXFileSystemSynchronizedBuildFileExceptionSet;
			membershipExceptions = (
				Info.plist,
			);
			target = 5ECBC1D32CA5497F00656968 /* How to use @discardableResult */;
		};
/* End PBXFileSystemSynchronizedBuildFileExceptionSet section */

/* Begin PBXFileSystemSynchronizedRootGroup section */
		5ECBC1D62CA5497F00656968 /* How to use @discardableResult */ = {
			isa = PBXFileSystemSynchronizedRootGroup;
			exceptions = (
				5ECBC1FC2CA5498100656968 /* Exceptions for "How to use @discardableResult" folder in "How to use @discardableResult" target */,
			);
			path = "How to use @discardableResult";
			sourceTree = "<group>";
		};
		5ECBC1ED2CA5498100656968 /* How to use @discardableResultTests */ = {
			isa = PBXFileSystemSynchronizedRootGroup;
			path = "How to use @discardableResultTests";
			sourceTree = "<group>";
		};
		5ECBC1F72CA5498100656968 /* How to use @discardableResultUITests */ = {
			isa = PBXFileSystemSynchronizedRootGroup;
			path = "How to use @discardableResultUITests";
			sourceTree = "<group>";
		};
/* End PBXFileSystemSynchronizedRootGroup section */

/* Begin PBXFrameworksBuildPhase section */
		5ECBC1D12CA5497F00656968 /* Frameworks */ = {
			isa = PBXFrameworksBuildPhase;
			buildActionMask = 2147483647;
			files = (
			);
			runOnlyForDeploymentPostprocessing = 0;
		};
		5ECBC1E72CA5498100656968 /* Frameworks */ = {
			isa = PBXFrameworksBuildPhase;
			buildActionMask = 2147483647;
			files = (
			);
			runOnlyForDeploymentPostprocessing = 0;
		};
		5ECBC1F12CA5498100656968 /* Frameworks */ = {
			isa = PBXFrameworksBuildPhase;
			buildActionMask = 2147483647;
			files = (
			);
			runOnlyForDeploymentPostprocessing = 0;
		};
/* End PBXFrameworksBuildPhase section */

/* Begin PBXGroup section */
		5ECBC1CB2CA5497E00656968 = {
			isa = PBXGroup;
			children = (
				5ECBC1D62CA5497F00656968 /* How to use @discardableResult */,
				5ECBC1ED2CA5498100656968 /* How to use @discardableResultTests */,
				5ECBC1F72CA5498100656968 /* How to use @discardableResultUITests */,
				5ECBC1D52CA5497F00656968 /* Products */,
			);
			sourceTree = "<group>";
		};
		5ECBC1D52CA5497F00656968 /* Products */ = {
			isa = PBXGroup;
			children = (
				5ECBC1D42CA5497F00656968 /* How to use @discardableResult.app */,
				5ECBC1EA2CA5498100656968 /* How to use @discardableResultTests.xctest */,
				5ECBC1F42CA5498100656968 /* How to use @discardableResultUITests.xctest */,
			);
			name = Products;
			sourceTree = "<group>";
		};
/* End PBXGroup section */

/* Begin PBXNativeTarget section */
		5ECBC1D32CA5497F00656968 /* How to use @discardableResult */ = {
			isa = PBXNativeTarget;
			buildConfigurationList = 5ECBC1FD2CA5498100656968 /* Build configuration list for PBXNativeTarget "How to use @discardableResult" */;
			buildPhases = (
				5ECBC1D02CA5497F00656968 /* Sources */,
				5ECBC1D12CA5497F00656968 /* Frameworks */,
				5ECBC1D22CA5497F00656968 /* Resources */,
			);
			buildRules = (
			);
			dependencies = (
			);
			fileSystemSynchronizedGroups = (
				5ECBC1D62CA5497F00656968 /* How to use @discardableResult */,
			);
			name = "How to use @discardableResult";
			packageProductDependencies = (
			);
			productName = "How to use @discardableResult";
			productReference = 5ECBC1D42CA5497F00656968 /* How to use @discardableResult.app */;
			productType = "com.apple.product-type.application";
		};
		5ECBC1E92CA5498100656968 /* How to use @discardableResultTests */ = {
			isa = PBXNativeTarget;
			buildConfigurationList = 5ECBC2022CA5498100656968 /* Build configuration list for PBXNativeTarget "How to use @discardableResultTests" */;
			buildPhases = (
				5ECBC1E62CA5498100656968 /* Sources */,
				5ECBC1E72CA5498100656968 /* Frameworks */,
				5ECBC1E82CA5498100656968 /* Resources */,
			);
			buildRules = (
			);
			dependencies = (
				5ECBC1EC2CA5498100656968 /* PBXTargetDependency */,
			);
			fileSystemSynchronizedGroups = (
				5ECBC1ED2CA5498100656968 /* How to use @discardableResultTests */,
			);
			name = "How to use @discardableResultTests";
			packageProductDependencies = (
			);
			productName = "How to use @discardableResultTests";
			productReference = 5ECBC1EA2CA5498100656968 /* How to use @discardableResultTests.xctest */;
			productType = "com.apple.product-type.bundle.unit-test";
		};
		5ECBC1F32CA5498100656968 /* How to use @discardableResultUITests */ = {
			isa = PBXNativeTarget;
			buildConfigurationList = 5ECBC2052CA5498100656968 /* Build configuration list for PBXNativeTarget "How to use @discardableResultUITests" */;
			buildPhases = (
				5ECBC1F02CA5498100656968 /* Sources */,
				5ECBC1F12CA5498100656968 /* Frameworks */,
				5ECBC1F22CA5498100656968 /* Resources */,
			);
			buildRules = (
			);
			dependencies = (
				5ECBC1F62CA5498100656968 /* PBXTargetDependency */,
			);
			fileSystemSynchronizedGroups = (
				5ECBC1F72CA5498100656968 /* How to use @discardableResultUITests */,
			);
			name = "How to use @discardableResultUITests";
			packageProductDependencies = (
			);
			productName = "How to use @discardableResultUITests";
			productReference = 5ECBC1F42CA5498100656968 /* How to use @discardableResultUITests.xctest */;
			productType = "com.apple.product-type.bundle.ui-testing";
		};
/* End PBXNativeTarget section */

/* Begin PBXProject section */
		5ECBC1CC2CA5497E00656968 /* Project object */ = {
			isa = PBXProject;
			attributes = {
				BuildIndependentTargetsInParallel = 1;
				LastSwiftUpdateCheck = 1600;
				LastUpgradeCheck = 1600;
				TargetAttributes = {
					5ECBC1D32CA5497F00656968 = {
						CreatedOnToolsVersion = 16.0;
					};
					5ECBC1E92CA5498100656968 = {
						CreatedOnToolsVersion = 16.0;
						TestTargetID = 5ECBC1D32CA5497F00656968;
					};
					5ECBC1F32CA5498100656968 = {
						CreatedOnToolsVersion = 16.0;
						TestTargetID = 5ECBC1D32CA5497F00656968;
					};
				};
			};
			buildConfigurationList = 5ECBC1CF2CA5497F00656968 /* Build configuration list for PBXProject "How to use @discardableResult" */;
			developmentRegion = en;
			hasScannedForEncodings = 0;
			knownRegions = (
				en,
				Base,
			);
			mainGroup = 5ECBC1CB2CA5497E00656968;
			minimizedProjectReferenceProxies = 1;
			preferredProjectObjectVersion = 77;
			productRefGroup = 5ECBC1D52CA5497F00656968 /* Products */;
			projectDirPath = "";
			projectRoot = "";
			targets = (
				5ECBC1D32CA5497F00656968 /* How to use @discardableResult */,
				5ECBC1E92CA5498100656968 /* How to use @discardableResultTests */,
				5ECBC1F32CA5498100656968 /* How to use @discardableResultUITests */,
			);
		};
/* End PBXProject section */

/* Begin PBXResourcesBuildPhase section */
		5ECBC1D22CA5497F00656968 /* Resources */ = {
			isa = PBXResourcesBuildPhase;
			buildActionMask = 2147483647;
			files = (
			);
			runOnlyForDeploymentPostprocessing = 0;
		};
		5ECBC1E82CA5498100656968 /* Resources */ = {
			isa = PBXResourcesBuildPhase;
			buildActionMask = 2147483647;
			files = (
			);
			runOnlyForDeploymentPostprocessing = 0;
		};
		5ECBC1F22CA5498100656968 /* Resources */ = {
			isa = PBXResourcesBuildPhase;
			buildActionMask = 2147483647;
			files = (
			);
			runOnlyForDeploymentPostprocessing = 0;
		};
/* End PBXResourcesBuildPhase section */

/* Begin PBXSourcesBuildPhase section */
		5ECBC1D02CA5497F00656968 /* Sources */ = {
			isa = PBXSourcesBuildPhase;
			buildActionMask = 2147483647;
			files = (
			);
			runOnlyForDeploymentPostprocessing = 0;
		};
		5ECBC1E62CA5498100656968 /* Sources */ = {
			isa = PBXSourcesBuildPhase;
			buildActionMask = 2147483647;
			files = (
			);
			runOnlyForDeploymentPostprocessing = 0;
		};
		5ECBC1F02CA5498100656968 /* Sources */ = {
			isa = PBXSourcesBuildPhase;
			buildActionMask = 2147483647;
			files = (
			);
			runOnlyForDeploymentPostprocessing = 0;
		};
/* End PBXSourcesBuildPhase section */

/* Begin PBXTargetDependency section */
		5ECBC1EC2CA5498100656968 /* PBXTargetDependency */ = {
			isa = PBXTargetDependency;
			target = 5ECBC1D32CA5497F00656968 /* How to use @discardableResult */;
			targetProxy = 5ECBC1EB2CA5498100656968 /* PBXContainerItemProxy */;
		};
		5ECBC1F62CA5498100656968 /* PBXTargetDependency */ = {
			isa = PBXTargetDependency;
			target = 5ECBC1D32CA5497F00656968 /* How to use @discardableResult */;
			targetProxy = 5ECBC1F52CA5498100656968 /* PBXContainerItemProxy */;
		};
/* End PBXTargetDependency section */

/* Begin XCBuildConfiguration section */
		5ECBC1FE2CA5498100656968 /* Debug */ = {
			isa = XCBuildConfiguration;
			buildSettings = {
				ASSETCATALOG_COMPILER_APPICON_NAME = AppIcon;
				ASSETCATALOG_COMPILER_GLOBAL_ACCENT_COLOR_NAME = AccentColor;
				CODE_SIGN_STYLE = Automatic;
				CURRENT_PROJECT_VERSION = 1;
				DEVELOPMENT_TEAM = 4N7GUZ7JN7;
				GENERATE_INFOPLIST_FILE = YES;
				INFOPLIST_FILE = "How to use @discardableResult/Info.plist";
				INFOPLIST_KEY_UIApplicationSupportsIndirectInputEvents = YES;
				INFOPLIST_KEY_UILaunchStoryboardName = LaunchScreen;
				INFOPLIST_KEY_UIMainStoryboardFile = Main;
				INFOPLIST_KEY_UISupportedInterfaceOrientations_iPad = "UIInterfaceOrientationPortrait UIInterfaceOrientationPortraitUpsideDown UIInterfaceOrientationLandscapeLeft UIInterfaceOrientationLandscapeRight";
				INFOPLIST_KEY_UISupportedInterfaceOrientations_iPhone = "UIInterfaceOrientationPortrait UIInterfaceOrientationLandscapeLeft UIInterfaceOrientationLandscapeRight";
				LD_RUNPATH_SEARCH_PATHS = (
					"$(inherited)",
					"@executable_path/Frameworks",
				);
				MARKETING_VERSION = 1.0;
				PRODUCT_BUNDLE_IDENTIFIER = "com.websitejulio.How-to-use--discardableResult";
				PRODUCT_NAME = "$(TARGET_NAME)";
				SWIFT_EMIT_LOC_STRINGS = YES;
				SWIFT_VERSION = 5.0;
				TARGETED_DEVICE_FAMILY = "1,2";
			};
			name = Debug;
		};
		5ECBC1FF2CA5498100656968 /* Release */ = {
			isa = XCBuildConfiguration;
			buildSettings = {
				ASSETCATALOG_COMPILER_APPICON_NAME = AppIcon;
				ASSETCATALOG_COMPILER_GLOBAL_ACCENT_COLOR_NAME = AccentColor;
				CODE_SIGN_STYLE = Automatic;
				CURRENT_PROJECT_VERSION = 1;
				DEVELOPMENT_TEAM = 4N7GUZ7JN7;
				GENERATE_INFOPLIST_FILE = YES;
				INFOPLIST_FILE = "How to use @discardableResult/Info.plist";
				INFOPLIST_KEY_UIApplicationSupportsIndirectInputEvents = YES;
				INFOPLIST_KEY_UILaunchStoryboardName = LaunchScreen;
				INFOPLIST_KEY_UIMainStoryboardFile = Main;
				INFOPLIST_KEY_UISupportedInterfaceOrientations_iPad = "UIInterfaceOrientationPortrait UIInterfaceOrientationPortraitUpsideDown UIInterfaceOrientationLandscapeLeft UIInterfaceOrientationLandscapeRight";
				INFOPLIST_KEY_UISupportedInterfaceOrientations_iPhone = "UIInterfaceOrientationPortrait UIInterfaceOrientationLandscapeLeft UIInterfaceOrientationLandscapeRight";
				LD_RUNPATH_SEARCH_PATHS = (
					"$(inherited)",
					"@executable_path/Frameworks",
				);
				MARKETING_VERSION = 1.0;
				PRODUCT_BUNDLE_IDENTIFIER = "com.websitejulio.How-to-use--discardableResult";
				PRODUCT_NAME = "$(TARGET_NAME)";
				SWIFT_EMIT_LOC_STRINGS = YES;
				SWIFT_VERSION = 5.0;
				TARGETED_DEVICE_FAMILY = "1,2";
			};
			name = Release;
		};
		5ECBC2002CA5498100656968 /* Debug */ = {
			isa = XCBuildConfiguration;
			buildSettings = {
				ALWAYS_SEARCH_USER_PATHS = NO;
				ASSETCATALOG_COMPILER_GENERATE_SWIFT_ASSET_SYMBOL_EXTENSIONS = YES;
				CLANG_ANALYZER_NONNULL = YES;
				CLANG_ANALYZER_NUMBER_OBJECT_CONVERSION = YES_AGGRESSIVE;
				CLANG_CXX_LANGUAGE_STANDARD = "gnu++20";
				CLANG_ENABLE_MODULES = YES;
				CLANG_ENABLE_OBJC_ARC = YES;
				CLANG_ENABLE_OBJC_WEAK = YES;
				CLANG_WARN_BLOCK_CAPTURE_AUTORELEASING = YES;
				CLANG_WARN_BOOL_CONVERSION = YES;
				CLANG_WARN_COMMA = YES;
				CLANG_WARN_CONSTANT_CONVERSION = YES;
				CLANG_WARN_DEPRECATED_OBJC_IMPLEMENTATIONS = YES;
				CLANG_WARN_DIRECT_OBJC_ISA_USAGE = YES_ERROR;
				CLANG_WARN_DOCUMENTATION_COMMENTS = YES;
				CLANG_WARN_EMPTY_BODY = YES;
				CLANG_WARN_ENUM_CONVERSION = YES;
				CLANG_WARN_INFINITE_RECURSION = YES;
				CLANG_WARN_INT_CONVERSION = YES;
				CLANG_WARN_NON_LITERAL_NULL_CONVERSION = YES;
				CLANG_WARN_OBJC_IMPLICIT_RETAIN_SELF = YES;
				CLANG_WARN_OBJC_LITERAL_CONVERSION = YES;
				CLANG_WARN_OBJC_ROOT_CLASS = YES_ERROR;
				CLANG_WARN_QUOTED_INCLUDE_IN_FRAMEWORK_HEADER = YES;
				CLANG_WARN_RANGE_LOOP_ANALYSIS = YES;
				CLANG_WARN_STRICT_PROTOTYPES = YES;
				CLANG_WARN_SUSPICIOUS_MOVE = YES;
				CLANG_WARN_UNGUARDED_AVAILABILITY = YES_AGGRESSIVE;
				CLANG_WARN_UNREACHABLE_CODE = YES;
				CLANG_WARN__DUPLICATE_METHOD_MATCH = YES;
				COPY_PHASE_STRIP = NO;
				DEBUG_INFORMATION_FORMAT = dwarf;
				ENABLE_STRICT_OBJC_MSGSEND = YES;
				ENABLE_TESTABILITY = YES;
				ENABLE_USER_SCRIPT_SANDBOXING = YES;
				GCC_C_LANGUAGE_STANDARD = gnu17;
				GCC_DYNAMIC_NO_PIC = NO;
				GCC_NO_COMMON_BLOCKS = YES;
				GCC_OPTIMIZATION_LEVEL = 0;
				GCC_PREPROCESSOR_DEFINITIONS = (
					"DEBUG=1",
					"$(inherited)",
				);
				GCC_WARN_64_TO_32_BIT_CONVERSION = YES;
				GCC_WARN_ABOUT_RETURN_TYPE = YES_ERROR;
				GCC_WARN_UNDECLARED_SELECTOR = YES;
				GCC_WARN_UNINITIALIZED_AUTOS = YES_AGGRESSIVE;
				GCC_WARN_UNUSED_FUNCTION = YES;
				GCC_WARN_UNUSED_VARIABLE = YES;
				IPHONEOS_DEPLOYMENT_TARGET = 18.0;
				LOCALIZATION_PREFERS_STRING_CATALOGS = YES;
				MTL_ENABLE_DEBUG_INFO = INCLUDE_SOURCE;
				MTL_FAST_MATH = YES;
				ONLY_ACTIVE_ARCH = YES;
				SDKROOT = iphoneos;
				SWIFT_ACTIVE_COMPILATION_CONDITIONS = "DEBUG $(inherited)";
				SWIFT_OPTIMIZATION_LEVEL = "-Onone";
			};
			name = Debug;
		};
		5ECBC2012CA5498100656968 /* Release */ = {
			isa = XCBuildConfiguration;
			buildSettings = {
				ALWAYS_SEARCH_USER_PATHS = NO;
				ASSETCATALOG_COMPILER_GENERATE_SWIFT_ASSET_SYMBOL_EXTENSIONS = YES;
				CLANG_ANALYZER_NONNULL = YES;
				CLANG_ANALYZER_NUMBER_OBJECT_CONVERSION = YES_AGGRESSIVE;
				CLANG_CXX_LANGUAGE_STANDARD = "gnu++20";
				CLANG_ENABLE_MODULES = YES;
				CLANG_ENABLE_OBJC_ARC = YES;
				CLANG_ENABLE_OBJC_WEAK = YES;
				CLANG_WARN_BLOCK_CAPTURE_AUTORELEASING = YES;
				CLANG_WARN_BOOL_CONVERSION = YES;
				CLANG_WARN_COMMA = YES;
				CLANG_WARN_CONSTANT_CONVERSION = YES;
				CLANG_WARN_DEPRECATED_OBJC_IMPLEMENTATIONS = YES;
				CLANG_WARN_DIRECT_OBJC_ISA_USAGE = YES_ERROR;
				CLANG_WARN_DOCUMENTATION_COMMENTS = YES;
				CLANG_WARN_EMPTY_BODY = YES;
				CLANG_WARN_ENUM_CONVERSION = YES;
				CLANG_WARN_INFINITE_RECURSION = YES;
				CLANG_WARN_INT_CONVERSION = YES;
				CLANG_WARN_NON_LITERAL_NULL_CONVERSION = YES;
				CLANG_WARN_OBJC_IMPLICIT_RETAIN_SELF = YES;
				CLANG_WARN_OBJC_LITERAL_CONVERSION = YES;
				CLANG_WARN_OBJC_ROOT_CLASS = YES_ERROR;
				CLANG_WARN_QUOTED_INCLUDE_IN_FRAMEWORK_HEADER = YES;
				CLANG_WARN_RANGE_LOOP_ANALYSIS = YES;
				CLANG_WARN_STRICT_PROTOTYPES = YES;
				CLANG_WARN_SUSPICIOUS_MOVE = YES;
				CLANG_WARN_UNGUARDED_AVAILABILITY = YES_AGGRESSIVE;
				CLANG_WARN_UNREACHABLE_CODE = YES;
				CLANG_WARN__DUPLICATE_METHOD_MATCH = YES;
				COPY_PHASE_STRIP = NO;
				DEBUG_INFORMATION_FORMAT = "dwarf-with-dsym";
				ENABLE_NS_ASSERTIONS = NO;
				ENABLE_STRICT_OBJC_MSGSEND = YES;
				ENABLE_USER_SCRIPT_SANDBOXING = YES;
				GCC_C_LANGUAGE_STANDARD = gnu17;
				GCC_NO_COMMON_BLOCKS = YES;
				GCC_WARN_64_TO_32_BIT_CONVERSION = YES;
				GCC_WARN_ABOUT_RETURN_TYPE = YES_ERROR;
				GCC_WARN_UNDECLARED_SELECTOR = YES;
				GCC_WARN_UNINITIALIZED_AUTOS = YES_AGGRESSIVE;
				GCC_WARN_UNUSED_FUNCTION = YES;
				GCC_WARN_UNUSED_VARIABLE = YES;
				IPHONEOS_DEPLOYMENT_TARGET = 18.0;
				LOCALIZATION_PREFERS_STRING_CATALOGS = YES;
				MTL_ENABLE_DEBUG_INFO = NO;
				MTL_FAST_MATH = YES;
				SDKROOT = iphoneos;
				SWIFT_COMPILATION_MODE = wholemodule;
				VALIDATE_PRODUCT = YES;
			};
			name = Release;
		};
		5ECBC2032CA5498100656968 /* Debug */ = {
			isa = XCBuildConfiguration;
			buildSettings = {
				BUNDLE_LOADER = "$(TEST_HOST)";
				CODE_SIGN_STYLE = Automatic;
				CURRENT_PROJECT_VERSION = 1;
				DEVELOPMENT_TEAM = 4N7GUZ7JN7;
				GENERATE_INFOPLIST_FILE = YES;
				IPHONEOS_DEPLOYMENT_TARGET = 18.0;
				MARKETING_VERSION = 1.0;
				PRODUCT_BUNDLE_IDENTIFIER = "com.websitejulio.How-to-use--discardableResultTests";
				PRODUCT_NAME = "$(TARGET_NAME)";
				SWIFT_EMIT_LOC_STRINGS = NO;
				SWIFT_VERSION = 5.0;
				TARGETED_DEVICE_FAMILY = "1,2";
				TEST_HOST = "$(BUILT_PRODUCTS_DIR)/How to use @discardableResult.app/$(BUNDLE_EXECUTABLE_FOLDER_PATH)/How to use @discardableResult";
			};
			name = Debug;
		};
		5ECBC2042CA5498100656968 /* Release */ = {
			isa = XCBuildConfiguration;
			buildSettings = {
				BUNDLE_LOADER = "$(TEST_HOST)";
				CODE_SIGN_STYLE = Automatic;
				CURRENT_PROJECT_VERSION = 1;
				DEVELOPMENT_TEAM = 4N7GUZ7JN7;
				GENERATE_INFOPLIST_FILE = YES;
				IPHONEOS_DEPLOYMENT_TARGET = 18.0;
				MARKETING_VERSION = 1.0;
				PRODUCT_BUNDLE_IDENTIFIER = "com.websitejulio.How-to-use--discardableResultTests";
				PRODUCT_NAME = "$(TARGET_NAME)";
				SWIFT_EMIT_LOC_STRINGS = NO;
				SWIFT_VERSION = 5.0;
				TARGETED_DEVICE_FAMILY = "1,2";
				TEST_HOST = "$(BUILT_PRODUCTS_DIR)/How to use @discardableResult.app/$(BUNDLE_EXECUTABLE_FOLDER_PATH)/How to use @discardableResult";
			};
			name = Release;
		};
		5ECBC2062CA5498100656968 /* Debug */ = {
			isa = XCBuildConfiguration;
			buildSettings = {
				CODE_SIGN_STYLE = Automatic;
				CURRENT_PROJECT_VERSION = 1;
				DEVELOPMENT_TEAM = 4N7GUZ7JN7;
				GENERATE_INFOPLIST_FILE = YES;
				MARKETING_VERSION = 1.0;
				PRODUCT_BUNDLE_IDENTIFIER = "com.websitejulio.How-to-use--discardableResultUITests";
				PRODUCT_NAME = "$(TARGET_NAME)";
				SWIFT_EMIT_LOC_STRINGS = NO;
				SWIFT_VERSION = 5.0;
				TARGETED_DEVICE_FAMILY = "1,2";
				TEST_TARGET_NAME = "How to use @discardableResult";
			};
			name = Debug;
		};
		5ECBC2072CA5498100656968 /* Release */ = {
			isa = XCBuildConfiguration;
			buildSettings = {
				CODE_SIGN_STYLE = Automatic;
				CURRENT_PROJECT_VERSION = 1;
				DEVELOPMENT_TEAM = 4N7GUZ7JN7;
				GENERATE_INFOPLIST_FILE = YES;
				MARKETING_VERSION = 1.0;
				PRODUCT_BUNDLE_IDENTIFIER = "com.websitejulio.How-to-use--discardableResultUITests";
				PRODUCT_NAME = "$(TARGET_NAME)";
				SWIFT_EMIT_LOC_STRINGS = NO;
				SWIFT_VERSION = 5.0;
				TARGETED_DEVICE_FAMILY = "1,2";
				TEST_TARGET_NAME = "How to use @discardableResult";
			};
			name = Release;
		};
/* End XCBuildConfiguration section */

/* Begin XCConfigurationList section */
		5ECBC1CF2CA5497F00656968 /* Build configuration list for PBXProject "How to use @discardableResult" */ = {
			isa = XCConfigurationList;
			buildConfigurations = (
				5ECBC2002CA5498100656968 /* Debug */,
				5ECBC2012CA5498100656968 /* Release */,
			);
			defaultConfigurationIsVisible = 0;
			defaultConfigurationName = Release;
		};
		5ECBC1FD2CA5498100656968 /* Build configuration list for PBXNativeTarget "How to use @discardableResult" */ = {
			isa = XCConfigurationList;
			buildConfigurations = (
				5ECBC1FE2CA5498100656968 /* Debug */,
				5ECBC1FF2CA5498100656968 /* Release */,
			);
			defaultConfigurationIsVisible = 0;
			defaultConfigurationName = Release;
		};
		5ECBC2022CA5498100656968 /* Build configuration list for PBXNativeTarget "How to use @discardableResultTests" */ = {
			isa = XCConfigurationList;
			buildConfigurations = (
				5ECBC2032CA5498100656968 /* Debug */,
				5ECBC2042CA5498100656968 /* Release */,
			);
			defaultConfigurationIsVisible = 0;
			defaultConfigurationName = Release;
		};
		5ECBC2052CA5498100656968 /* Build configuration list for PBXNativeTarget "How to use @discardableResultUITests" */ = {
			isa = XCConfigurationList;
			buildConfigurations = (
				5ECBC2062CA5498100656968 /* Debug */,
				5ECBC2072CA5498100656968 /* Release */,
			);
			defaultConfigurationIsVisible = 0;
			defaultConfigurationName = Release;
		};
/* End XCConfigurationList section */
	};
	rootObject = 5ECBC1CC2CA5497E00656968 /* Project object */;
}
