// !$*UTF8*$!
{
	archiveVersion = 1;
	classes = {
	};
	objectVersion = 77;
	objects = {

/* Begin PBXContainerItemProxy section */
		5E3BB1FE2CEB8E39002AF62A /* PBXContainerItemProxy */ = {
			isa = PBXContainerItemProxy;
			containerPortal = 5E3BB1DF2CEB8E36002AF62A /* Project object */;
			proxyType = 1;
			remoteGlobalIDString = 5E3BB1E62CEB8E36002AF62A;
			remoteInfo = "The Bubble sorting algorithm";
		};
		5E3BB2082CEB8E39002AF62A /* PBXContainerItemProxy */ = {
			isa = PBXContainerItemProxy;
			containerPortal = 5E3BB1DF2CEB8E36002AF62A /* Project object */;
			proxyType = 1;
			remoteGlobalIDString = 5E3BB1E62CEB8E36002AF62A;
			remoteInfo = "The Bubble sorting algorithm";
		};
/* End PBXContainerItemProxy section */

/* Begin PBXFileReference section */
		5E3BB1E72CEB8E36002AF62A /* The Bubble sorting algorithm.app */ = {isa = PBXFileReference; explicitFileType = wrapper.application; includeInIndex = 0; path = "The Bubble sorting algorithm.app"; sourceTree = BUILT_PRODUCTS_DIR; };
		5E3BB1FD2CEB8E39002AF62A /* The Bubble sorting algorithmTests.xctest */ = {isa = PBXFileReference; explicitFileType = wrapper.cfbundle; includeInIndex = 0; path = "The Bubble sorting algorithmTests.xctest"; sourceTree = BUILT_PRODUCTS_DIR; };
		5E3BB2072CEB8E39002AF62A /* The Bubble sorting algorithmUITests.xctest */ = {isa = PBXFileReference; explicitFileType = wrapper.cfbundle; includeInIndex = 0; path = "The Bubble sorting algorithmUITests.xctest"; sourceTree = BUILT_PRODUCTS_DIR; };
/* End PBXFileReference section */

/* Begin PBXFileSystemSynchronizedBuildFileExceptionSet section */
		5E3BB20F2CEB8E39002AF62A /* Exceptions for "The Bubble sorting algorithm" folder in "The Bubble sorting algorithm" target */ = {
			isa = PBXFileSystemSynchronizedBuildFileExceptionSet;
			membershipExceptions = (
				Info.plist,
			);
			target = 5E3BB1E62CEB8E36002AF62A /* The Bubble sorting algorithm */;
		};
/* End PBXFileSystemSynchronizedBuildFileExceptionSet section */

/* Begin PBXFileSystemSynchronizedRootGroup section */
		5E3BB1E92CEB8E36002AF62A /* The Bubble sorting algorithm */ = {
			isa = PBXFileSystemSynchronizedRootGroup;
			exceptions = (
				5E3BB20F2CEB8E39002AF62A /* Exceptions for "The Bubble sorting algorithm" folder in "The Bubble sorting algorithm" target */,
			);
			path = "The Bubble sorting algorithm";
			sourceTree = "<group>";
		};
		5E3BB2002CEB8E39002AF62A /* The Bubble sorting algorithmTests */ = {
			isa = PBXFileSystemSynchronizedRootGroup;
			path = "The Bubble sorting algorithmTests";
			sourceTree = "<group>";
		};
		5E3BB20A2CEB8E39002AF62A /* The Bubble sorting algorithmUITests */ = {
			isa = PBXFileSystemSynchronizedRootGroup;
			path = "The Bubble sorting algorithmUITests";
			sourceTree = "<group>";
		};
/* End PBXFileSystemSynchronizedRootGroup section */

/* Begin PBXFrameworksBuildPhase section */
		5E3BB1E42CEB8E36002AF62A /* Frameworks */ = {
			isa = PBXFrameworksBuildPhase;
			buildActionMask = 2147483647;
			files = (
			);
			runOnlyForDeploymentPostprocessing = 0;
		};
		5E3BB1FA2CEB8E39002AF62A /* Frameworks */ = {
			isa = PBXFrameworksBuildPhase;
			buildActionMask = 2147483647;
			files = (
			);
			runOnlyForDeploymentPostprocessing = 0;
		};
		5E3BB2042CEB8E39002AF62A /* Frameworks */ = {
			isa = PBXFrameworksBuildPhase;
			buildActionMask = 2147483647;
			files = (
			);
			runOnlyForDeploymentPostprocessing = 0;
		};
/* End PBXFrameworksBuildPhase section */

/* Begin PBXGroup section */
		5E3BB1DE2CEB8E36002AF62A = {
			isa = PBXGroup;
			children = (
				5E3BB1E92CEB8E36002AF62A /* The Bubble sorting algorithm */,
				5E3BB2002CEB8E39002AF62A /* The Bubble sorting algorithmTests */,
				5E3BB20A2CEB8E39002AF62A /* The Bubble sorting algorithmUITests */,
				5E3BB1E82CEB8E36002AF62A /* Products */,
			);
			sourceTree = "<group>";
		};
		5E3BB1E82CEB8E36002AF62A /* Products */ = {
			isa = PBXGroup;
			children = (
				5E3BB1E72CEB8E36002AF62A /* The Bubble sorting algorithm.app */,
				5E3BB1FD2CEB8E39002AF62A /* The Bubble sorting algorithmTests.xctest */,
				5E3BB2072CEB8E39002AF62A /* The Bubble sorting algorithmUITests.xctest */,
			);
			name = Products;
			sourceTree = "<group>";
		};
/* End PBXGroup section */

/* Begin PBXNativeTarget section */
		5E3BB1E62CEB8E36002AF62A /* The Bubble sorting algorithm */ = {
			isa = PBXNativeTarget;
			buildConfigurationList = 5E3BB2102CEB8E39002AF62A /* Build configuration list for PBXNativeTarget "The Bubble sorting algorithm" */;
			buildPhases = (
				5E3BB1E32CEB8E36002AF62A /* Sources */,
				5E3BB1E42CEB8E36002AF62A /* Frameworks */,
				5E3BB1E52CEB8E36002AF62A /* Resources */,
			);
			buildRules = (
			);
			dependencies = (
			);
			fileSystemSynchronizedGroups = (
				5E3BB1E92CEB8E36002AF62A /* The Bubble sorting algorithm */,
			);
			name = "The Bubble sorting algorithm";
			packageProductDependencies = (
			);
			productName = "The Bubble sorting algorithm";
			productReference = 5E3BB1E72CEB8E36002AF62A /* The Bubble sorting algorithm.app */;
			productType = "com.apple.product-type.application";
		};
		5E3BB1FC2CEB8E39002AF62A /* The Bubble sorting algorithmTests */ = {
			isa = PBXNativeTarget;
			buildConfigurationList = 5E3BB2152CEB8E39002AF62A /* Build configuration list for PBXNativeTarget "The Bubble sorting algorithmTests" */;
			buildPhases = (
				5E3BB1F92CEB8E39002AF62A /* Sources */,
				5E3BB1FA2CEB8E39002AF62A /* Frameworks */,
				5E3BB1FB2CEB8E39002AF62A /* Resources */,
			);
			buildRules = (
			);
			dependencies = (
				5E3BB1FF2CEB8E39002AF62A /* PBXTargetDependency */,
			);
			fileSystemSynchronizedGroups = (
				5E3BB2002CEB8E39002AF62A /* The Bubble sorting algorithmTests */,
			);
			name = "The Bubble sorting algorithmTests";
			packageProductDependencies = (
			);
			productName = "The Bubble sorting algorithmTests";
			productReference = 5E3BB1FD2CEB8E39002AF62A /* The Bubble sorting algorithmTests.xctest */;
			productType = "com.apple.product-type.bundle.unit-test";
		};
		5E3BB2062CEB8E39002AF62A /* The Bubble sorting algorithmUITests */ = {
			isa = PBXNativeTarget;
			buildConfigurationList = 5E3BB2182CEB8E39002AF62A /* Build configuration list for PBXNativeTarget "The Bubble sorting algorithmUITests" */;
			buildPhases = (
				5E3BB2032CEB8E39002AF62A /* Sources */,
				5E3BB2042CEB8E39002AF62A /* Frameworks */,
				5E3BB2052CEB8E39002AF62A /* Resources */,
			);
			buildRules = (
			);
			dependencies = (
				5E3BB2092CEB8E39002AF62A /* PBXTargetDependency */,
			);
			fileSystemSynchronizedGroups = (
				5E3BB20A2CEB8E39002AF62A /* The Bubble sorting algorithmUITests */,
			);
			name = "The Bubble sorting algorithmUITests";
			packageProductDependencies = (
			);
			productName = "The Bubble sorting algorithmUITests";
			productReference = 5E3BB2072CEB8E39002AF62A /* The Bubble sorting algorithmUITests.xctest */;
			productType = "com.apple.product-type.bundle.ui-testing";
		};
/* End PBXNativeTarget section */

/* Begin PBXProject section */
		5E3BB1DF2CEB8E36002AF62A /* Project object */ = {
			isa = PBXProject;
			attributes = {
				BuildIndependentTargetsInParallel = 1;
				LastSwiftUpdateCheck = 1610;
				LastUpgradeCheck = 1610;
				TargetAttributes = {
					5E3BB1E62CEB8E36002AF62A = {
						CreatedOnToolsVersion = 16.1;
					};
					5E3BB1FC2CEB8E39002AF62A = {
						CreatedOnToolsVersion = 16.1;
						TestTargetID = 5E3BB1E62CEB8E36002AF62A;
					};
					5E3BB2062CEB8E39002AF62A = {
						CreatedOnToolsVersion = 16.1;
						TestTargetID = 5E3BB1E62CEB8E36002AF62A;
					};
				};
			};
			buildConfigurationList = 5E3BB1E22CEB8E36002AF62A /* Build configuration list for PBXProject "The Bubble sorting algorithm" */;
			developmentRegion = en;
			hasScannedForEncodings = 0;
			knownRegions = (
				en,
				Base,
			);
			mainGroup = 5E3BB1DE2CEB8E36002AF62A;
			minimizedProjectReferenceProxies = 1;
			preferredProjectObjectVersion = 77;
			productRefGroup = 5E3BB1E82CEB8E36002AF62A /* Products */;
			projectDirPath = "";
			projectRoot = "";
			targets = (
				5E3BB1E62CEB8E36002AF62A /* The Bubble sorting algorithm */,
				5E3BB1FC2CEB8E39002AF62A /* The Bubble sorting algorithmTests */,
				5E3BB2062CEB8E39002AF62A /* The Bubble sorting algorithmUITests */,
			);
		};
/* End PBXProject section */

/* Begin PBXResourcesBuildPhase section */
		5E3BB1E52CEB8E36002AF62A /* Resources */ = {
			isa = PBXResourcesBuildPhase;
			buildActionMask = 2147483647;
			files = (
			);
			runOnlyForDeploymentPostprocessing = 0;
		};
		5E3BB1FB2CEB8E39002AF62A /* Resources */ = {
			isa = PBXResourcesBuildPhase;
			buildActionMask = 2147483647;
			files = (
			);
			runOnlyForDeploymentPostprocessing = 0;
		};
		5E3BB2052CEB8E39002AF62A /* Resources */ = {
			isa = PBXResourcesBuildPhase;
			buildActionMask = 2147483647;
			files = (
			);
			runOnlyForDeploymentPostprocessing = 0;
		};
/* End PBXResourcesBuildPhase section */

/* Begin PBXSourcesBuildPhase section */
		5E3BB1E32CEB8E36002AF62A /* Sources */ = {
			isa = PBXSourcesBuildPhase;
			buildActionMask = 2147483647;
			files = (
			);
			runOnlyForDeploymentPostprocessing = 0;
		};
		5E3BB1F92CEB8E39002AF62A /* Sources */ = {
			isa = PBXSourcesBuildPhase;
			buildActionMask = 2147483647;
			files = (
			);
			runOnlyForDeploymentPostprocessing = 0;
		};
		5E3BB2032CEB8E39002AF62A /* Sources */ = {
			isa = PBXSourcesBuildPhase;
			buildActionMask = 2147483647;
			files = (
			);
			runOnlyForDeploymentPostprocessing = 0;
		};
/* End PBXSourcesBuildPhase section */

/* Begin PBXTargetDependency section */
		5E3BB1FF2CEB8E39002AF62A /* PBXTargetDependency */ = {
			isa = PBXTargetDependency;
			target = 5E3BB1E62CEB8E36002AF62A /* The Bubble sorting algorithm */;
			targetProxy = 5E3BB1FE2CEB8E39002AF62A /* PBXContainerItemProxy */;
		};
		5E3BB2092CEB8E39002AF62A /* PBXTargetDependency */ = {
			isa = PBXTargetDependency;
			target = 5E3BB1E62CEB8E36002AF62A /* The Bubble sorting algorithm */;
			targetProxy = 5E3BB2082CEB8E39002AF62A /* PBXContainerItemProxy */;
		};
/* End PBXTargetDependency section */

/* Begin XCBuildConfiguration section */
		5E3BB2112CEB8E39002AF62A /* Debug */ = {
			isa = XCBuildConfiguration;
			buildSettings = {
				ASSETCATALOG_COMPILER_APPICON_NAME = AppIcon;
				ASSETCATALOG_COMPILER_GLOBAL_ACCENT_COLOR_NAME = AccentColor;
				CODE_SIGN_STYLE = Automatic;
				CURRENT_PROJECT_VERSION = 1;
				DEVELOPMENT_TEAM = 4N7GUZ7JN7;
				GENERATE_INFOPLIST_FILE = YES;
				INFOPLIST_FILE = "The Bubble sorting algorithm/Info.plist";
				INFOPLIST_KEY_UIApplicationSupportsIndirectInputEvents = YES;
				INFOPLIST_KEY_UILaunchStoryboardName = LaunchScreen;
				INFOPLIST_KEY_UIMainStoryboardFile = Main;
				INFOPLIST_KEY_UISupportedInterfaceOrientations_iPad = "UIInterfaceOrientationPortrait UIInterfaceOrientationPortraitUpsideDown UIInterfaceOrientationLandscapeLeft UIInterfaceOrientationLandscapeRight";
				INFOPLIST_KEY_UISupportedInterfaceOrientations_iPhone = "UIInterfaceOrientationPortrait UIInterfaceOrientationLandscapeLeft UIInterfaceOrientationLandscapeRight";
				LD_RUNPATH_SEARCH_PATHS = (
					"$(inherited)",
					"@executable_path/Frameworks",
				);
				MARKETING_VERSION = 1.0;
				PRODUCT_BUNDLE_IDENTIFIER = "com.websitejulio.The-Bubble-sorting-algorithm";
				PRODUCT_NAME = "$(TARGET_NAME)";
				SWIFT_EMIT_LOC_STRINGS = YES;
				SWIFT_VERSION = 5.0;
				TARGETED_DEVICE_FAMILY = "1,2";
			};
			name = Debug;
		};
		5E3BB2122CEB8E39002AF62A /* Release */ = {
			isa = XCBuildConfiguration;
			buildSettings = {
				ASSETCATALOG_COMPILER_APPICON_NAME = AppIcon;
				ASSETCATALOG_COMPILER_GLOBAL_ACCENT_COLOR_NAME = AccentColor;
				CODE_SIGN_STYLE = Automatic;
				CURRENT_PROJECT_VERSION = 1;
				DEVELOPMENT_TEAM = 4N7GUZ7JN7;
				GENERATE_INFOPLIST_FILE = YES;
				INFOPLIST_FILE = "The Bubble sorting algorithm/Info.plist";
				INFOPLIST_KEY_UIApplicationSupportsIndirectInputEvents = YES;
				INFOPLIST_KEY_UILaunchStoryboardName = LaunchScreen;
				INFOPLIST_KEY_UIMainStoryboardFile = Main;
				INFOPLIST_KEY_UISupportedInterfaceOrientations_iPad = "UIInterfaceOrientationPortrait UIInterfaceOrientationPortraitUpsideDown UIInterfaceOrientationLandscapeLeft UIInterfaceOrientationLandscapeRight";
				INFOPLIST_KEY_UISupportedInterfaceOrientations_iPhone = "UIInterfaceOrientationPortrait UIInterfaceOrientationLandscapeLeft UIInterfaceOrientationLandscapeRight";
				LD_RUNPATH_SEARCH_PATHS = (
					"$(inherited)",
					"@executable_path/Frameworks",
				);
				MARKETING_VERSION = 1.0;
				PRODUCT_BUNDLE_IDENTIFIER = "com.websitejulio.The-Bubble-sorting-algorithm";
				PRODUCT_NAME = "$(TARGET_NAME)";
				SWIFT_EMIT_LOC_STRINGS = YES;
				SWIFT_VERSION = 5.0;
				TARGETED_DEVICE_FAMILY = "1,2";
			};
			name = Release;
		};
		5E3BB2132CEB8E39002AF62A /* Debug */ = {
			isa = XCBuildConfiguration;
			buildSettings = {
				ALWAYS_SEARCH_USER_PATHS = NO;
				ASSETCATALOG_COMPILER_GENERATE_SWIFT_ASSET_SYMBOL_EXTENSIONS = YES;
				CLANG_ANALYZER_NONNULL = YES;
				CLANG_ANALYZER_NUMBER_OBJECT_CONVERSION = YES_AGGRESSIVE;
				CLANG_CXX_LANGUAGE_STANDARD = "gnu++20";
				CLANG_ENABLE_MODULES = YES;
				CLANG_ENABLE_OBJC_ARC = YES;
				CLANG_ENABLE_OBJC_WEAK = YES;
				CLANG_WARN_BLOCK_CAPTURE_AUTORELEASING = YES;
				CLANG_WARN_BOOL_CONVERSION = YES;
				CLANG_WARN_COMMA = YES;
				CLANG_WARN_CONSTANT_CONVERSION = YES;
				CLANG_WARN_DEPRECATED_OBJC_IMPLEMENTATIONS = YES;
				CLANG_WARN_DIRECT_OBJC_ISA_USAGE = YES_ERROR;
				CLANG_WARN_DOCUMENTATION_COMMENTS = YES;
				CLANG_WARN_EMPTY_BODY = YES;
				CLANG_WARN_ENUM_CONVERSION = YES;
				CLANG_WARN_INFINITE_RECURSION = YES;
				CLANG_WARN_INT_CONVERSION = YES;
				CLANG_WARN_NON_LITERAL_NULL_CONVERSION = YES;
				CLANG_WARN_OBJC_IMPLICIT_RETAIN_SELF = YES;
				CLANG_WARN_OBJC_LITERAL_CONVERSION = YES;
				CLANG_WARN_OBJC_ROOT_CLASS = YES_ERROR;
				CLANG_WARN_QUOTED_INCLUDE_IN_FRAMEWORK_HEADER = YES;
				CLANG_WARN_RANGE_LOOP_ANALYSIS = YES;
				CLANG_WARN_STRICT_PROTOTYPES = YES;
				CLANG_WARN_SUSPICIOUS_MOVE = YES;
				CLANG_WARN_UNGUARDED_AVAILABILITY = YES_AGGRESSIVE;
				CLANG_WARN_UNREACHABLE_CODE = YES;
				CLANG_WARN__DUPLICATE_METHOD_MATCH = YES;
				COPY_PHASE_STRIP = NO;
				DEBUG_INFORMATION_FORMAT = dwarf;
				ENABLE_STRICT_OBJC_MSGSEND = YES;
				ENABLE_TESTABILITY = YES;
				ENABLE_USER_SCRIPT_SANDBOXING = YES;
				GCC_C_LANGUAGE_STANDARD = gnu17;
				GCC_DYNAMIC_NO_PIC = NO;
				GCC_NO_COMMON_BLOCKS = YES;
				GCC_OPTIMIZATION_LEVEL = 0;
				GCC_PREPROCESSOR_DEFINITIONS = (
					"DEBUG=1",
					"$(inherited)",
				);
				GCC_WARN_64_TO_32_BIT_CONVERSION = YES;
				GCC_WARN_ABOUT_RETURN_TYPE = YES_ERROR;
				GCC_WARN_UNDECLARED_SELECTOR = YES;
				GCC_WARN_UNINITIALIZED_AUTOS = YES_AGGRESSIVE;
				GCC_WARN_UNUSED_FUNCTION = YES;
				GCC_WARN_UNUSED_VARIABLE = YES;
				IPHONEOS_DEPLOYMENT_TARGET = 18.1;
				LOCALIZATION_PREFERS_STRING_CATALOGS = YES;
				MTL_ENABLE_DEBUG_INFO = INCLUDE_SOURCE;
				MTL_FAST_MATH = YES;
				ONLY_ACTIVE_ARCH = YES;
				SDKROOT = iphoneos;
				SWIFT_ACTIVE_COMPILATION_CONDITIONS = "DEBUG $(inherited)";
				SWIFT_OPTIMIZATION_LEVEL = "-Onone";
			};
			name = Debug;
		};
		5E3BB2142CEB8E39002AF62A /* Release */ = {
			isa = XCBuildConfiguration;
			buildSettings = {
				ALWAYS_SEARCH_USER_PATHS = NO;
				ASSETCATALOG_COMPILER_GENERATE_SWIFT_ASSET_SYMBOL_EXTENSIONS = YES;
				CLANG_ANALYZER_NONNULL = YES;
				CLANG_ANALYZER_NUMBER_OBJECT_CONVERSION = YES_AGGRESSIVE;
				CLANG_CXX_LANGUAGE_STANDARD = "gnu++20";
				CLANG_ENABLE_MODULES = YES;
				CLANG_ENABLE_OBJC_ARC = YES;
				CLANG_ENABLE_OBJC_WEAK = YES;
				CLANG_WARN_BLOCK_CAPTURE_AUTORELEASING = YES;
				CLANG_WARN_BOOL_CONVERSION = YES;
				CLANG_WARN_COMMA = YES;
				CLANG_WARN_CONSTANT_CONVERSION = YES;
				CLANG_WARN_DEPRECATED_OBJC_IMPLEMENTATIONS = YES;
				CLANG_WARN_DIRECT_OBJC_ISA_USAGE = YES_ERROR;
				CLANG_WARN_DOCUMENTATION_COMMENTS = YES;
				CLANG_WARN_EMPTY_BODY = YES;
				CLANG_WARN_ENUM_CONVERSION = YES;
				CLANG_WARN_INFINITE_RECURSION = YES;
				CLANG_WARN_INT_CONVERSION = YES;
				CLANG_WARN_NON_LITERAL_NULL_CONVERSION = YES;
				CLANG_WARN_OBJC_IMPLICIT_RETAIN_SELF = YES;
				CLANG_WARN_OBJC_LITERAL_CONVERSION = YES;
				CLANG_WARN_OBJC_ROOT_CLASS = YES_ERROR;
				CLANG_WARN_QUOTED_INCLUDE_IN_FRAMEWORK_HEADER = YES;
				CLANG_WARN_RANGE_LOOP_ANALYSIS = YES;
				CLANG_WARN_STRICT_PROTOTYPES = YES;
				CLANG_WARN_SUSPICIOUS_MOVE = YES;
				CLANG_WARN_UNGUARDED_AVAILABILITY = YES_AGGRESSIVE;
				CLANG_WARN_UNREACHABLE_CODE = YES;
				CLANG_WARN__DUPLICATE_METHOD_MATCH = YES;
				COPY_PHASE_STRIP = NO;
				DEBUG_INFORMATION_FORMAT = "dwarf-with-dsym";
				ENABLE_NS_ASSERTIONS = NO;
				ENABLE_STRICT_OBJC_MSGSEND = YES;
				ENABLE_USER_SCRIPT_SANDBOXING = YES;
				GCC_C_LANGUAGE_STANDARD = gnu17;
				GCC_NO_COMMON_BLOCKS = YES;
				GCC_WARN_64_TO_32_BIT_CONVERSION = YES;
				GCC_WARN_ABOUT_RETURN_TYPE = YES_ERROR;
				GCC_WARN_UNDECLARED_SELECTOR = YES;
				GCC_WARN_UNINITIALIZED_AUTOS = YES_AGGRESSIVE;
				GCC_WARN_UNUSED_FUNCTION = YES;
				GCC_WARN_UNUSED_VARIABLE = YES;
				IPHONEOS_DEPLOYMENT_TARGET = 18.1;
				LOCALIZATION_PREFERS_STRING_CATALOGS = YES;
				MTL_ENABLE_DEBUG_INFO = NO;
				MTL_FAST_MATH = YES;
				SDKROOT = iphoneos;
				SWIFT_COMPILATION_MODE = wholemodule;
				VALIDATE_PRODUCT = YES;
			};
			name = Release;
		};
		5E3BB2162CEB8E39002AF62A /* Debug */ = {
			isa = XCBuildConfiguration;
			buildSettings = {
				BUNDLE_LOADER = "$(TEST_HOST)";
				CODE_SIGN_STYLE = Automatic;
				CURRENT_PROJECT_VERSION = 1;
				DEVELOPMENT_TEAM = 4N7GUZ7JN7;
				GENERATE_INFOPLIST_FILE = YES;
				IPHONEOS_DEPLOYMENT_TARGET = 18.1;
				MARKETING_VERSION = 1.0;
				PRODUCT_BUNDLE_IDENTIFIER = "com.websitejulio.The-Bubble-sorting-algorithmTests";
				PRODUCT_NAME = "$(TARGET_NAME)";
				SWIFT_EMIT_LOC_STRINGS = NO;
				SWIFT_VERSION = 5.0;
				TARGETED_DEVICE_FAMILY = "1,2";
				TEST_HOST = "$(BUILT_PRODUCTS_DIR)/The Bubble sorting algorithm.app/$(BUNDLE_EXECUTABLE_FOLDER_PATH)/The Bubble sorting algorithm";
			};
			name = Debug;
		};
		5E3BB2172CEB8E39002AF62A /* Release */ = {
			isa = XCBuildConfiguration;
			buildSettings = {
				BUNDLE_LOADER = "$(TEST_HOST)";
				CODE_SIGN_STYLE = Automatic;
				CURRENT_PROJECT_VERSION = 1;
				DEVELOPMENT_TEAM = 4N7GUZ7JN7;
				GENERATE_INFOPLIST_FILE = YES;
				IPHONEOS_DEPLOYMENT_TARGET = 18.1;
				MARKETING_VERSION = 1.0;
				PRODUCT_BUNDLE_IDENTIFIER = "com.websitejulio.The-Bubble-sorting-algorithmTests";
				PRODUCT_NAME = "$(TARGET_NAME)";
				SWIFT_EMIT_LOC_STRINGS = NO;
				SWIFT_VERSION = 5.0;
				TARGETED_DEVICE_FAMILY = "1,2";
				TEST_HOST = "$(BUILT_PRODUCTS_DIR)/The Bubble sorting algorithm.app/$(BUNDLE_EXECUTABLE_FOLDER_PATH)/The Bubble sorting algorithm";
			};
			name = Release;
		};
		5E3BB2192CEB8E39002AF62A /* Debug */ = {
			isa = XCBuildConfiguration;
			buildSettings = {
				CODE_SIGN_STYLE = Automatic;
				CURRENT_PROJECT_VERSION = 1;
				DEVELOPMENT_TEAM = 4N7GUZ7JN7;
				GENERATE_INFOPLIST_FILE = YES;
				MARKETING_VERSION = 1.0;
				PRODUCT_BUNDLE_IDENTIFIER = "com.websitejulio.The-Bubble-sorting-algorithmUITests";
				PRODUCT_NAME = "$(TARGET_NAME)";
				SWIFT_EMIT_LOC_STRINGS = NO;
				SWIFT_VERSION = 5.0;
				TARGETED_DEVICE_FAMILY = "1,2";
				TEST_TARGET_NAME = "The Bubble sorting algorithm";
			};
			name = Debug;
		};
		5E3BB21A2CEB8E39002AF62A /* Release */ = {
			isa = XCBuildConfiguration;
			buildSettings = {
				CODE_SIGN_STYLE = Automatic;
				CURRENT_PROJECT_VERSION = 1;
				DEVELOPMENT_TEAM = 4N7GUZ7JN7;
				GENERATE_INFOPLIST_FILE = YES;
				MARKETING_VERSION = 1.0;
				PRODUCT_BUNDLE_IDENTIFIER = "com.websitejulio.The-Bubble-sorting-algorithmUITests";
				PRODUCT_NAME = "$(TARGET_NAME)";
				SWIFT_EMIT_LOC_STRINGS = NO;
				SWIFT_VERSION = 5.0;
				TARGETED_DEVICE_FAMILY = "1,2";
				TEST_TARGET_NAME = "The Bubble sorting algorithm";
			};
			name = Release;
		};
/* End XCBuildConfiguration section */

/* Begin XCConfigurationList section */
		5E3BB1E22CEB8E36002AF62A /* Build configuration list for PBXProject "The Bubble sorting algorithm" */ = {
			isa = XCConfigurationList;
			buildConfigurations = (
				5E3BB2132CEB8E39002AF62A /* Debug */,
				5E3BB2142CEB8E39002AF62A /* Release */,
			);
			defaultConfigurationIsVisible = 0;
			defaultConfigurationName = Release;
		};
		5E3BB2102CEB8E39002AF62A /* Build configuration list for PBXNativeTarget "The Bubble sorting algorithm" */ = {
			isa = XCConfigurationList;
			buildConfigurations = (
				5E3BB2112CEB8E39002AF62A /* Debug */,
				5E3BB2122CEB8E39002AF62A /* Release */,
			);
			defaultConfigurationIsVisible = 0;
			defaultConfigurationName = Release;
		};
		5E3BB2152CEB8E39002AF62A /* Build configuration list for PBXNativeTarget "The Bubble sorting algorithmTests" */ = {
			isa = XCConfigurationList;
			buildConfigurations = (
				5E3BB2162CEB8E39002AF62A /* Debug */,
				5E3BB2172CEB8E39002AF62A /* Release */,
			);
			defaultConfigurationIsVisible = 0;
			defaultConfigurationName = Release;
		};
		5E3BB2182CEB8E39002AF62A /* Build configuration list for PBXNativeTarget "The Bubble sorting algorithmUITests" */ = {
			isa = XCConfigurationList;
			buildConfigurations = (
				5E3BB2192CEB8E39002AF62A /* Debug */,
				5E3BB21A2CEB8E39002AF62A /* Release */,
			);
			defaultConfigurationIsVisible = 0;
			defaultConfigurationName = Release;
		};
/* End XCConfigurationList section */
	};
	rootObject = 5E3BB1DF2CEB8E36002AF62A /* Project object */;
}
