// !$*UTF8*$!
{
	archiveVersion = 1;
	classes = {
	};
	objectVersion = 56;
	objects = {

/* Begin PBXFileReference section */
		5EE06F7B2C86257200032A15 /* HttpRequest.swift */ = {isa = PBXFileReference; lastKnownFileType = sourcecode.swift; path = HttpRequest.swift; sourceTree = "<group>"; };
/* End PBXFileReference section */

/* Begin PBXGroup section */
		5EE06F742C86254E00032A15 = {
			isa = PBXGroup;
			children = (
				5EE06F7B2C86257200032A15 /* HttpRequest.swift */,
			);
			sourceTree = "<group>";
		};
/* End PBXGroup section */

/* Begin PBXProject section */
		5EE06F752C86254E00032A15 /* Project object */ = {
			isa = PBXProject;
			attributes = {
				BuildIndependentTargetsInParallel = 1;
				LastUpgradeCheck = 1540;
			};
			buildConfigurationList = 5EE06F782C86254E00032A15 /* Build configuration list for PBXProject "Protocol-oriented programming practice network request 2" */;
			compatibilityVersion = "Xcode 14.0";
			developmentRegion = en;
			hasScannedForEncodings = 0;
			knownRegions = (
				en,
				Base,
			);
			mainGroup = 5EE06F742C86254E00032A15;
			projectDirPath = "";
			projectRoot = "";
			targets = (
			);
		};
/* End PBXProject section */

/* Begin XCBuildConfiguration section */
		5EE06F792C86254E00032A15 /* Debug */ = {
			isa = XCBuildConfiguration;
			buildSettings = {
			};
			name = Debug;
		};
		5EE06F7A2C86254E00032A15 /* Release */ = {
			isa = XCBuildConfiguration;
			buildSettings = {
			};
			name = Release;
		};
/* End XCBuildConfiguration section */

/* Begin XCConfigurationList section */
		5EE06F782C86254E00032A15 /* Build configuration list for PBXProject "Protocol-oriented programming practice network request 2" */ = {
			isa = XCConfigurationList;
			buildConfigurations = (
				5EE06F792C86254E00032A15 /* Debug */,
				5EE06F7A2C86254E00032A15 /* Release */,
			);
			defaultConfigurationIsVisible = 0;
			defaultConfigurationName = Release;
		};
/* End XCConfigurationList section */
	};
	rootObject = 5EE06F752C86254E00032A15 /* Project object */;
}
