// !$*UTF8*$!
{
	archiveVersion = 1;
	classes = {
	};
	objectVersion = 77;
	objects = {

/* Begin PBXContainerItemProxy section */
		5E85632D2CB2E4920092FCA2 /* PBXContainerItemProxy */ = {
			isa = PBXContainerItemProxy;
			containerPortal = 5E85630E2CB2E4900092FCA2 /* Project object */;
			proxyType = 1;
			remoteGlobalIDString = 5E8563152CB2E4900092FCA2;
			remoteInfo = "Combine develop a snake game 1";
		};
		5E8563372CB2E4920092FCA2 /* PBXContainerItemProxy */ = {
			isa = PBXContainerItemProxy;
			containerPortal = 5E85630E2CB2E4900092FCA2 /* Project object */;
			proxyType = 1;
			remoteGlobalIDString = 5E8563152CB2E4900092FCA2;
			remoteInfo = "Combine develop a snake game 1";
		};
/* End PBXContainerItemProxy section */

/* Begin PBXFileReference section */
		5E8563162CB2E4900092FCA2 /* Combine develop a snake game 1.app */ = {isa = PBXFileReference; explicitFileType = wrapper.application; includeInIndex = 0; path = "Combine develop a snake game 1.app"; sourceTree = BUILT_PRODUCTS_DIR; };
		5E85632C2CB2E4920092FCA2 /* Combine develop a snake game 1Tests.xctest */ = {isa = PBXFileReference; explicitFileType = wrapper.cfbundle; includeInIndex = 0; path = "Combine develop a snake game 1Tests.xctest"; sourceTree = BUILT_PRODUCTS_DIR; };
		5E8563362CB2E4920092FCA2 /* Combine develop a snake game 1UITests.xctest */ = {isa = PBXFileReference; explicitFileType = wrapper.cfbundle; includeInIndex = 0; path = "Combine develop a snake game 1UITests.xctest"; sourceTree = BUILT_PRODUCTS_DIR; };
/* End PBXFileReference section */

/* Begin PBXFileSystemSynchronizedBuildFileExceptionSet section */
		5E85633E2CB2E4920092FCA2 /* Exceptions for "Combine develop a snake game 1" folder in "Combine develop a snake game 1" target */ = {
			isa = PBXFileSystemSynchronizedBuildFileExceptionSet;
			membershipExceptions = (
				Info.plist,
			);
			target = 5E8563152CB2E4900092FCA2 /* Combine develop a snake game 1 */;
		};
/* End PBXFileSystemSynchronizedBuildFileExceptionSet section */

/* Begin PBXFileSystemSynchronizedRootGroup section */
		5E8563182CB2E4900092FCA2 /* Combine develop a snake game 1 */ = {
			isa = PBXFileSystemSynchronizedRootGroup;
			exceptions = (
				5E85633E2CB2E4920092FCA2 /* Exceptions for "Combine develop a snake game 1" folder in "Combine develop a snake game 1" target */,
			);
			path = "Combine develop a snake game 1";
			sourceTree = "<group>";
		};
		5E85632F2CB2E4920092FCA2 /* Combine develop a snake game 1Tests */ = {
			isa = PBXFileSystemSynchronizedRootGroup;
			path = "Combine develop a snake game 1Tests";
			sourceTree = "<group>";
		};
		5E8563392CB2E4920092FCA2 /* Combine develop a snake game 1UITests */ = {
			isa = PBXFileSystemSynchronizedRootGroup;
			path = "Combine develop a snake game 1UITests";
			sourceTree = "<group>";
		};
/* End PBXFileSystemSynchronizedRootGroup section */

/* Begin PBXFrameworksBuildPhase section */
		5E8563132CB2E4900092FCA2 /* Frameworks */ = {
			isa = PBXFrameworksBuildPhase;
			buildActionMask = 2147483647;
			files = (
			);
			runOnlyForDeploymentPostprocessing = 0;
		};
		5E8563292CB2E4920092FCA2 /* Frameworks */ = {
			isa = PBXFrameworksBuildPhase;
			buildActionMask = 2147483647;
			files = (
			);
			runOnlyForDeploymentPostprocessing = 0;
		};
		5E8563332CB2E4920092FCA2 /* Frameworks */ = {
			isa = PBXFrameworksBuildPhase;
			buildActionMask = 2147483647;
			files = (
			);
			runOnlyForDeploymentPostprocessing = 0;
		};
/* End PBXFrameworksBuildPhase section */

/* Begin PBXGroup section */
		5E85630D2CB2E4900092FCA2 = {
			isa = PBXGroup;
			children = (
				5E8563182CB2E4900092FCA2 /* Combine develop a snake game 1 */,
				5E85632F2CB2E4920092FCA2 /* Combine develop a snake game 1Tests */,
				5E8563392CB2E4920092FCA2 /* Combine develop a snake game 1UITests */,
				5E8563172CB2E4900092FCA2 /* Products */,
			);
			sourceTree = "<group>";
		};
		5E8563172CB2E4900092FCA2 /* Products */ = {
			isa = PBXGroup;
			children = (
				5E8563162CB2E4900092FCA2 /* Combine develop a snake game 1.app */,
				5E85632C2CB2E4920092FCA2 /* Combine develop a snake game 1Tests.xctest */,
				5E8563362CB2E4920092FCA2 /* Combine develop a snake game 1UITests.xctest */,
			);
			name = Products;
			sourceTree = "<group>";
		};
/* End PBXGroup section */

/* Begin PBXNativeTarget section */
		5E8563152CB2E4900092FCA2 /* Combine develop a snake game 1 */ = {
			isa = PBXNativeTarget;
			buildConfigurationList = 5E85633F2CB2E4920092FCA2 /* Build configuration list for PBXNativeTarget "Combine develop a snake game 1" */;
			buildPhases = (
				5E8563122CB2E4900092FCA2 /* Sources */,
				5E8563132CB2E4900092FCA2 /* Frameworks */,
				5E8563142CB2E4900092FCA2 /* Resources */,
			);
			buildRules = (
			);
			dependencies = (
			);
			fileSystemSynchronizedGroups = (
				5E8563182CB2E4900092FCA2 /* Combine develop a snake game 1 */,
			);
			name = "Combine develop a snake game 1";
			packageProductDependencies = (
			);
			productName = "Combine develop a snake game 1";
			productReference = 5E8563162CB2E4900092FCA2 /* Combine develop a snake game 1.app */;
			productType = "com.apple.product-type.application";
		};
		5E85632B2CB2E4920092FCA2 /* Combine develop a snake game 1Tests */ = {
			isa = PBXNativeTarget;
			buildConfigurationList = 5E8563442CB2E4920092FCA2 /* Build configuration list for PBXNativeTarget "Combine develop a snake game 1Tests" */;
			buildPhases = (
				5E8563282CB2E4920092FCA2 /* Sources */,
				5E8563292CB2E4920092FCA2 /* Frameworks */,
				5E85632A2CB2E4920092FCA2 /* Resources */,
			);
			buildRules = (
			);
			dependencies = (
				5E85632E2CB2E4920092FCA2 /* PBXTargetDependency */,
			);
			fileSystemSynchronizedGroups = (
				5E85632F2CB2E4920092FCA2 /* Combine develop a snake game 1Tests */,
			);
			name = "Combine develop a snake game 1Tests";
			packageProductDependencies = (
			);
			productName = "Combine develop a snake game 1Tests";
			productReference = 5E85632C2CB2E4920092FCA2 /* Combine develop a snake game 1Tests.xctest */;
			productType = "com.apple.product-type.bundle.unit-test";
		};
		5E8563352CB2E4920092FCA2 /* Combine develop a snake game 1UITests */ = {
			isa = PBXNativeTarget;
			buildConfigurationList = 5E8563472CB2E4920092FCA2 /* Build configuration list for PBXNativeTarget "Combine develop a snake game 1UITests" */;
			buildPhases = (
				5E8563322CB2E4920092FCA2 /* Sources */,
				5E8563332CB2E4920092FCA2 /* Frameworks */,
				5E8563342CB2E4920092FCA2 /* Resources */,
			);
			buildRules = (
			);
			dependencies = (
				5E8563382CB2E4920092FCA2 /* PBXTargetDependency */,
			);
			fileSystemSynchronizedGroups = (
				5E8563392CB2E4920092FCA2 /* Combine develop a snake game 1UITests */,
			);
			name = "Combine develop a snake game 1UITests";
			packageProductDependencies = (
			);
			productName = "Combine develop a snake game 1UITests";
			productReference = 5E8563362CB2E4920092FCA2 /* Combine develop a snake game 1UITests.xctest */;
			productType = "com.apple.product-type.bundle.ui-testing";
		};
/* End PBXNativeTarget section */

/* Begin PBXProject section */
		5E85630E2CB2E4900092FCA2 /* Project object */ = {
			isa = PBXProject;
			attributes = {
				BuildIndependentTargetsInParallel = 1;
				LastSwiftUpdateCheck = 1600;
				LastUpgradeCheck = 1600;
				TargetAttributes = {
					5E8563152CB2E4900092FCA2 = {
						CreatedOnToolsVersion = 16.0;
					};
					5E85632B2CB2E4920092FCA2 = {
						CreatedOnToolsVersion = 16.0;
						TestTargetID = 5E8563152CB2E4900092FCA2;
					};
					5E8563352CB2E4920092FCA2 = {
						CreatedOnToolsVersion = 16.0;
						TestTargetID = 5E8563152CB2E4900092FCA2;
					};
				};
			};
			buildConfigurationList = 5E8563112CB2E4900092FCA2 /* Build configuration list for PBXProject "Combine develop a snake game 1" */;
			developmentRegion = en;
			hasScannedForEncodings = 0;
			knownRegions = (
				en,
				Base,
			);
			mainGroup = 5E85630D2CB2E4900092FCA2;
			minimizedProjectReferenceProxies = 1;
			preferredProjectObjectVersion = 77;
			productRefGroup = 5E8563172CB2E4900092FCA2 /* Products */;
			projectDirPath = "";
			projectRoot = "";
			targets = (
				5E8563152CB2E4900092FCA2 /* Combine develop a snake game 1 */,
				5E85632B2CB2E4920092FCA2 /* Combine develop a snake game 1Tests */,
				5E8563352CB2E4920092FCA2 /* Combine develop a snake game 1UITests */,
			);
		};
/* End PBXProject section */

/* Begin PBXResourcesBuildPhase section */
		5E8563142CB2E4900092FCA2 /* Resources */ = {
			isa = PBXResourcesBuildPhase;
			buildActionMask = 2147483647;
			files = (
			);
			runOnlyForDeploymentPostprocessing = 0;
		};
		5E85632A2CB2E4920092FCA2 /* Resources */ = {
			isa = PBXResourcesBuildPhase;
			buildActionMask = 2147483647;
			files = (
			);
			runOnlyForDeploymentPostprocessing = 0;
		};
		5E8563342CB2E4920092FCA2 /* Resources */ = {
			isa = PBXResourcesBuildPhase;
			buildActionMask = 2147483647;
			files = (
			);
			runOnlyForDeploymentPostprocessing = 0;
		};
/* End PBXResourcesBuildPhase section */

/* Begin PBXSourcesBuildPhase section */
		5E8563122CB2E4900092FCA2 /* Sources */ = {
			isa = PBXSourcesBuildPhase;
			buildActionMask = 2147483647;
			files = (
			);
			runOnlyForDeploymentPostprocessing = 0;
		};
		5E8563282CB2E4920092FCA2 /* Sources */ = {
			isa = PBXSourcesBuildPhase;
			buildActionMask = 2147483647;
			files = (
			);
			runOnlyForDeploymentPostprocessing = 0;
		};
		5E8563322CB2E4920092FCA2 /* Sources */ = {
			isa = PBXSourcesBuildPhase;
			buildActionMask = 2147483647;
			files = (
			);
			runOnlyForDeploymentPostprocessing = 0;
		};
/* End PBXSourcesBuildPhase section */

/* Begin PBXTargetDependency section */
		5E85632E2CB2E4920092FCA2 /* PBXTargetDependency */ = {
			isa = PBXTargetDependency;
			target = 5E8563152CB2E4900092FCA2 /* Combine develop a snake game 1 */;
			targetProxy = 5E85632D2CB2E4920092FCA2 /* PBXContainerItemProxy */;
		};
		5E8563382CB2E4920092FCA2 /* PBXTargetDependency */ = {
			isa = PBXTargetDependency;
			target = 5E8563152CB2E4900092FCA2 /* Combine develop a snake game 1 */;
			targetProxy = 5E8563372CB2E4920092FCA2 /* PBXContainerItemProxy */;
		};
/* End PBXTargetDependency section */

/* Begin XCBuildConfiguration section */
		5E8563402CB2E4920092FCA2 /* Debug */ = {
			isa = XCBuildConfiguration;
			buildSettings = {
				ASSETCATALOG_COMPILER_APPICON_NAME = AppIcon;
				ASSETCATALOG_COMPILER_GLOBAL_ACCENT_COLOR_NAME = AccentColor;
				CODE_SIGN_STYLE = Automatic;
				CURRENT_PROJECT_VERSION = 1;
				DEVELOPMENT_TEAM = 4N7GUZ7JN7;
				GENERATE_INFOPLIST_FILE = YES;
				INFOPLIST_FILE = "Combine develop a snake game 1/Info.plist";
				INFOPLIST_KEY_UIApplicationSupportsIndirectInputEvents = YES;
				INFOPLIST_KEY_UILaunchStoryboardName = LaunchScreen;
				INFOPLIST_KEY_UIMainStoryboardFile = Main;
				INFOPLIST_KEY_UISupportedInterfaceOrientations_iPad = "UIInterfaceOrientationPortrait UIInterfaceOrientationPortraitUpsideDown UIInterfaceOrientationLandscapeLeft UIInterfaceOrientationLandscapeRight";
				INFOPLIST_KEY_UISupportedInterfaceOrientations_iPhone = "UIInterfaceOrientationPortrait UIInterfaceOrientationLandscapeLeft UIInterfaceOrientationLandscapeRight";
				LD_RUNPATH_SEARCH_PATHS = (
					"$(inherited)",
					"@executable_path/Frameworks",
				);
				MARKETING_VERSION = 1.0;
				PRODUCT_BUNDLE_IDENTIFIER = "com.websitejulio.Combine-develop-a-snake-game-1";
				PRODUCT_NAME = "$(TARGET_NAME)";
				SWIFT_EMIT_LOC_STRINGS = YES;
				SWIFT_VERSION = 5.0;
				TARGETED_DEVICE_FAMILY = "1,2";
			};
			name = Debug;
		};
		5E8563412CB2E4920092FCA2 /* Release */ = {
			isa = XCBuildConfiguration;
			buildSettings = {
				ASSETCATALOG_COMPILER_APPICON_NAME = AppIcon;
				ASSETCATALOG_COMPILER_GLOBAL_ACCENT_COLOR_NAME = AccentColor;
				CODE_SIGN_STYLE = Automatic;
				CURRENT_PROJECT_VERSION = 1;
				DEVELOPMENT_TEAM = 4N7GUZ7JN7;
				GENERATE_INFOPLIST_FILE = YES;
				INFOPLIST_FILE = "Combine develop a snake game 1/Info.plist";
				INFOPLIST_KEY_UIApplicationSupportsIndirectInputEvents = YES;
				INFOPLIST_KEY_UILaunchStoryboardName = LaunchScreen;
				INFOPLIST_KEY_UIMainStoryboardFile = Main;
				INFOPLIST_KEY_UISupportedInterfaceOrientations_iPad = "UIInterfaceOrientationPortrait UIInterfaceOrientationPortraitUpsideDown UIInterfaceOrientationLandscapeLeft UIInterfaceOrientationLandscapeRight";
				INFOPLIST_KEY_UISupportedInterfaceOrientations_iPhone = "UIInterfaceOrientationPortrait UIInterfaceOrientationLandscapeLeft UIInterfaceOrientationLandscapeRight";
				LD_RUNPATH_SEARCH_PATHS = (
					"$(inherited)",
					"@executable_path/Frameworks",
				);
				MARKETING_VERSION = 1.0;
				PRODUCT_BUNDLE_IDENTIFIER = "com.websitejulio.Combine-develop-a-snake-game-1";
				PRODUCT_NAME = "$(TARGET_NAME)";
				SWIFT_EMIT_LOC_STRINGS = YES;
				SWIFT_VERSION = 5.0;
				TARGETED_DEVICE_FAMILY = "1,2";
			};
			name = Release;
		};
		5E8563422CB2E4920092FCA2 /* Debug */ = {
			isa = XCBuildConfiguration;
			buildSettings = {
				ALWAYS_SEARCH_USER_PATHS = NO;
				ASSETCATALOG_COMPILER_GENERATE_SWIFT_ASSET_SYMBOL_EXTENSIONS = YES;
				CLANG_ANALYZER_NONNULL = YES;
				CLANG_ANALYZER_NUMBER_OBJECT_CONVERSION = YES_AGGRESSIVE;
				CLANG_CXX_LANGUAGE_STANDARD = "gnu++20";
				CLANG_ENABLE_MODULES = YES;
				CLANG_ENABLE_OBJC_ARC = YES;
				CLANG_ENABLE_OBJC_WEAK = YES;
				CLANG_WARN_BLOCK_CAPTURE_AUTORELEASING = YES;
				CLANG_WARN_BOOL_CONVERSION = YES;
				CLANG_WARN_COMMA = YES;
				CLANG_WARN_CONSTANT_CONVERSION = YES;
				CLANG_WARN_DEPRECATED_OBJC_IMPLEMENTATIONS = YES;
				CLANG_WARN_DIRECT_OBJC_ISA_USAGE = YES_ERROR;
				CLANG_WARN_DOCUMENTATION_COMMENTS = YES;
				CLANG_WARN_EMPTY_BODY = YES;
				CLANG_WARN_ENUM_CONVERSION = YES;
				CLANG_WARN_INFINITE_RECURSION = YES;
				CLANG_WARN_INT_CONVERSION = YES;
				CLANG_WARN_NON_LITERAL_NULL_CONVERSION = YES;
				CLANG_WARN_OBJC_IMPLICIT_RETAIN_SELF = YES;
				CLANG_WARN_OBJC_LITERAL_CONVERSION = YES;
				CLANG_WARN_OBJC_ROOT_CLASS = YES_ERROR;
				CLANG_WARN_QUOTED_INCLUDE_IN_FRAMEWORK_HEADER = YES;
				CLANG_WARN_RANGE_LOOP_ANALYSIS = YES;
				CLANG_WARN_STRICT_PROTOTYPES = YES;
				CLANG_WARN_SUSPICIOUS_MOVE = YES;
				CLANG_WARN_UNGUARDED_AVAILABILITY = YES_AGGRESSIVE;
				CLANG_WARN_UNREACHABLE_CODE = YES;
				CLANG_WARN__DUPLICATE_METHOD_MATCH = YES;
				COPY_PHASE_STRIP = NO;
				DEBUG_INFORMATION_FORMAT = dwarf;
				ENABLE_STRICT_OBJC_MSGSEND = YES;
				ENABLE_TESTABILITY = YES;
				ENABLE_USER_SCRIPT_SANDBOXING = YES;
				GCC_C_LANGUAGE_STANDARD = gnu17;
				GCC_DYNAMIC_NO_PIC = NO;
				GCC_NO_COMMON_BLOCKS = YES;
				GCC_OPTIMIZATION_LEVEL = 0;
				GCC_PREPROCESSOR_DEFINITIONS = (
					"DEBUG=1",
					"$(inherited)",
				);
				GCC_WARN_64_TO_32_BIT_CONVERSION = YES;
				GCC_WARN_ABOUT_RETURN_TYPE = YES_ERROR;
				GCC_WARN_UNDECLARED_SELECTOR = YES;
				GCC_WARN_UNINITIALIZED_AUTOS = YES_AGGRESSIVE;
				GCC_WARN_UNUSED_FUNCTION = YES;
				GCC_WARN_UNUSED_VARIABLE = YES;
				IPHONEOS_DEPLOYMENT_TARGET = 18.0;
				LOCALIZATION_PREFERS_STRING_CATALOGS = YES;
				MTL_ENABLE_DEBUG_INFO = INCLUDE_SOURCE;
				MTL_FAST_MATH = YES;
				ONLY_ACTIVE_ARCH = YES;
				SDKROOT = iphoneos;
				SWIFT_ACTIVE_COMPILATION_CONDITIONS = "DEBUG $(inherited)";
				SWIFT_OPTIMIZATION_LEVEL = "-Onone";
			};
			name = Debug;
		};
		5E8563432CB2E4920092FCA2 /* Release */ = {
			isa = XCBuildConfiguration;
			buildSettings = {
				ALWAYS_SEARCH_USER_PATHS = NO;
				ASSETCATALOG_COMPILER_GENERATE_SWIFT_ASSET_SYMBOL_EXTENSIONS = YES;
				CLANG_ANALYZER_NONNULL = YES;
				CLANG_ANALYZER_NUMBER_OBJECT_CONVERSION = YES_AGGRESSIVE;
				CLANG_CXX_LANGUAGE_STANDARD = "gnu++20";
				CLANG_ENABLE_MODULES = YES;
				CLANG_ENABLE_OBJC_ARC = YES;
				CLANG_ENABLE_OBJC_WEAK = YES;
				CLANG_WARN_BLOCK_CAPTURE_AUTORELEASING = YES;
				CLANG_WARN_BOOL_CONVERSION = YES;
				CLANG_WARN_COMMA = YES;
				CLANG_WARN_CONSTANT_CONVERSION = YES;
				CLANG_WARN_DEPRECATED_OBJC_IMPLEMENTATIONS = YES;
				CLANG_WARN_DIRECT_OBJC_ISA_USAGE = YES_ERROR;
				CLANG_WARN_DOCUMENTATION_COMMENTS = YES;
				CLANG_WARN_EMPTY_BODY = YES;
				CLANG_WARN_ENUM_CONVERSION = YES;
				CLANG_WARN_INFINITE_RECURSION = YES;
				CLANG_WARN_INT_CONVERSION = YES;
				CLANG_WARN_NON_LITERAL_NULL_CONVERSION = YES;
				CLANG_WARN_OBJC_IMPLICIT_RETAIN_SELF = YES;
				CLANG_WARN_OBJC_LITERAL_CONVERSION = YES;
				CLANG_WARN_OBJC_ROOT_CLASS = YES_ERROR;
				CLANG_WARN_QUOTED_INCLUDE_IN_FRAMEWORK_HEADER = YES;
				CLANG_WARN_RANGE_LOOP_ANALYSIS = YES;
				CLANG_WARN_STRICT_PROTOTYPES = YES;
				CLANG_WARN_SUSPICIOUS_MOVE = YES;
				CLANG_WARN_UNGUARDED_AVAILABILITY = YES_AGGRESSIVE;
				CLANG_WARN_UNREACHABLE_CODE = YES;
				CLANG_WARN__DUPLICATE_METHOD_MATCH = YES;
				COPY_PHASE_STRIP = NO;
				DEBUG_INFORMATION_FORMAT = "dwarf-with-dsym";
				ENABLE_NS_ASSERTIONS = NO;
				ENABLE_STRICT_OBJC_MSGSEND = YES;
				ENABLE_USER_SCRIPT_SANDBOXING = YES;
				GCC_C_LANGUAGE_STANDARD = gnu17;
				GCC_NO_COMMON_BLOCKS = YES;
				GCC_WARN_64_TO_32_BIT_CONVERSION = YES;
				GCC_WARN_ABOUT_RETURN_TYPE = YES_ERROR;
				GCC_WARN_UNDECLARED_SELECTOR = YES;
				GCC_WARN_UNINITIALIZED_AUTOS = YES_AGGRESSIVE;
				GCC_WARN_UNUSED_FUNCTION = YES;
				GCC_WARN_UNUSED_VARIABLE = YES;
				IPHONEOS_DEPLOYMENT_TARGET = 18.0;
				LOCALIZATION_PREFERS_STRING_CATALOGS = YES;
				MTL_ENABLE_DEBUG_INFO = NO;
				MTL_FAST_MATH = YES;
				SDKROOT = iphoneos;
				SWIFT_COMPILATION_MODE = wholemodule;
				VALIDATE_PRODUCT = YES;
			};
			name = Release;
		};
		5E8563452CB2E4920092FCA2 /* Debug */ = {
			isa = XCBuildConfiguration;
			buildSettings = {
				BUNDLE_LOADER = "$(TEST_HOST)";
				CODE_SIGN_STYLE = Automatic;
				CURRENT_PROJECT_VERSION = 1;
				DEVELOPMENT_TEAM = 4N7GUZ7JN7;
				GENERATE_INFOPLIST_FILE = YES;
				IPHONEOS_DEPLOYMENT_TARGET = 18.0;
				MARKETING_VERSION = 1.0;
				PRODUCT_BUNDLE_IDENTIFIER = "com.websitejulio.Combine-develop-a-snake-game-1Tests";
				PRODUCT_NAME = "$(TARGET_NAME)";
				SWIFT_EMIT_LOC_STRINGS = NO;
				SWIFT_VERSION = 5.0;
				TARGETED_DEVICE_FAMILY = "1,2";
				TEST_HOST = "$(BUILT_PRODUCTS_DIR)/Combine develop a snake game 1.app/$(BUNDLE_EXECUTABLE_FOLDER_PATH)/Combine develop a snake game 1";
			};
			name = Debug;
		};
		5E8563462CB2E4920092FCA2 /* Release */ = {
			isa = XCBuildConfiguration;
			buildSettings = {
				BUNDLE_LOADER = "$(TEST_HOST)";
				CODE_SIGN_STYLE = Automatic;
				CURRENT_PROJECT_VERSION = 1;
				DEVELOPMENT_TEAM = 4N7GUZ7JN7;
				GENERATE_INFOPLIST_FILE = YES;
				IPHONEOS_DEPLOYMENT_TARGET = 18.0;
				MARKETING_VERSION = 1.0;
				PRODUCT_BUNDLE_IDENTIFIER = "com.websitejulio.Combine-develop-a-snake-game-1Tests";
				PRODUCT_NAME = "$(TARGET_NAME)";
				SWIFT_EMIT_LOC_STRINGS = NO;
				SWIFT_VERSION = 5.0;
				TARGETED_DEVICE_FAMILY = "1,2";
				TEST_HOST = "$(BUILT_PRODUCTS_DIR)/Combine develop a snake game 1.app/$(BUNDLE_EXECUTABLE_FOLDER_PATH)/Combine develop a snake game 1";
			};
			name = Release;
		};
		5E8563482CB2E4920092FCA2 /* Debug */ = {
			isa = XCBuildConfiguration;
			buildSettings = {
				CODE_SIGN_STYLE = Automatic;
				CURRENT_PROJECT_VERSION = 1;
				DEVELOPMENT_TEAM = 4N7GUZ7JN7;
				GENERATE_INFOPLIST_FILE = YES;
				MARKETING_VERSION = 1.0;
				PRODUCT_BUNDLE_IDENTIFIER = "com.websitejulio.Combine-develop-a-snake-game-1UITests";
				PRODUCT_NAME = "$(TARGET_NAME)";
				SWIFT_EMIT_LOC_STRINGS = NO;
				SWIFT_VERSION = 5.0;
				TARGETED_DEVICE_FAMILY = "1,2";
				TEST_TARGET_NAME = "Combine develop a snake game 1";
			};
			name = Debug;
		};
		5E8563492CB2E4920092FCA2 /* Release */ = {
			isa = XCBuildConfiguration;
			buildSettings = {
				CODE_SIGN_STYLE = Automatic;
				CURRENT_PROJECT_VERSION = 1;
				DEVELOPMENT_TEAM = 4N7GUZ7JN7;
				GENERATE_INFOPLIST_FILE = YES;
				MARKETING_VERSION = 1.0;
				PRODUCT_BUNDLE_IDENTIFIER = "com.websitejulio.Combine-develop-a-snake-game-1UITests";
				PRODUCT_NAME = "$(TARGET_NAME)";
				SWIFT_EMIT_LOC_STRINGS = NO;
				SWIFT_VERSION = 5.0;
				TARGETED_DEVICE_FAMILY = "1,2";
				TEST_TARGET_NAME = "Combine develop a snake game 1";
			};
			name = Release;
		};
/* End XCBuildConfiguration section */

/* Begin XCConfigurationList section */
		5E8563112CB2E4900092FCA2 /* Build configuration list for PBXProject "Combine develop a snake game 1" */ = {
			isa = XCConfigurationList;
			buildConfigurations = (
				5E8563422CB2E4920092FCA2 /* Debug */,
				5E8563432CB2E4920092FCA2 /* Release */,
			);
			defaultConfigurationIsVisible = 0;
			defaultConfigurationName = Release;
		};
		5E85633F2CB2E4920092FCA2 /* Build configuration list for PBXNativeTarget "Combine develop a snake game 1" */ = {
			isa = XCConfigurationList;
			buildConfigurations = (
				5E8563402CB2E4920092FCA2 /* Debug */,
				5E8563412CB2E4920092FCA2 /* Release */,
			);
			defaultConfigurationIsVisible = 0;
			defaultConfigurationName = Release;
		};
		5E8563442CB2E4920092FCA2 /* Build configuration list for PBXNativeTarget "Combine develop a snake game 1Tests" */ = {
			isa = XCConfigurationList;
			buildConfigurations = (
				5E8563452CB2E4920092FCA2 /* Debug */,
				5E8563462CB2E4920092FCA2 /* Release */,
			);
			defaultConfigurationIsVisible = 0;
			defaultConfigurationName = Release;
		};
		5E8563472CB2E4920092FCA2 /* Build configuration list for PBXNativeTarget "Combine develop a snake game 1UITests" */ = {
			isa = XCConfigurationList;
			buildConfigurations = (
				5E8563482CB2E4920092FCA2 /* Debug */,
				5E8563492CB2E4920092FCA2 /* Release */,
			);
			defaultConfigurationIsVisible = 0;
			defaultConfigurationName = Release;
		};
/* End XCConfigurationList section */
	};
	rootObject = 5E85630E2CB2E4900092FCA2 /* Project object */;
}
