// !$*UTF8*$!
{
	archiveVersion = 1;
	classes = {
	};
	objectVersion = 77;
	objects = {

/* Begin PBXContainerItemProxy section */
		5E0012722CBC19E200CD99F8 /* PBXContainerItemProxy */ = {
			isa = PBXContainerItemProxy;
			containerPortal = 5E0012532CBC19E000CD99F8 /* Project object */;
			proxyType = 1;
			remoteGlobalIDString = 5E00125A2CBC19E000CD99F8;
			remoteInfo = "Message passing between objects via delegate";
		};
		5E00127C2CBC19E300CD99F8 /* PBXContainerItemProxy */ = {
			isa = PBXContainerItemProxy;
			containerPortal = 5E0012532CBC19E000CD99F8 /* Project object */;
			proxyType = 1;
			remoteGlobalIDString = 5E00125A2CBC19E000CD99F8;
			remoteInfo = "Message passing between objects via delegate";
		};
/* End PBXContainerItemProxy section */

/* Begin PBXFileReference section */
		5E00125B2CBC19E000CD99F8 /* Message passing between objects via delegate.app */ = {isa = PBXFileReference; explicitFileType = wrapper.application; includeInIndex = 0; path = "Message passing between objects via delegate.app"; sourceTree = BUILT_PRODUCTS_DIR; };
		5E0012712CBC19E200CD99F8 /* Message passing between objects via delegateTests.xctest */ = {isa = PBXFileReference; explicitFileType = wrapper.cfbundle; includeInIndex = 0; path = "Message passing between objects via delegateTests.xctest"; sourceTree = BUILT_PRODUCTS_DIR; };
		5E00127B2CBC19E300CD99F8 /* Message passing between objects via delegateUITests.xctest */ = {isa = PBXFileReference; explicitFileType = wrapper.cfbundle; includeInIndex = 0; path = "Message passing between objects via delegateUITests.xctest"; sourceTree = BUILT_PRODUCTS_DIR; };
/* End PBXFileReference section */

/* Begin PBXFileSystemSynchronizedBuildFileExceptionSet section */
		5E0012832CBC19E300CD99F8 /* Exceptions for "Message passing between objects via delegate" folder in "Message passing between objects via delegate" target */ = {
			isa = PBXFileSystemSynchronizedBuildFileExceptionSet;
			membershipExceptions = (
				Info.plist,
			);
			target = 5E00125A2CBC19E000CD99F8 /* Message passing between objects via delegate */;
		};
/* End PBXFileSystemSynchronizedBuildFileExceptionSet section */

/* Begin PBXFileSystemSynchronizedRootGroup section */
		5E00125D2CBC19E000CD99F8 /* Message passing between objects via delegate */ = {
			isa = PBXFileSystemSynchronizedRootGroup;
			exceptions = (
				5E0012832CBC19E300CD99F8 /* Exceptions for "Message passing between objects via delegate" folder in "Message passing between objects via delegate" target */,
			);
			path = "Message passing between objects via delegate";
			sourceTree = "<group>";
		};
		5E0012742CBC19E200CD99F8 /* Message passing between objects via delegateTests */ = {
			isa = PBXFileSystemSynchronizedRootGroup;
			path = "Message passing between objects via delegateTests";
			sourceTree = "<group>";
		};
		5E00127E2CBC19E300CD99F8 /* Message passing between objects via delegateUITests */ = {
			isa = PBXFileSystemSynchronizedRootGroup;
			path = "Message passing between objects via delegateUITests";
			sourceTree = "<group>";
		};
/* End PBXFileSystemSynchronizedRootGroup section */

/* Begin PBXFrameworksBuildPhase section */
		5E0012582CBC19E000CD99F8 /* Frameworks */ = {
			isa = PBXFrameworksBuildPhase;
			buildActionMask = 2147483647;
			files = (
			);
			runOnlyForDeploymentPostprocessing = 0;
		};
		5E00126E2CBC19E200CD99F8 /* Frameworks */ = {
			isa = PBXFrameworksBuildPhase;
			buildActionMask = 2147483647;
			files = (
			);
			runOnlyForDeploymentPostprocessing = 0;
		};
		5E0012782CBC19E300CD99F8 /* Frameworks */ = {
			isa = PBXFrameworksBuildPhase;
			buildActionMask = 2147483647;
			files = (
			);
			runOnlyForDeploymentPostprocessing = 0;
		};
/* End PBXFrameworksBuildPhase section */

/* Begin PBXGroup section */
		5E0012522CBC19E000CD99F8 = {
			isa = PBXGroup;
			children = (
				5E00125D2CBC19E000CD99F8 /* Message passing between objects via delegate */,
				5E0012742CBC19E200CD99F8 /* Message passing between objects via delegateTests */,
				5E00127E2CBC19E300CD99F8 /* Message passing between objects via delegateUITests */,
				5E00125C2CBC19E000CD99F8 /* Products */,
			);
			sourceTree = "<group>";
		};
		5E00125C2CBC19E000CD99F8 /* Products */ = {
			isa = PBXGroup;
			children = (
				5E00125B2CBC19E000CD99F8 /* Message passing between objects via delegate.app */,
				5E0012712CBC19E200CD99F8 /* Message passing between objects via delegateTests.xctest */,
				5E00127B2CBC19E300CD99F8 /* Message passing between objects via delegateUITests.xctest */,
			);
			name = Products;
			sourceTree = "<group>";
		};
/* End PBXGroup section */

/* Begin PBXNativeTarget section */
		5E00125A2CBC19E000CD99F8 /* Message passing between objects via delegate */ = {
			isa = PBXNativeTarget;
			buildConfigurationList = 5E0012842CBC19E300CD99F8 /* Build configuration list for PBXNativeTarget "Message passing between objects via delegate" */;
			buildPhases = (
				5E0012572CBC19E000CD99F8 /* Sources */,
				5E0012582CBC19E000CD99F8 /* Frameworks */,
				5E0012592CBC19E000CD99F8 /* Resources */,
			);
			buildRules = (
			);
			dependencies = (
			);
			fileSystemSynchronizedGroups = (
				5E00125D2CBC19E000CD99F8 /* Message passing between objects via delegate */,
			);
			name = "Message passing between objects via delegate";
			packageProductDependencies = (
			);
			productName = "Message passing between objects via delegate";
			productReference = 5E00125B2CBC19E000CD99F8 /* Message passing between objects via delegate.app */;
			productType = "com.apple.product-type.application";
		};
		5E0012702CBC19E200CD99F8 /* Message passing between objects via delegateTests */ = {
			isa = PBXNativeTarget;
			buildConfigurationList = 5E0012892CBC19E300CD99F8 /* Build configuration list for PBXNativeTarget "Message passing between objects via delegateTests" */;
			buildPhases = (
				5E00126D2CBC19E200CD99F8 /* Sources */,
				5E00126E2CBC19E200CD99F8 /* Frameworks */,
				5E00126F2CBC19E200CD99F8 /* Resources */,
			);
			buildRules = (
			);
			dependencies = (
				5E0012732CBC19E200CD99F8 /* PBXTargetDependency */,
			);
			fileSystemSynchronizedGroups = (
				5E0012742CBC19E200CD99F8 /* Message passing between objects via delegateTests */,
			);
			name = "Message passing between objects via delegateTests";
			packageProductDependencies = (
			);
			productName = "Message passing between objects via delegateTests";
			productReference = 5E0012712CBC19E200CD99F8 /* Message passing between objects via delegateTests.xctest */;
			productType = "com.apple.product-type.bundle.unit-test";
		};
		5E00127A2CBC19E300CD99F8 /* Message passing between objects via delegateUITests */ = {
			isa = PBXNativeTarget;
			buildConfigurationList = 5E00128C2CBC19E300CD99F8 /* Build configuration list for PBXNativeTarget "Message passing between objects via delegateUITests" */;
			buildPhases = (
				5E0012772CBC19E300CD99F8 /* Sources */,
				5E0012782CBC19E300CD99F8 /* Frameworks */,
				5E0012792CBC19E300CD99F8 /* Resources */,
			);
			buildRules = (
			);
			dependencies = (
				5E00127D2CBC19E300CD99F8 /* PBXTargetDependency */,
			);
			fileSystemSynchronizedGroups = (
				5E00127E2CBC19E300CD99F8 /* Message passing between objects via delegateUITests */,
			);
			name = "Message passing between objects via delegateUITests";
			packageProductDependencies = (
			);
			productName = "Message passing between objects via delegateUITests";
			productReference = 5E00127B2CBC19E300CD99F8 /* Message passing between objects via delegateUITests.xctest */;
			productType = "com.apple.product-type.bundle.ui-testing";
		};
/* End PBXNativeTarget section */

/* Begin PBXProject section */
		5E0012532CBC19E000CD99F8 /* Project object */ = {
			isa = PBXProject;
			attributes = {
				BuildIndependentTargetsInParallel = 1;
				LastSwiftUpdateCheck = 1600;
				LastUpgradeCheck = 1600;
				TargetAttributes = {
					5E00125A2CBC19E000CD99F8 = {
						CreatedOnToolsVersion = 16.0;
					};
					5E0012702CBC19E200CD99F8 = {
						CreatedOnToolsVersion = 16.0;
						TestTargetID = 5E00125A2CBC19E000CD99F8;
					};
					5E00127A2CBC19E300CD99F8 = {
						CreatedOnToolsVersion = 16.0;
						TestTargetID = 5E00125A2CBC19E000CD99F8;
					};
				};
			};
			buildConfigurationList = 5E0012562CBC19E000CD99F8 /* Build configuration list for PBXProject "Message passing between objects via delegate" */;
			developmentRegion = en;
			hasScannedForEncodings = 0;
			knownRegions = (
				en,
				Base,
			);
			mainGroup = 5E0012522CBC19E000CD99F8;
			minimizedProjectReferenceProxies = 1;
			preferredProjectObjectVersion = 77;
			productRefGroup = 5E00125C2CBC19E000CD99F8 /* Products */;
			projectDirPath = "";
			projectRoot = "";
			targets = (
				5E00125A2CBC19E000CD99F8 /* Message passing between objects via delegate */,
				5E0012702CBC19E200CD99F8 /* Message passing between objects via delegateTests */,
				5E00127A2CBC19E300CD99F8 /* Message passing between objects via delegateUITests */,
			);
		};
/* End PBXProject section */

/* Begin PBXResourcesBuildPhase section */
		5E0012592CBC19E000CD99F8 /* Resources */ = {
			isa = PBXResourcesBuildPhase;
			buildActionMask = 2147483647;
			files = (
			);
			runOnlyForDeploymentPostprocessing = 0;
		};
		5E00126F2CBC19E200CD99F8 /* Resources */ = {
			isa = PBXResourcesBuildPhase;
			buildActionMask = 2147483647;
			files = (
			);
			runOnlyForDeploymentPostprocessing = 0;
		};
		5E0012792CBC19E300CD99F8 /* Resources */ = {
			isa = PBXResourcesBuildPhase;
			buildActionMask = 2147483647;
			files = (
			);
			runOnlyForDeploymentPostprocessing = 0;
		};
/* End PBXResourcesBuildPhase section */

/* Begin PBXSourcesBuildPhase section */
		5E0012572CBC19E000CD99F8 /* Sources */ = {
			isa = PBXSourcesBuildPhase;
			buildActionMask = 2147483647;
			files = (
			);
			runOnlyForDeploymentPostprocessing = 0;
		};
		5E00126D2CBC19E200CD99F8 /* Sources */ = {
			isa = PBXSourcesBuildPhase;
			buildActionMask = 2147483647;
			files = (
			);
			runOnlyForDeploymentPostprocessing = 0;
		};
		5E0012772CBC19E300CD99F8 /* Sources */ = {
			isa = PBXSourcesBuildPhase;
			buildActionMask = 2147483647;
			files = (
			);
			runOnlyForDeploymentPostprocessing = 0;
		};
/* End PBXSourcesBuildPhase section */

/* Begin PBXTargetDependency section */
		5E0012732CBC19E200CD99F8 /* PBXTargetDependency */ = {
			isa = PBXTargetDependency;
			target = 5E00125A2CBC19E000CD99F8 /* Message passing between objects via delegate */;
			targetProxy = 5E0012722CBC19E200CD99F8 /* PBXContainerItemProxy */;
		};
		5E00127D2CBC19E300CD99F8 /* PBXTargetDependency */ = {
			isa = PBXTargetDependency;
			target = 5E00125A2CBC19E000CD99F8 /* Message passing between objects via delegate */;
			targetProxy = 5E00127C2CBC19E300CD99F8 /* PBXContainerItemProxy */;
		};
/* End PBXTargetDependency section */

/* Begin XCBuildConfiguration section */
		5E0012852CBC19E300CD99F8 /* Debug */ = {
			isa = XCBuildConfiguration;
			buildSettings = {
				ASSETCATALOG_COMPILER_APPICON_NAME = AppIcon;
				ASSETCATALOG_COMPILER_GLOBAL_ACCENT_COLOR_NAME = AccentColor;
				CODE_SIGN_STYLE = Automatic;
				CURRENT_PROJECT_VERSION = 1;
				DEVELOPMENT_TEAM = 4N7GUZ7JN7;
				GENERATE_INFOPLIST_FILE = YES;
				INFOPLIST_FILE = "Message passing between objects via delegate/Info.plist";
				INFOPLIST_KEY_UIApplicationSupportsIndirectInputEvents = YES;
				INFOPLIST_KEY_UILaunchStoryboardName = LaunchScreen;
				INFOPLIST_KEY_UIMainStoryboardFile = Main;
				INFOPLIST_KEY_UISupportedInterfaceOrientations_iPad = "UIInterfaceOrientationPortrait UIInterfaceOrientationPortraitUpsideDown UIInterfaceOrientationLandscapeLeft UIInterfaceOrientationLandscapeRight";
				INFOPLIST_KEY_UISupportedInterfaceOrientations_iPhone = "UIInterfaceOrientationPortrait UIInterfaceOrientationLandscapeLeft UIInterfaceOrientationLandscapeRight";
				LD_RUNPATH_SEARCH_PATHS = (
					"$(inherited)",
					"@executable_path/Frameworks",
				);
				MARKETING_VERSION = 1.0;
				PRODUCT_BUNDLE_IDENTIFIER = "com.websitejulio.Message-passing-between-objects-via-delegate";
				PRODUCT_NAME = "$(TARGET_NAME)";
				SWIFT_EMIT_LOC_STRINGS = YES;
				SWIFT_VERSION = 5.0;
				TARGETED_DEVICE_FAMILY = "1,2";
			};
			name = Debug;
		};
		5E0012862CBC19E300CD99F8 /* Release */ = {
			isa = XCBuildConfiguration;
			buildSettings = {
				ASSETCATALOG_COMPILER_APPICON_NAME = AppIcon;
				ASSETCATALOG_COMPILER_GLOBAL_ACCENT_COLOR_NAME = AccentColor;
				CODE_SIGN_STYLE = Automatic;
				CURRENT_PROJECT_VERSION = 1;
				DEVELOPMENT_TEAM = 4N7GUZ7JN7;
				GENERATE_INFOPLIST_FILE = YES;
				INFOPLIST_FILE = "Message passing between objects via delegate/Info.plist";
				INFOPLIST_KEY_UIApplicationSupportsIndirectInputEvents = YES;
				INFOPLIST_KEY_UILaunchStoryboardName = LaunchScreen;
				INFOPLIST_KEY_UIMainStoryboardFile = Main;
				INFOPLIST_KEY_UISupportedInterfaceOrientations_iPad = "UIInterfaceOrientationPortrait UIInterfaceOrientationPortraitUpsideDown UIInterfaceOrientationLandscapeLeft UIInterfaceOrientationLandscapeRight";
				INFOPLIST_KEY_UISupportedInterfaceOrientations_iPhone = "UIInterfaceOrientationPortrait UIInterfaceOrientationLandscapeLeft UIInterfaceOrientationLandscapeRight";
				LD_RUNPATH_SEARCH_PATHS = (
					"$(inherited)",
					"@executable_path/Frameworks",
				);
				MARKETING_VERSION = 1.0;
				PRODUCT_BUNDLE_IDENTIFIER = "com.websitejulio.Message-passing-between-objects-via-delegate";
				PRODUCT_NAME = "$(TARGET_NAME)";
				SWIFT_EMIT_LOC_STRINGS = YES;
				SWIFT_VERSION = 5.0;
				TARGETED_DEVICE_FAMILY = "1,2";
			};
			name = Release;
		};
		5E0012872CBC19E300CD99F8 /* Debug */ = {
			isa = XCBuildConfiguration;
			buildSettings = {
				ALWAYS_SEARCH_USER_PATHS = NO;
				ASSETCATALOG_COMPILER_GENERATE_SWIFT_ASSET_SYMBOL_EXTENSIONS = YES;
				CLANG_ANALYZER_NONNULL = YES;
				CLANG_ANALYZER_NUMBER_OBJECT_CONVERSION = YES_AGGRESSIVE;
				CLANG_CXX_LANGUAGE_STANDARD = "gnu++20";
				CLANG_ENABLE_MODULES = YES;
				CLANG_ENABLE_OBJC_ARC = YES;
				CLANG_ENABLE_OBJC_WEAK = YES;
				CLANG_WARN_BLOCK_CAPTURE_AUTORELEASING = YES;
				CLANG_WARN_BOOL_CONVERSION = YES;
				CLANG_WARN_COMMA = YES;
				CLANG_WARN_CONSTANT_CONVERSION = YES;
				CLANG_WARN_DEPRECATED_OBJC_IMPLEMENTATIONS = YES;
				CLANG_WARN_DIRECT_OBJC_ISA_USAGE = YES_ERROR;
				CLANG_WARN_DOCUMENTATION_COMMENTS = YES;
				CLANG_WARN_EMPTY_BODY = YES;
				CLANG_WARN_ENUM_CONVERSION = YES;
				CLANG_WARN_INFINITE_RECURSION = YES;
				CLANG_WARN_INT_CONVERSION = YES;
				CLANG_WARN_NON_LITERAL_NULL_CONVERSION = YES;
				CLANG_WARN_OBJC_IMPLICIT_RETAIN_SELF = YES;
				CLANG_WARN_OBJC_LITERAL_CONVERSION = YES;
				CLANG_WARN_OBJC_ROOT_CLASS = YES_ERROR;
				CLANG_WARN_QUOTED_INCLUDE_IN_FRAMEWORK_HEADER = YES;
				CLANG_WARN_RANGE_LOOP_ANALYSIS = YES;
				CLANG_WARN_STRICT_PROTOTYPES = YES;
				CLANG_WARN_SUSPICIOUS_MOVE = YES;
				CLANG_WARN_UNGUARDED_AVAILABILITY = YES_AGGRESSIVE;
				CLANG_WARN_UNREACHABLE_CODE = YES;
				CLANG_WARN__DUPLICATE_METHOD_MATCH = YES;
				COPY_PHASE_STRIP = NO;
				DEBUG_INFORMATION_FORMAT = dwarf;
				ENABLE_STRICT_OBJC_MSGSEND = YES;
				ENABLE_TESTABILITY = YES;
				ENABLE_USER_SCRIPT_SANDBOXING = YES;
				GCC_C_LANGUAGE_STANDARD = gnu17;
				GCC_DYNAMIC_NO_PIC = NO;
				GCC_NO_COMMON_BLOCKS = YES;
				GCC_OPTIMIZATION_LEVEL = 0;
				GCC_PREPROCESSOR_DEFINITIONS = (
					"DEBUG=1",
					"$(inherited)",
				);
				GCC_WARN_64_TO_32_BIT_CONVERSION = YES;
				GCC_WARN_ABOUT_RETURN_TYPE = YES_ERROR;
				GCC_WARN_UNDECLARED_SELECTOR = YES;
				GCC_WARN_UNINITIALIZED_AUTOS = YES_AGGRESSIVE;
				GCC_WARN_UNUSED_FUNCTION = YES;
				GCC_WARN_UNUSED_VARIABLE = YES;
				IPHONEOS_DEPLOYMENT_TARGET = 18.0;
				LOCALIZATION_PREFERS_STRING_CATALOGS = YES;
				MTL_ENABLE_DEBUG_INFO = INCLUDE_SOURCE;
				MTL_FAST_MATH = YES;
				ONLY_ACTIVE_ARCH = YES;
				SDKROOT = iphoneos;
				SWIFT_ACTIVE_COMPILATION_CONDITIONS = "DEBUG $(inherited)";
				SWIFT_OPTIMIZATION_LEVEL = "-Onone";
			};
			name = Debug;
		};
		5E0012882CBC19E300CD99F8 /* Release */ = {
			isa = XCBuildConfiguration;
			buildSettings = {
				ALWAYS_SEARCH_USER_PATHS = NO;
				ASSETCATALOG_COMPILER_GENERATE_SWIFT_ASSET_SYMBOL_EXTENSIONS = YES;
				CLANG_ANALYZER_NONNULL = YES;
				CLANG_ANALYZER_NUMBER_OBJECT_CONVERSION = YES_AGGRESSIVE;
				CLANG_CXX_LANGUAGE_STANDARD = "gnu++20";
				CLANG_ENABLE_MODULES = YES;
				CLANG_ENABLE_OBJC_ARC = YES;
				CLANG_ENABLE_OBJC_WEAK = YES;
				CLANG_WARN_BLOCK_CAPTURE_AUTORELEASING = YES;
				CLANG_WARN_BOOL_CONVERSION = YES;
				CLANG_WARN_COMMA = YES;
				CLANG_WARN_CONSTANT_CONVERSION = YES;
				CLANG_WARN_DEPRECATED_OBJC_IMPLEMENTATIONS = YES;
				CLANG_WARN_DIRECT_OBJC_ISA_USAGE = YES_ERROR;
				CLANG_WARN_DOCUMENTATION_COMMENTS = YES;
				CLANG_WARN_EMPTY_BODY = YES;
				CLANG_WARN_ENUM_CONVERSION = YES;
				CLANG_WARN_INFINITE_RECURSION = YES;
				CLANG_WARN_INT_CONVERSION = YES;
				CLANG_WARN_NON_LITERAL_NULL_CONVERSION = YES;
				CLANG_WARN_OBJC_IMPLICIT_RETAIN_SELF = YES;
				CLANG_WARN_OBJC_LITERAL_CONVERSION = YES;
				CLANG_WARN_OBJC_ROOT_CLASS = YES_ERROR;
				CLANG_WARN_QUOTED_INCLUDE_IN_FRAMEWORK_HEADER = YES;
				CLANG_WARN_RANGE_LOOP_ANALYSIS = YES;
				CLANG_WARN_STRICT_PROTOTYPES = YES;
				CLANG_WARN_SUSPICIOUS_MOVE = YES;
				CLANG_WARN_UNGUARDED_AVAILABILITY = YES_AGGRESSIVE;
				CLANG_WARN_UNREACHABLE_CODE = YES;
				CLANG_WARN__DUPLICATE_METHOD_MATCH = YES;
				COPY_PHASE_STRIP = NO;
				DEBUG_INFORMATION_FORMAT = "dwarf-with-dsym";
				ENABLE_NS_ASSERTIONS = NO;
				ENABLE_STRICT_OBJC_MSGSEND = YES;
				ENABLE_USER_SCRIPT_SANDBOXING = YES;
				GCC_C_LANGUAGE_STANDARD = gnu17;
				GCC_NO_COMMON_BLOCKS = YES;
				GCC_WARN_64_TO_32_BIT_CONVERSION = YES;
				GCC_WARN_ABOUT_RETURN_TYPE = YES_ERROR;
				GCC_WARN_UNDECLARED_SELECTOR = YES;
				GCC_WARN_UNINITIALIZED_AUTOS = YES_AGGRESSIVE;
				GCC_WARN_UNUSED_FUNCTION = YES;
				GCC_WARN_UNUSED_VARIABLE = YES;
				IPHONEOS_DEPLOYMENT_TARGET = 18.0;
				LOCALIZATION_PREFERS_STRING_CATALOGS = YES;
				MTL_ENABLE_DEBUG_INFO = NO;
				MTL_FAST_MATH = YES;
				SDKROOT = iphoneos;
				SWIFT_COMPILATION_MODE = wholemodule;
				VALIDATE_PRODUCT = YES;
			};
			name = Release;
		};
		5E00128A2CBC19E300CD99F8 /* Debug */ = {
			isa = XCBuildConfiguration;
			buildSettings = {
				BUNDLE_LOADER = "$(TEST_HOST)";
				CODE_SIGN_STYLE = Automatic;
				CURRENT_PROJECT_VERSION = 1;
				DEVELOPMENT_TEAM = 4N7GUZ7JN7;
				GENERATE_INFOPLIST_FILE = YES;
				IPHONEOS_DEPLOYMENT_TARGET = 18.0;
				MARKETING_VERSION = 1.0;
				PRODUCT_BUNDLE_IDENTIFIER = "com.websitejulio.Message-passing-between-objects-via-delegateTests";
				PRODUCT_NAME = "$(TARGET_NAME)";
				SWIFT_EMIT_LOC_STRINGS = NO;
				SWIFT_VERSION = 5.0;
				TARGETED_DEVICE_FAMILY = "1,2";
				TEST_HOST = "$(BUILT_PRODUCTS_DIR)/Message passing between objects via delegate.app/$(BUNDLE_EXECUTABLE_FOLDER_PATH)/Message passing between objects via delegate";
			};
			name = Debug;
		};
		5E00128B2CBC19E300CD99F8 /* Release */ = {
			isa = XCBuildConfiguration;
			buildSettings = {
				BUNDLE_LOADER = "$(TEST_HOST)";
				CODE_SIGN_STYLE = Automatic;
				CURRENT_PROJECT_VERSION = 1;
				DEVELOPMENT_TEAM = 4N7GUZ7JN7;
				GENERATE_INFOPLIST_FILE = YES;
				IPHONEOS_DEPLOYMENT_TARGET = 18.0;
				MARKETING_VERSION = 1.0;
				PRODUCT_BUNDLE_IDENTIFIER = "com.websitejulio.Message-passing-between-objects-via-delegateTests";
				PRODUCT_NAME = "$(TARGET_NAME)";
				SWIFT_EMIT_LOC_STRINGS = NO;
				SWIFT_VERSION = 5.0;
				TARGETED_DEVICE_FAMILY = "1,2";
				TEST_HOST = "$(BUILT_PRODUCTS_DIR)/Message passing between objects via delegate.app/$(BUNDLE_EXECUTABLE_FOLDER_PATH)/Message passing between objects via delegate";
			};
			name = Release;
		};
		5E00128D2CBC19E300CD99F8 /* Debug */ = {
			isa = XCBuildConfiguration;
			buildSettings = {
				CODE_SIGN_STYLE = Automatic;
				CURRENT_PROJECT_VERSION = 1;
				DEVELOPMENT_TEAM = 4N7GUZ7JN7;
				GENERATE_INFOPLIST_FILE = YES;
				MARKETING_VERSION = 1.0;
				PRODUCT_BUNDLE_IDENTIFIER = "com.websitejulio.Message-passing-between-objects-via-delegateUITests";
				PRODUCT_NAME = "$(TARGET_NAME)";
				SWIFT_EMIT_LOC_STRINGS = NO;
				SWIFT_VERSION = 5.0;
				TARGETED_DEVICE_FAMILY = "1,2";
				TEST_TARGET_NAME = "Message passing between objects via delegate";
			};
			name = Debug;
		};
		5E00128E2CBC19E300CD99F8 /* Release */ = {
			isa = XCBuildConfiguration;
			buildSettings = {
				CODE_SIGN_STYLE = Automatic;
				CURRENT_PROJECT_VERSION = 1;
				DEVELOPMENT_TEAM = 4N7GUZ7JN7;
				GENERATE_INFOPLIST_FILE = YES;
				MARKETING_VERSION = 1.0;
				PRODUCT_BUNDLE_IDENTIFIER = "com.websitejulio.Message-passing-between-objects-via-delegateUITests";
				PRODUCT_NAME = "$(TARGET_NAME)";
				SWIFT_EMIT_LOC_STRINGS = NO;
				SWIFT_VERSION = 5.0;
				TARGETED_DEVICE_FAMILY = "1,2";
				TEST_TARGET_NAME = "Message passing between objects via delegate";
			};
			name = Release;
		};
/* End XCBuildConfiguration section */

/* Begin XCConfigurationList section */
		5E0012562CBC19E000CD99F8 /* Build configuration list for PBXProject "Message passing between objects via delegate" */ = {
			isa = XCConfigurationList;
			buildConfigurations = (
				5E0012872CBC19E300CD99F8 /* Debug */,
				5E0012882CBC19E300CD99F8 /* Release */,
			);
			defaultConfigurationIsVisible = 0;
			defaultConfigurationName = Release;
		};
		5E0012842CBC19E300CD99F8 /* Build configuration list for PBXNativeTarget "Message passing between objects via delegate" */ = {
			isa = XCConfigurationList;
			buildConfigurations = (
				5E0012852CBC19E300CD99F8 /* Debug */,
				5E0012862CBC19E300CD99F8 /* Release */,
			);
			defaultConfigurationIsVisible = 0;
			defaultConfigurationName = Release;
		};
		5E0012892CBC19E300CD99F8 /* Build configuration list for PBXNativeTarget "Message passing between objects via delegateTests" */ = {
			isa = XCConfigurationList;
			buildConfigurations = (
				5E00128A2CBC19E300CD99F8 /* Debug */,
				5E00128B2CBC19E300CD99F8 /* Release */,
			);
			defaultConfigurationIsVisible = 0;
			defaultConfigurationName = Release;
		};
		5E00128C2CBC19E300CD99F8 /* Build configuration list for PBXNativeTarget "Message passing between objects via delegateUITests" */ = {
			isa = XCConfigurationList;
			buildConfigurations = (
				5E00128D2CBC19E300CD99F8 /* Debug */,
				5E00128E2CBC19E300CD99F8 /* Release */,
			);
			defaultConfigurationIsVisible = 0;
			defaultConfigurationName = Release;
		};
/* End XCConfigurationList section */
	};
	rootObject = 5E0012532CBC19E000CD99F8 /* Project object */;
}
