// !$*UTF8*$!
{
	archiveVersion = 1;
	classes = {
	};
	objectVersion = 77;
	objects = {

/* Begin PBXContainerItemProxy section */
		5E7AC6CB2CAEEC0C002F911D /* PBXContainerItemProxy */ = {
			isa = PBXContainerItemProxy;
			containerPortal = 5E7AC6AC2CAEEC09002F911D /* Project object */;
			proxyType = 1;
			remoteGlobalIDString = 5E7AC6B32CAEEC09002F911D;
			remoteInfo = "Combine publishing a property with @Published";
		};
		5E7AC6D52CAEEC0C002F911D /* PBXContainerItemProxy */ = {
			isa = PBXContainerItemProxy;
			containerPortal = 5E7AC6AC2CAEEC09002F911D /* Project object */;
			proxyType = 1;
			remoteGlobalIDString = 5E7AC6B32CAEEC09002F911D;
			remoteInfo = "Combine publishing a property with @Published";
		};
/* End PBXContainerItemProxy section */

/* Begin PBXFileReference section */
		5E7AC6B42CAEEC09002F911D /* Combine publishing a property with @Published.app */ = {isa = PBXFileReference; explicitFileType = wrapper.application; includeInIndex = 0; path = "Combine publishing a property with @Published.app"; sourceTree = BUILT_PRODUCTS_DIR; };
		5E7AC6CA2CAEEC0C002F911D /* Combine publishing a property with @PublishedTests.xctest */ = {isa = PBXFileReference; explicitFileType = wrapper.cfbundle; includeInIndex = 0; path = "Combine publishing a property with @PublishedTests.xctest"; sourceTree = BUILT_PRODUCTS_DIR; };
		5E7AC6D42CAEEC0C002F911D /* Combine publishing a property with @PublishedUITests.xctest */ = {isa = PBXFileReference; explicitFileType = wrapper.cfbundle; includeInIndex = 0; path = "Combine publishing a property with @PublishedUITests.xctest"; sourceTree = BUILT_PRODUCTS_DIR; };
/* End PBXFileReference section */

/* Begin PBXFileSystemSynchronizedBuildFileExceptionSet section */
		5E7AC6DC2CAEEC0C002F911D /* Exceptions for "Combine publishing a property with @Published" folder in "Combine publishing a property with @Published" target */ = {
			isa = PBXFileSystemSynchronizedBuildFileExceptionSet;
			membershipExceptions = (
				Info.plist,
			);
			target = 5E7AC6B32CAEEC09002F911D /* Combine publishing a property with @Published */;
		};
/* End PBXFileSystemSynchronizedBuildFileExceptionSet section */

/* Begin PBXFileSystemSynchronizedRootGroup section */
		5E7AC6B62CAEEC09002F911D /* Combine publishing a property with @Published */ = {
			isa = PBXFileSystemSynchronizedRootGroup;
			exceptions = (
				5E7AC6DC2CAEEC0C002F911D /* Exceptions for "Combine publishing a property with @Published" folder in "Combine publishing a property with @Published" target */,
			);
			path = "Combine publishing a property with @Published";
			sourceTree = "<group>";
		};
		5E7AC6CD2CAEEC0C002F911D /* Combine publishing a property with @PublishedTests */ = {
			isa = PBXFileSystemSynchronizedRootGroup;
			path = "Combine publishing a property with @PublishedTests";
			sourceTree = "<group>";
		};
		5E7AC6D72CAEEC0C002F911D /* Combine publishing a property with @PublishedUITests */ = {
			isa = PBXFileSystemSynchronizedRootGroup;
			path = "Combine publishing a property with @PublishedUITests";
			sourceTree = "<group>";
		};
/* End PBXFileSystemSynchronizedRootGroup section */

/* Begin PBXFrameworksBuildPhase section */
		5E7AC6B12CAEEC09002F911D /* Frameworks */ = {
			isa = PBXFrameworksBuildPhase;
			buildActionMask = 2147483647;
			files = (
			);
			runOnlyForDeploymentPostprocessing = 0;
		};
		5E7AC6C72CAEEC0C002F911D /* Frameworks */ = {
			isa = PBXFrameworksBuildPhase;
			buildActionMask = 2147483647;
			files = (
			);
			runOnlyForDeploymentPostprocessing = 0;
		};
		5E7AC6D12CAEEC0C002F911D /* Frameworks */ = {
			isa = PBXFrameworksBuildPhase;
			buildActionMask = 2147483647;
			files = (
			);
			runOnlyForDeploymentPostprocessing = 0;
		};
/* End PBXFrameworksBuildPhase section */

/* Begin PBXGroup section */
		5E7AC6AB2CAEEC09002F911D = {
			isa = PBXGroup;
			children = (
				5E7AC6B62CAEEC09002F911D /* Combine publishing a property with @Published */,
				5E7AC6CD2CAEEC0C002F911D /* Combine publishing a property with @PublishedTests */,
				5E7AC6D72CAEEC0C002F911D /* Combine publishing a property with @PublishedUITests */,
				5E7AC6B52CAEEC09002F911D /* Products */,
			);
			sourceTree = "<group>";
		};
		5E7AC6B52CAEEC09002F911D /* Products */ = {
			isa = PBXGroup;
			children = (
				5E7AC6B42CAEEC09002F911D /* Combine publishing a property with @Published.app */,
				5E7AC6CA2CAEEC0C002F911D /* Combine publishing a property with @PublishedTests.xctest */,
				5E7AC6D42CAEEC0C002F911D /* Combine publishing a property with @PublishedUITests.xctest */,
			);
			name = Products;
			sourceTree = "<group>";
		};
/* End PBXGroup section */

/* Begin PBXNativeTarget section */
		5E7AC6B32CAEEC09002F911D /* Combine publishing a property with @Published */ = {
			isa = PBXNativeTarget;
			buildConfigurationList = 5E7AC6DD2CAEEC0C002F911D /* Build configuration list for PBXNativeTarget "Combine publishing a property with @Published" */;
			buildPhases = (
				5E7AC6B02CAEEC09002F911D /* Sources */,
				5E7AC6B12CAEEC09002F911D /* Frameworks */,
				5E7AC6B22CAEEC09002F911D /* Resources */,
			);
			buildRules = (
			);
			dependencies = (
			);
			fileSystemSynchronizedGroups = (
				5E7AC6B62CAEEC09002F911D /* Combine publishing a property with @Published */,
			);
			name = "Combine publishing a property with @Published";
			packageProductDependencies = (
			);
			productName = "Combine publishing a property with @Published";
			productReference = 5E7AC6B42CAEEC09002F911D /* Combine publishing a property with @Published.app */;
			productType = "com.apple.product-type.application";
		};
		5E7AC6C92CAEEC0C002F911D /* Combine publishing a property with @PublishedTests */ = {
			isa = PBXNativeTarget;
			buildConfigurationList = 5E7AC6E22CAEEC0C002F911D /* Build configuration list for PBXNativeTarget "Combine publishing a property with @PublishedTests" */;
			buildPhases = (
				5E7AC6C62CAEEC0C002F911D /* Sources */,
				5E7AC6C72CAEEC0C002F911D /* Frameworks */,
				5E7AC6C82CAEEC0C002F911D /* Resources */,
			);
			buildRules = (
			);
			dependencies = (
				5E7AC6CC2CAEEC0C002F911D /* PBXTargetDependency */,
			);
			fileSystemSynchronizedGroups = (
				5E7AC6CD2CAEEC0C002F911D /* Combine publishing a property with @PublishedTests */,
			);
			name = "Combine publishing a property with @PublishedTests";
			packageProductDependencies = (
			);
			productName = "Combine publishing a property with @PublishedTests";
			productReference = 5E7AC6CA2CAEEC0C002F911D /* Combine publishing a property with @PublishedTests.xctest */;
			productType = "com.apple.product-type.bundle.unit-test";
		};
		5E7AC6D32CAEEC0C002F911D /* Combine publishing a property with @PublishedUITests */ = {
			isa = PBXNativeTarget;
			buildConfigurationList = 5E7AC6E52CAEEC0C002F911D /* Build configuration list for PBXNativeTarget "Combine publishing a property with @PublishedUITests" */;
			buildPhases = (
				5E7AC6D02CAEEC0C002F911D /* Sources */,
				5E7AC6D12CAEEC0C002F911D /* Frameworks */,
				5E7AC6D22CAEEC0C002F911D /* Resources */,
			);
			buildRules = (
			);
			dependencies = (
				5E7AC6D62CAEEC0C002F911D /* PBXTargetDependency */,
			);
			fileSystemSynchronizedGroups = (
				5E7AC6D72CAEEC0C002F911D /* Combine publishing a property with @PublishedUITests */,
			);
			name = "Combine publishing a property with @PublishedUITests";
			packageProductDependencies = (
			);
			productName = "Combine publishing a property with @PublishedUITests";
			productReference = 5E7AC6D42CAEEC0C002F911D /* Combine publishing a property with @PublishedUITests.xctest */;
			productType = "com.apple.product-type.bundle.ui-testing";
		};
/* End PBXNativeTarget section */

/* Begin PBXProject section */
		5E7AC6AC2CAEEC09002F911D /* Project object */ = {
			isa = PBXProject;
			attributes = {
				BuildIndependentTargetsInParallel = 1;
				LastSwiftUpdateCheck = 1600;
				LastUpgradeCheck = 1600;
				TargetAttributes = {
					5E7AC6B32CAEEC09002F911D = {
						CreatedOnToolsVersion = 16.0;
					};
					5E7AC6C92CAEEC0C002F911D = {
						CreatedOnToolsVersion = 16.0;
						TestTargetID = 5E7AC6B32CAEEC09002F911D;
					};
					5E7AC6D32CAEEC0C002F911D = {
						CreatedOnToolsVersion = 16.0;
						TestTargetID = 5E7AC6B32CAEEC09002F911D;
					};
				};
			};
			buildConfigurationList = 5E7AC6AF2CAEEC09002F911D /* Build configuration list for PBXProject "Combine publishing a property with @Published" */;
			developmentRegion = en;
			hasScannedForEncodings = 0;
			knownRegions = (
				en,
				Base,
			);
			mainGroup = 5E7AC6AB2CAEEC09002F911D;
			minimizedProjectReferenceProxies = 1;
			preferredProjectObjectVersion = 77;
			productRefGroup = 5E7AC6B52CAEEC09002F911D /* Products */;
			projectDirPath = "";
			projectRoot = "";
			targets = (
				5E7AC6B32CAEEC09002F911D /* Combine publishing a property with @Published */,
				5E7AC6C92CAEEC0C002F911D /* Combine publishing a property with @PublishedTests */,
				5E7AC6D32CAEEC0C002F911D /* Combine publishing a property with @PublishedUITests */,
			);
		};
/* End PBXProject section */

/* Begin PBXResourcesBuildPhase section */
		5E7AC6B22CAEEC09002F911D /* Resources */ = {
			isa = PBXResourcesBuildPhase;
			buildActionMask = 2147483647;
			files = (
			);
			runOnlyForDeploymentPostprocessing = 0;
		};
		5E7AC6C82CAEEC0C002F911D /* Resources */ = {
			isa = PBXResourcesBuildPhase;
			buildActionMask = 2147483647;
			files = (
			);
			runOnlyForDeploymentPostprocessing = 0;
		};
		5E7AC6D22CAEEC0C002F911D /* Resources */ = {
			isa = PBXResourcesBuildPhase;
			buildActionMask = 2147483647;
			files = (
			);
			runOnlyForDeploymentPostprocessing = 0;
		};
/* End PBXResourcesBuildPhase section */

/* Begin PBXSourcesBuildPhase section */
		5E7AC6B02CAEEC09002F911D /* Sources */ = {
			isa = PBXSourcesBuildPhase;
			buildActionMask = 2147483647;
			files = (
			);
			runOnlyForDeploymentPostprocessing = 0;
		};
		5E7AC6C62CAEEC0C002F911D /* Sources */ = {
			isa = PBXSourcesBuildPhase;
			buildActionMask = 2147483647;
			files = (
			);
			runOnlyForDeploymentPostprocessing = 0;
		};
		5E7AC6D02CAEEC0C002F911D /* Sources */ = {
			isa = PBXSourcesBuildPhase;
			buildActionMask = 2147483647;
			files = (
			);
			runOnlyForDeploymentPostprocessing = 0;
		};
/* End PBXSourcesBuildPhase section */

/* Begin PBXTargetDependency section */
		5E7AC6CC2CAEEC0C002F911D /* PBXTargetDependency */ = {
			isa = PBXTargetDependency;
			target = 5E7AC6B32CAEEC09002F911D /* Combine publishing a property with @Published */;
			targetProxy = 5E7AC6CB2CAEEC0C002F911D /* PBXContainerItemProxy */;
		};
		5E7AC6D62CAEEC0C002F911D /* PBXTargetDependency */ = {
			isa = PBXTargetDependency;
			target = 5E7AC6B32CAEEC09002F911D /* Combine publishing a property with @Published */;
			targetProxy = 5E7AC6D52CAEEC0C002F911D /* PBXContainerItemProxy */;
		};
/* End PBXTargetDependency section */

/* Begin XCBuildConfiguration section */
		5E7AC6DE2CAEEC0C002F911D /* Debug */ = {
			isa = XCBuildConfiguration;
			buildSettings = {
				ASSETCATALOG_COMPILER_APPICON_NAME = AppIcon;
				ASSETCATALOG_COMPILER_GLOBAL_ACCENT_COLOR_NAME = AccentColor;
				CODE_SIGN_STYLE = Automatic;
				CURRENT_PROJECT_VERSION = 1;
				DEVELOPMENT_TEAM = 4N7GUZ7JN7;
				GENERATE_INFOPLIST_FILE = YES;
				INFOPLIST_FILE = "Combine publishing a property with @Published/Info.plist";
				INFOPLIST_KEY_UIApplicationSupportsIndirectInputEvents = YES;
				INFOPLIST_KEY_UILaunchStoryboardName = LaunchScreen;
				INFOPLIST_KEY_UIMainStoryboardFile = Main;
				INFOPLIST_KEY_UISupportedInterfaceOrientations_iPad = "UIInterfaceOrientationPortrait UIInterfaceOrientationPortraitUpsideDown UIInterfaceOrientationLandscapeLeft UIInterfaceOrientationLandscapeRight";
				INFOPLIST_KEY_UISupportedInterfaceOrientations_iPhone = "UIInterfaceOrientationPortrait UIInterfaceOrientationLandscapeLeft UIInterfaceOrientationLandscapeRight";
				LD_RUNPATH_SEARCH_PATHS = (
					"$(inherited)",
					"@executable_path/Frameworks",
				);
				MARKETING_VERSION = 1.0;
				PRODUCT_BUNDLE_IDENTIFIER = "com.websitejulio.Combine-publishing-a-property-with--Published";
				PRODUCT_NAME = "$(TARGET_NAME)";
				SWIFT_EMIT_LOC_STRINGS = YES;
				SWIFT_VERSION = 5.0;
				TARGETED_DEVICE_FAMILY = "1,2";
			};
			name = Debug;
		};
		5E7AC6DF2CAEEC0C002F911D /* Release */ = {
			isa = XCBuildConfiguration;
			buildSettings = {
				ASSETCATALOG_COMPILER_APPICON_NAME = AppIcon;
				ASSETCATALOG_COMPILER_GLOBAL_ACCENT_COLOR_NAME = AccentColor;
				CODE_SIGN_STYLE = Automatic;
				CURRENT_PROJECT_VERSION = 1;
				DEVELOPMENT_TEAM = 4N7GUZ7JN7;
				GENERATE_INFOPLIST_FILE = YES;
				INFOPLIST_FILE = "Combine publishing a property with @Published/Info.plist";
				INFOPLIST_KEY_UIApplicationSupportsIndirectInputEvents = YES;
				INFOPLIST_KEY_UILaunchStoryboardName = LaunchScreen;
				INFOPLIST_KEY_UIMainStoryboardFile = Main;
				INFOPLIST_KEY_UISupportedInterfaceOrientations_iPad = "UIInterfaceOrientationPortrait UIInterfaceOrientationPortraitUpsideDown UIInterfaceOrientationLandscapeLeft UIInterfaceOrientationLandscapeRight";
				INFOPLIST_KEY_UISupportedInterfaceOrientations_iPhone = "UIInterfaceOrientationPortrait UIInterfaceOrientationLandscapeLeft UIInterfaceOrientationLandscapeRight";
				LD_RUNPATH_SEARCH_PATHS = (
					"$(inherited)",
					"@executable_path/Frameworks",
				);
				MARKETING_VERSION = 1.0;
				PRODUCT_BUNDLE_IDENTIFIER = "com.websitejulio.Combine-publishing-a-property-with--Published";
				PRODUCT_NAME = "$(TARGET_NAME)";
				SWIFT_EMIT_LOC_STRINGS = YES;
				SWIFT_VERSION = 5.0;
				TARGETED_DEVICE_FAMILY = "1,2";
			};
			name = Release;
		};
		5E7AC6E02CAEEC0C002F911D /* Debug */ = {
			isa = XCBuildConfiguration;
			buildSettings = {
				ALWAYS_SEARCH_USER_PATHS = NO;
				ASSETCATALOG_COMPILER_GENERATE_SWIFT_ASSET_SYMBOL_EXTENSIONS = YES;
				CLANG_ANALYZER_NONNULL = YES;
				CLANG_ANALYZER_NUMBER_OBJECT_CONVERSION = YES_AGGRESSIVE;
				CLANG_CXX_LANGUAGE_STANDARD = "gnu++20";
				CLANG_ENABLE_MODULES = YES;
				CLANG_ENABLE_OBJC_ARC = YES;
				CLANG_ENABLE_OBJC_WEAK = YES;
				CLANG_WARN_BLOCK_CAPTURE_AUTORELEASING = YES;
				CLANG_WARN_BOOL_CONVERSION = YES;
				CLANG_WARN_COMMA = YES;
				CLANG_WARN_CONSTANT_CONVERSION = YES;
				CLANG_WARN_DEPRECATED_OBJC_IMPLEMENTATIONS = YES;
				CLANG_WARN_DIRECT_OBJC_ISA_USAGE = YES_ERROR;
				CLANG_WARN_DOCUMENTATION_COMMENTS = YES;
				CLANG_WARN_EMPTY_BODY = YES;
				CLANG_WARN_ENUM_CONVERSION = YES;
				CLANG_WARN_INFINITE_RECURSION = YES;
				CLANG_WARN_INT_CONVERSION = YES;
				CLANG_WARN_NON_LITERAL_NULL_CONVERSION = YES;
				CLANG_WARN_OBJC_IMPLICIT_RETAIN_SELF = YES;
				CLANG_WARN_OBJC_LITERAL_CONVERSION = YES;
				CLANG_WARN_OBJC_ROOT_CLASS = YES_ERROR;
				CLANG_WARN_QUOTED_INCLUDE_IN_FRAMEWORK_HEADER = YES;
				CLANG_WARN_RANGE_LOOP_ANALYSIS = YES;
				CLANG_WARN_STRICT_PROTOTYPES = YES;
				CLANG_WARN_SUSPICIOUS_MOVE = YES;
				CLANG_WARN_UNGUARDED_AVAILABILITY = YES_AGGRESSIVE;
				CLANG_WARN_UNREACHABLE_CODE = YES;
				CLANG_WARN__DUPLICATE_METHOD_MATCH = YES;
				COPY_PHASE_STRIP = NO;
				DEBUG_INFORMATION_FORMAT = dwarf;
				ENABLE_STRICT_OBJC_MSGSEND = YES;
				ENABLE_TESTABILITY = YES;
				ENABLE_USER_SCRIPT_SANDBOXING = YES;
				GCC_C_LANGUAGE_STANDARD = gnu17;
				GCC_DYNAMIC_NO_PIC = NO;
				GCC_NO_COMMON_BLOCKS = YES;
				GCC_OPTIMIZATION_LEVEL = 0;
				GCC_PREPROCESSOR_DEFINITIONS = (
					"DEBUG=1",
					"$(inherited)",
				);
				GCC_WARN_64_TO_32_BIT_CONVERSION = YES;
				GCC_WARN_ABOUT_RETURN_TYPE = YES_ERROR;
				GCC_WARN_UNDECLARED_SELECTOR = YES;
				GCC_WARN_UNINITIALIZED_AUTOS = YES_AGGRESSIVE;
				GCC_WARN_UNUSED_FUNCTION = YES;
				GCC_WARN_UNUSED_VARIABLE = YES;
				IPHONEOS_DEPLOYMENT_TARGET = 18.0;
				LOCALIZATION_PREFERS_STRING_CATALOGS = YES;
				MTL_ENABLE_DEBUG_INFO = INCLUDE_SOURCE;
				MTL_FAST_MATH = YES;
				ONLY_ACTIVE_ARCH = YES;
				SDKROOT = iphoneos;
				SWIFT_ACTIVE_COMPILATION_CONDITIONS = "DEBUG $(inherited)";
				SWIFT_OPTIMIZATION_LEVEL = "-Onone";
			};
			name = Debug;
		};
		5E7AC6E12CAEEC0C002F911D /* Release */ = {
			isa = XCBuildConfiguration;
			buildSettings = {
				ALWAYS_SEARCH_USER_PATHS = NO;
				ASSETCATALOG_COMPILER_GENERATE_SWIFT_ASSET_SYMBOL_EXTENSIONS = YES;
				CLANG_ANALYZER_NONNULL = YES;
				CLANG_ANALYZER_NUMBER_OBJECT_CONVERSION = YES_AGGRESSIVE;
				CLANG_CXX_LANGUAGE_STANDARD = "gnu++20";
				CLANG_ENABLE_MODULES = YES;
				CLANG_ENABLE_OBJC_ARC = YES;
				CLANG_ENABLE_OBJC_WEAK = YES;
				CLANG_WARN_BLOCK_CAPTURE_AUTORELEASING = YES;
				CLANG_WARN_BOOL_CONVERSION = YES;
				CLANG_WARN_COMMA = YES;
				CLANG_WARN_CONSTANT_CONVERSION = YES;
				CLANG_WARN_DEPRECATED_OBJC_IMPLEMENTATIONS = YES;
				CLANG_WARN_DIRECT_OBJC_ISA_USAGE = YES_ERROR;
				CLANG_WARN_DOCUMENTATION_COMMENTS = YES;
				CLANG_WARN_EMPTY_BODY = YES;
				CLANG_WARN_ENUM_CONVERSION = YES;
				CLANG_WARN_INFINITE_RECURSION = YES;
				CLANG_WARN_INT_CONVERSION = YES;
				CLANG_WARN_NON_LITERAL_NULL_CONVERSION = YES;
				CLANG_WARN_OBJC_IMPLICIT_RETAIN_SELF = YES;
				CLANG_WARN_OBJC_LITERAL_CONVERSION = YES;
				CLANG_WARN_OBJC_ROOT_CLASS = YES_ERROR;
				CLANG_WARN_QUOTED_INCLUDE_IN_FRAMEWORK_HEADER = YES;
				CLANG_WARN_RANGE_LOOP_ANALYSIS = YES;
				CLANG_WARN_STRICT_PROTOTYPES = YES;
				CLANG_WARN_SUSPICIOUS_MOVE = YES;
				CLANG_WARN_UNGUARDED_AVAILABILITY = YES_AGGRESSIVE;
				CLANG_WARN_UNREACHABLE_CODE = YES;
				CLANG_WARN__DUPLICATE_METHOD_MATCH = YES;
				COPY_PHASE_STRIP = NO;
				DEBUG_INFORMATION_FORMAT = "dwarf-with-dsym";
				ENABLE_NS_ASSERTIONS = NO;
				ENABLE_STRICT_OBJC_MSGSEND = YES;
				ENABLE_USER_SCRIPT_SANDBOXING = YES;
				GCC_C_LANGUAGE_STANDARD = gnu17;
				GCC_NO_COMMON_BLOCKS = YES;
				GCC_WARN_64_TO_32_BIT_CONVERSION = YES;
				GCC_WARN_ABOUT_RETURN_TYPE = YES_ERROR;
				GCC_WARN_UNDECLARED_SELECTOR = YES;
				GCC_WARN_UNINITIALIZED_AUTOS = YES_AGGRESSIVE;
				GCC_WARN_UNUSED_FUNCTION = YES;
				GCC_WARN_UNUSED_VARIABLE = YES;
				IPHONEOS_DEPLOYMENT_TARGET = 18.0;
				LOCALIZATION_PREFERS_STRING_CATALOGS = YES;
				MTL_ENABLE_DEBUG_INFO = NO;
				MTL_FAST_MATH = YES;
				SDKROOT = iphoneos;
				SWIFT_COMPILATION_MODE = wholemodule;
				VALIDATE_PRODUCT = YES;
			};
			name = Release;
		};
		5E7AC6E32CAEEC0C002F911D /* Debug */ = {
			isa = XCBuildConfiguration;
			buildSettings = {
				BUNDLE_LOADER = "$(TEST_HOST)";
				CODE_SIGN_STYLE = Automatic;
				CURRENT_PROJECT_VERSION = 1;
				DEVELOPMENT_TEAM = 4N7GUZ7JN7;
				GENERATE_INFOPLIST_FILE = YES;
				IPHONEOS_DEPLOYMENT_TARGET = 18.0;
				MARKETING_VERSION = 1.0;
				PRODUCT_BUNDLE_IDENTIFIER = "com.websitejulio.Combine-publishing-a-property-with--PublishedTests";
				PRODUCT_NAME = "$(TARGET_NAME)";
				SWIFT_EMIT_LOC_STRINGS = NO;
				SWIFT_VERSION = 5.0;
				TARGETED_DEVICE_FAMILY = "1,2";
				TEST_HOST = "$(BUILT_PRODUCTS_DIR)/Combine publishing a property with @Published.app/$(BUNDLE_EXECUTABLE_FOLDER_PATH)/Combine publishing a property with @Published";
			};
			name = Debug;
		};
		5E7AC6E42CAEEC0C002F911D /* Release */ = {
			isa = XCBuildConfiguration;
			buildSettings = {
				BUNDLE_LOADER = "$(TEST_HOST)";
				CODE_SIGN_STYLE = Automatic;
				CURRENT_PROJECT_VERSION = 1;
				DEVELOPMENT_TEAM = 4N7GUZ7JN7;
				GENERATE_INFOPLIST_FILE = YES;
				IPHONEOS_DEPLOYMENT_TARGET = 18.0;
				MARKETING_VERSION = 1.0;
				PRODUCT_BUNDLE_IDENTIFIER = "com.websitejulio.Combine-publishing-a-property-with--PublishedTests";
				PRODUCT_NAME = "$(TARGET_NAME)";
				SWIFT_EMIT_LOC_STRINGS = NO;
				SWIFT_VERSION = 5.0;
				TARGETED_DEVICE_FAMILY = "1,2";
				TEST_HOST = "$(BUILT_PRODUCTS_DIR)/Combine publishing a property with @Published.app/$(BUNDLE_EXECUTABLE_FOLDER_PATH)/Combine publishing a property with @Published";
			};
			name = Release;
		};
		5E7AC6E62CAEEC0C002F911D /* Debug */ = {
			isa = XCBuildConfiguration;
			buildSettings = {
				CODE_SIGN_STYLE = Automatic;
				CURRENT_PROJECT_VERSION = 1;
				DEVELOPMENT_TEAM = 4N7GUZ7JN7;
				GENERATE_INFOPLIST_FILE = YES;
				MARKETING_VERSION = 1.0;
				PRODUCT_BUNDLE_IDENTIFIER = "com.websitejulio.Combine-publishing-a-property-with--PublishedUITests";
				PRODUCT_NAME = "$(TARGET_NAME)";
				SWIFT_EMIT_LOC_STRINGS = NO;
				SWIFT_VERSION = 5.0;
				TARGETED_DEVICE_FAMILY = "1,2";
				TEST_TARGET_NAME = "Combine publishing a property with @Published";
			};
			name = Debug;
		};
		5E7AC6E72CAEEC0C002F911D /* Release */ = {
			isa = XCBuildConfiguration;
			buildSettings = {
				CODE_SIGN_STYLE = Automatic;
				CURRENT_PROJECT_VERSION = 1;
				DEVELOPMENT_TEAM = 4N7GUZ7JN7;
				GENERATE_INFOPLIST_FILE = YES;
				MARKETING_VERSION = 1.0;
				PRODUCT_BUNDLE_IDENTIFIER = "com.websitejulio.Combine-publishing-a-property-with--PublishedUITests";
				PRODUCT_NAME = "$(TARGET_NAME)";
				SWIFT_EMIT_LOC_STRINGS = NO;
				SWIFT_VERSION = 5.0;
				TARGETED_DEVICE_FAMILY = "1,2";
				TEST_TARGET_NAME = "Combine publishing a property with @Published";
			};
			name = Release;
		};
/* End XCBuildConfiguration section */

/* Begin XCConfigurationList section */
		5E7AC6AF2CAEEC09002F911D /* Build configuration list for PBXProject "Combine publishing a property with @Published" */ = {
			isa = XCConfigurationList;
			buildConfigurations = (
				5E7AC6E02CAEEC0C002F911D /* Debug */,
				5E7AC6E12CAEEC0C002F911D /* Release */,
			);
			defaultConfigurationIsVisible = 0;
			defaultConfigurationName = Release;
		};
		5E7AC6DD2CAEEC0C002F911D /* Build configuration list for PBXNativeTarget "Combine publishing a property with @Published" */ = {
			isa = XCConfigurationList;
			buildConfigurations = (
				5E7AC6DE2CAEEC0C002F911D /* Debug */,
				5E7AC6DF2CAEEC0C002F911D /* Release */,
			);
			defaultConfigurationIsVisible = 0;
			defaultConfigurationName = Release;
		};
		5E7AC6E22CAEEC0C002F911D /* Build configuration list for PBXNativeTarget "Combine publishing a property with @PublishedTests" */ = {
			isa = XCConfigurationList;
			buildConfigurations = (
				5E7AC6E32CAEEC0C002F911D /* Debug */,
				5E7AC6E42CAEEC0C002F911D /* Release */,
			);
			defaultConfigurationIsVisible = 0;
			defaultConfigurationName = Release;
		};
		5E7AC6E52CAEEC0C002F911D /* Build configuration list for PBXNativeTarget "Combine publishing a property with @PublishedUITests" */ = {
			isa = XCConfigurationList;
			buildConfigurations = (
				5E7AC6E62CAEEC0C002F911D /* Debug */,
				5E7AC6E72CAEEC0C002F911D /* Release */,
			);
			defaultConfigurationIsVisible = 0;
			defaultConfigurationName = Release;
		};
/* End XCConfigurationList section */
	};
	rootObject = 5E7AC6AC2CAEEC09002F911D /* Project object */;
}
